// !$*UTF8*$!
{
	archiveVersion = 1;
	classes = {
	};
	objectVersion = 51;
	objects = {

/* Begin PBXBuildFile section */
		25B3A45914C23254B2A9B604 /* Pods_VeryUsefulToolstoRememberTests.framework in Frameworks */ = {isa = PBXBuildFile; fileRef = 6734CA42C6B473DDCE342EC5 /* Pods_VeryUsefulToolstoRememberTests.framework */; };
		BF007E5726192E3B0042F852 /* NetworkRequestBuilder.swift in Sources */ = {isa = PBXBuildFile; fileRef = BF007E5626192E3B0042F852 /* NetworkRequestBuilder.swift */; };
		BF03B7B1259B6C9A00DF170A /* HomeContentViewTests.swift in Sources */ = {isa = PBXBuildFile; fileRef = BF03B7B0259B6C9A00DF170A /* HomeContentViewTests.swift */; };
		BF03B7B9259B6E8200DF170A /* UsefulToolCellTests.swift in Sources */ = {isa = PBXBuildFile; fileRef = BF03B7B8259B6E8200DF170A /* UsefulToolCellTests.swift */; };
		BF11FE682627639C003A5E66 /* ToolsServices.swift in Sources */ = {isa = PBXBuildFile; fileRef = BF11FE672627639C003A5E66 /* ToolsServices.swift */; };
		BF11FE6C262764CE003A5E66 /* ToolsRequest.swift in Sources */ = {isa = PBXBuildFile; fileRef = BF11FE6B262764CE003A5E66 /* ToolsRequest.swift */; };
		BF11FE71262769F1003A5E66 /* ToolResponseEntity.swift in Sources */ = {isa = PBXBuildFile; fileRef = BF11FE70262769F1003A5E66 /* ToolResponseEntity.swift */; };
		BF145C422594059700BBAA52 /* Strings.swift in Sources */ = {isa = PBXBuildFile; fileRef = BF145C412594059700BBAA52 /* Strings.swift */; };
		BF2317EA260D351300315A5F /* URLSessionProvider.swift in Sources */ = {isa = PBXBuildFile; fileRef = BF2317E9260D351300315A5F /* URLSessionProvider.swift */; };
		BF2317F2260D352D00315A5F /* DefaultNetworkDispatcher.swift in Sources */ = {isa = PBXBuildFile; fileRef = BF2317F1260D352D00315A5F /* DefaultNetworkDispatcher.swift */; };
		BF2317F6260D35A600315A5F /* URLSessionHTTPClient.swift in Sources */ = {isa = PBXBuildFile; fileRef = BF2317F5260D35A600315A5F /* URLSessionHTTPClient.swift */; };
		BF2B97F02602AA6300C7821B /* ErrorView.swift in Sources */ = {isa = PBXBuildFile; fileRef = BF2B97EF2602AA6300C7821B /* ErrorView.swift */; };
		BF2C334526324056000DB066 /* NoEntity.swift in Sources */ = {isa = PBXBuildFile; fileRef = BF2C334426324056000DB066 /* NoEntity.swift */; };
		BF2C9BF425DDB8C300396C74 /* CustomTextField.swift in Sources */ = {isa = PBXBuildFile; fileRef = BF2C9BF325DDB8C300396C74 /* CustomTextField.swift */; };
		BF2C9BFD25DDC09500396C74 /* CustomTextFieldTests.swift in Sources */ = {isa = PBXBuildFile; fileRef = BF2C9BFC25DDC09500396C74 /* CustomTextFieldTests.swift */; };
		BF2C9C0325DDC8D300396C74 /* HomeViewControllerTests.swift in Sources */ = {isa = PBXBuildFile; fileRef = BF2C9C0225DDC8D300396C74 /* HomeViewControllerTests.swift */; };
		BF2C9C1625DDCAA000396C74 /* HomeContentViewSpy.swift in Sources */ = {isa = PBXBuildFile; fileRef = BF2C9C1525DDCAA000396C74 /* HomeContentViewSpy.swift */; };
		BF2F50FC2600291C0078AD62 /* EmptyView.swift in Sources */ = {isa = PBXBuildFile; fileRef = BF2F50FB2600291C0078AD62 /* EmptyView.swift */; };
		BF3140EB25E85EE500D5F766 /* HomeInteractor.swift in Sources */ = {isa = PBXBuildFile; fileRef = BF3140EA25E85EE500D5F766 /* HomeInteractor.swift */; };
		BF3140EF25E85F5100D5F766 /* HomePresenter.swift in Sources */ = {isa = PBXBuildFile; fileRef = BF3140EE25E85F5100D5F766 /* HomePresenter.swift */; };
		BF3140F925E8624800D5F766 /* HomeInteractorDummy.swift in Sources */ = {isa = PBXBuildFile; fileRef = BF3140F825E8624800D5F766 /* HomeInteractorDummy.swift */; };
		BF31606B25FBD7D200FF1804 /* RemoveToolViewControllerTests.swift in Sources */ = {isa = PBXBuildFile; fileRef = BF31606A25FBD7D200FF1804 /* RemoveToolViewControllerTests.swift */; };
		BF35608A262A2197009362A8 /* ToolResponseEntityExtensions.swift in Sources */ = {isa = PBXBuildFile; fileRef = BF356089262A2197009362A8 /* ToolResponseEntityExtensions.swift */; };
		BF3E0CD22625D7E8003A31CF /* DefaultURLProviderTests.swift in Sources */ = {isa = PBXBuildFile; fileRef = BF3E0CD12625D7E8003A31CF /* DefaultURLProviderTests.swift */; };
		BF3E63C62620A3B8008DC5D2 /* URLSessionHTTPClientTests.swift in Sources */ = {isa = PBXBuildFile; fileRef = BF3E63C52620A3B8008DC5D2 /* URLSessionHTTPClientTests.swift */; };
		BF41694226247E8100989DA1 /* DefaultNetworkDispatcherTests.swift in Sources */ = {isa = PBXBuildFile; fileRef = BF41694126247E8100989DA1 /* DefaultNetworkDispatcherTests.swift */; };
		BF4169482624827A00989DA1 /* URLSessionDummy.swift in Sources */ = {isa = PBXBuildFile; fileRef = BF4169472624827A00989DA1 /* URLSessionDummy.swift */; };
		BF41694D262482AF00989DA1 /* URLSessionMock.swift in Sources */ = {isa = PBXBuildFile; fileRef = BF41694C262482AF00989DA1 /* URLSessionMock.swift */; };
		BF4169532624866D00989DA1 /* HTTPClientDummy.swift in Sources */ = {isa = PBXBuildFile; fileRef = BF4169522624866D00989DA1 /* HTTPClientDummy.swift */; };
		BF416957262486A700989DA1 /* HTTPClientMock.swift in Sources */ = {isa = PBXBuildFile; fileRef = BF416956262486A700989DA1 /* HTTPClientMock.swift */; };
		BF4829D7261F7F580096FB78 /* DefaultResponseDecoderTests.swift in Sources */ = {isa = PBXBuildFile; fileRef = BF4829D6261F7F580096FB78 /* DefaultResponseDecoderTests.swift */; };
		BF489FCF25E5A93600F901B8 /* CustomTextView.swift in Sources */ = {isa = PBXBuildFile; fileRef = BF489FCE25E5A93600F901B8 /* CustomTextView.swift */; };
		BF53CB8425ED92190014E967 /* HomeDisplayLogicSpy.swift in Sources */ = {isa = PBXBuildFile; fileRef = BF53CB8325ED92190014E967 /* HomeDisplayLogicSpy.swift */; };
		BF53CB8A25ED92710014E967 /* GetUsefulToolsUseCaseModelsExtensions.swift in Sources */ = {isa = PBXBuildFile; fileRef = BF53CB8925ED92710014E967 /* GetUsefulToolsUseCaseModelsExtensions.swift */; };
		BF53CB9025ED92B00014E967 /* HomeModelsExtensions.swift in Sources */ = {isa = PBXBuildFile; fileRef = BF53CB8F25ED92B00014E967 /* HomeModelsExtensions.swift */; };
		BF53CB9425ED93600014E967 /* HomeInteractorTests.swift in Sources */ = {isa = PBXBuildFile; fileRef = BF53CB9325ED93600014E967 /* HomeInteractorTests.swift */; };
		BF5F98E42593DFEB00E28356 /* AppDelegate.swift in Sources */ = {isa = PBXBuildFile; fileRef = BF5F98E32593DFEB00E28356 /* AppDelegate.swift */; };
		BF5F98ED2593DFF200E28356 /* Assets.xcassets in Resources */ = {isa = PBXBuildFile; fileRef = BF5F98EC2593DFF200E28356 /* Assets.xcassets */; };
		BF5F98F02593DFF200E28356 /* LaunchScreen.storyboard in Resources */ = {isa = PBXBuildFile; fileRef = BF5F98EE2593DFF200E28356 /* LaunchScreen.storyboard */; };
		BF5F99402593F0D600E28356 /* HomeViewController.swift in Sources */ = {isa = PBXBuildFile; fileRef = BF5F993F2593F0D600E28356 /* HomeViewController.swift */; };
		BF5F99462593F0FF00E28356 /* HomeContentView.swift in Sources */ = {isa = PBXBuildFile; fileRef = BF5F99452593F0FF00E28356 /* HomeContentView.swift */; };
		BF5F994C2593F13C00E28356 /* ViewCode.swift in Sources */ = {isa = PBXBuildFile; fileRef = BF5F994B2593F13C00E28356 /* ViewCode.swift */; };
		BF5F99512593F5D400E28356 /* UIView+Autolayout.swift in Sources */ = {isa = PBXBuildFile; fileRef = BF5F99502593F5D400E28356 /* UIView+Autolayout.swift */; };
		BF5F99582593F7AD00E28356 /* SourceSansPro-Regular.ttf in Resources */ = {isa = PBXBuildFile; fileRef = BF5F99562593F7AD00E28356 /* SourceSansPro-Regular.ttf */; };
		BF5F99592593F7AD00E28356 /* SourceSansPro-SemiBold.ttf in Resources */ = {isa = PBXBuildFile; fileRef = BF5F99572593F7AD00E28356 /* SourceSansPro-SemiBold.ttf */; };
		BF6784EF261E580700738F99 /* DefaultRequestBuilderTests.swift in Sources */ = {isa = PBXBuildFile; fileRef = BF6784EE261E580700738F99 /* DefaultRequestBuilderTests.swift */; };
		BF6784F5261E5E5600738F99 /* Constants.swift in Sources */ = {isa = PBXBuildFile; fileRef = BF6784F4261E5E5600738F99 /* Constants.swift */; };
		BF6784F9261E607D00738F99 /* URLProviderDummy.swift in Sources */ = {isa = PBXBuildFile; fileRef = BF6784F8261E607D00738F99 /* URLProviderDummy.swift */; };
		BF6784FD261E609C00738F99 /* URLProviderSpy.swift in Sources */ = {isa = PBXBuildFile; fileRef = BF6784FC261E609C00738F99 /* URLProviderSpy.swift */; };
		BF678501261E60DA00738F99 /* HTTPRequest.swift in Sources */ = {isa = PBXBuildFile; fileRef = BF678500261E60DA00738F99 /* HTTPRequest.swift */; };
		BF69835925EECF6D00603AF0 /* HomePresenterDummy.swift in Sources */ = {isa = PBXBuildFile; fileRef = BF69835825EECF6D00603AF0 /* HomePresenterDummy.swift */; };
		BF69835D25EECF9200603AF0 /* GetUsefulToolsUseCaseDummy.swift in Sources */ = {isa = PBXBuildFile; fileRef = BF69835C25EECF9200603AF0 /* GetUsefulToolsUseCaseDummy.swift */; };
		BF69836125EECFB800603AF0 /* HomePresenterSpy.swift in Sources */ = {isa = PBXBuildFile; fileRef = BF69836025EECFB800603AF0 /* HomePresenterSpy.swift */; };
		BF69836825EECFE700603AF0 /* GetUsefulToolsUseCaseStub.swift in Sources */ = {isa = PBXBuildFile; fileRef = BF69836725EECFE700603AF0 /* GetUsefulToolsUseCaseStub.swift */; };
		BF69836E25EEDA9700603AF0 /* HomeInteractorSpy.swift in Sources */ = {isa = PBXBuildFile; fileRef = BF69836D25EEDA9700603AF0 /* HomeInteractorSpy.swift */; };
		BF6A74BB2617B4B800155DF5 /* URLParameters.swift in Sources */ = {isa = PBXBuildFile; fileRef = BF6A74BA2617B4B800155DF5 /* URLParameters.swift */; };
		BF6A74BF2617B5E300155DF5 /* HTTPBody.swift in Sources */ = {isa = PBXBuildFile; fileRef = BF6A74BE2617B5E300155DF5 /* HTTPBody.swift */; };
		BF764A1925F84A820096C623 /* RemoveToolRouter.swift in Sources */ = {isa = PBXBuildFile; fileRef = BF764A1825F84A820096C623 /* RemoveToolRouter.swift */; };
		BF764A2225F84C110096C623 /* RemoveToolPresenter.swift in Sources */ = {isa = PBXBuildFile; fileRef = BF764A2125F84C110096C623 /* RemoveToolPresenter.swift */; };
		BF764A2625F84CDD0096C623 /* RemoveToolInteractor.swift in Sources */ = {isa = PBXBuildFile; fileRef = BF764A2525F84CDD0096C623 /* RemoveToolInteractor.swift */; };
		BF764A2A25F84DA70096C623 /* RemoveToolConfigurator.swift in Sources */ = {isa = PBXBuildFile; fileRef = BF764A2925F84DA70096C623 /* RemoveToolConfigurator.swift */; };
		BF7CFC692609433600D977F0 /* XCTestCase+MemoryLeakTracking.swift in Sources */ = {isa = PBXBuildFile; fileRef = BF7CFC682609433500D977F0 /* XCTestCase+MemoryLeakTracking.swift */; };
		BF7EB24725ED861F004EA9AD /* GetUsefulToolsUseCase.swift in Sources */ = {isa = PBXBuildFile; fileRef = BF7EB24625ED861F004EA9AD /* GetUsefulToolsUseCase.swift */; };
		BF7EB24E25ED8911004EA9AD /* GetUsefulToolsUseCaseModels.swift in Sources */ = {isa = PBXBuildFile; fileRef = BF7EB24D25ED8911004EA9AD /* GetUsefulToolsUseCaseModels.swift */; };
		BF7EB25425ED8EA3004EA9AD /* HomePresenterTests.swift in Sources */ = {isa = PBXBuildFile; fileRef = BF7EB25325ED8EA3004EA9AD /* HomePresenterTests.swift */; };
		BF7EB25825ED90CF004EA9AD /* HomeDisplayLogicDummy.swift in Sources */ = {isa = PBXBuildFile; fileRef = BF7EB25725ED90CF004EA9AD /* HomeDisplayLogicDummy.swift */; };
		BF8778FC261B5880001E22A9 /* DefaultRequestBuilder.swift in Sources */ = {isa = PBXBuildFile; fileRef = BF8778FB261B5880001E22A9 /* DefaultRequestBuilder.swift */; };
		BF877900261B5AB3001E22A9 /* NetworkConfiguration.swift in Sources */ = {isa = PBXBuildFile; fileRef = BF8778FF261B5AB3001E22A9 /* NetworkConfiguration.swift */; };
		BF8D067325E05B5F0045EAFE /* UIButton+Layout.swift in Sources */ = {isa = PBXBuildFile; fileRef = BF8D067225E05B5F0045EAFE /* UIButton+Layout.swift */; };
		BF8D067725E05BDA0045EAFE /* ButtonLayoutStyles.swift in Sources */ = {isa = PBXBuildFile; fileRef = BF8D067625E05BDA0045EAFE /* ButtonLayoutStyles.swift */; };
		BF8D067B25E0600E0045EAFE /* LayoutableButton.swift in Sources */ = {isa = PBXBuildFile; fileRef = BF8D067A25E0600E0045EAFE /* LayoutableButton.swift */; };
		BF92A2B8261542510026DD33 /* BaseURL.swift in Sources */ = {isa = PBXBuildFile; fileRef = BF92A2B7261542510026DD33 /* BaseURL.swift */; };
		BF92A2BC2615430D0026DD33 /* URLProvider.swift in Sources */ = {isa = PBXBuildFile; fileRef = BF92A2BB2615430D0026DD33 /* URLProvider.swift */; };
		BF93DEC62601515A00BBA060 /* EmptyTableViewCell.swift in Sources */ = {isa = PBXBuildFile; fileRef = BF93DEC52601515A00BBA060 /* EmptyTableViewCell.swift */; };
		BF9A5FF12593F84000BBE399 /* UIFontExtensions.swift in Sources */ = {isa = PBXBuildFile; fileRef = BF9A5FF02593F84000BBE399 /* UIFontExtensions.swift */; };
		BF9A5FF72593F8B100BBE399 /* Metrics.swift in Sources */ = {isa = PBXBuildFile; fileRef = BF9A5FF62593F8B100BBE399 /* Metrics.swift */; };
		BF9A5FFF2593FC5700BBE399 /* UINavigationBarExtensions.swift in Sources */ = {isa = PBXBuildFile; fileRef = BF9A5FFE2593FC5700BBE399 /* UINavigationBarExtensions.swift */; };
		BF9A60142594029600BBE399 /* Localizable.strings in Resources */ = {isa = PBXBuildFile; fileRef = BF9A60162594029600BBE399 /* Localizable.strings */; };
		BFA3250F259A30CE007BF348 /* UsefulToolCell.swift in Sources */ = {isa = PBXBuildFile; fileRef = BFA3250E259A30CE007BF348 /* UsefulToolCell.swift */; };
		BFA32515259A310D007BF348 /* CustomLoadingView.swift in Sources */ = {isa = PBXBuildFile; fileRef = BFA32514259A310D007BF348 /* CustomLoadingView.swift */; };
		BFA3251A259A3138007BF348 /* CustomLoadingTableViewCell.swift in Sources */ = {isa = PBXBuildFile; fileRef = BFA32519259A3138007BF348 /* CustomLoadingTableViewCell.swift */; };
		BFA32527259A31A0007BF348 /* NSObjectExtensions.swift in Sources */ = {isa = PBXBuildFile; fileRef = BFA32526259A31A0007BF348 /* NSObjectExtensions.swift */; };
		BFA3252C259A321D007BF348 /* UITableViewExtensions.swift in Sources */ = {isa = PBXBuildFile; fileRef = BFA3252B259A321D007BF348 /* UITableViewExtensions.swift */; };
		BFA32531259A64AA007BF348 /* UIColorExtensions.swift in Sources */ = {isa = PBXBuildFile; fileRef = BFA32530259A64AA007BF348 /* UIColorExtensions.swift */; };
		BFA32536259A6652007BF348 /* HomeModels.swift in Sources */ = {isa = PBXBuildFile; fileRef = BFA32535259A6652007BF348 /* HomeModels.swift */; };
		BFA3253B259A6B12007BF348 /* UIViewExtensions.swift in Sources */ = {isa = PBXBuildFile; fileRef = BFA3253A259A6B12007BF348 /* UIViewExtensions.swift */; };
		BFAA914825E5AF3B00C9936D /* AddNewToolContentViewTests.swift in Sources */ = {isa = PBXBuildFile; fileRef = BFAA914725E5AF3B00C9936D /* AddNewToolContentViewTests.swift */; };
		BFAA915025E5B37400C9936D /* CustomTextViewTests.swift in Sources */ = {isa = PBXBuildFile; fileRef = BFAA914F25E5B37400C9936D /* CustomTextViewTests.swift */; };
		BFAA915425E5B45300C9936D /* AddNewToolRouter.swift in Sources */ = {isa = PBXBuildFile; fileRef = BFAA915325E5B45300C9936D /* AddNewToolRouter.swift */; };
		BFAA915825E5B5D500C9936D /* AddNewToolConfigurator.swift in Sources */ = {isa = PBXBuildFile; fileRef = BFAA915725E5B5D500C9936D /* AddNewToolConfigurator.swift */; };
		BFAA915C25E5B74F00C9936D /* HomeRouterTests.swift in Sources */ = {isa = PBXBuildFile; fileRef = BFAA915B25E5B74F00C9936D /* HomeRouterTests.swift */; };
		BFAA916025E5B83100C9936D /* UIViewControllerSpy.swift in Sources */ = {isa = PBXBuildFile; fileRef = BFAA915F25E5B83100C9936D /* UIViewControllerSpy.swift */; };
		BFAA916425E5BB1300C9936D /* AddNewToolConfiguratorTests.swift in Sources */ = {isa = PBXBuildFile; fileRef = BFAA916325E5BB1300C9936D /* AddNewToolConfiguratorTests.swift */; };
		BFAA916825E5BB6E00C9936D /* AddNewToolRouterTests.swift in Sources */ = {isa = PBXBuildFile; fileRef = BFAA916725E5BB6E00C9936D /* AddNewToolRouterTests.swift */; };
		BFAA916C25E5BC2800C9936D /* AddNewToolViewControllerTests.swift in Sources */ = {isa = PBXBuildFile; fileRef = BFAA916B25E5BC2800C9936D /* AddNewToolViewControllerTests.swift */; };
		BFAA917125E5BD0E00C9936D /* AddNewToolRouterDummy.swift in Sources */ = {isa = PBXBuildFile; fileRef = BFAA917025E5BD0E00C9936D /* AddNewToolRouterDummy.swift */; };
		BFAA917825E5BE3D00C9936D /* AddNewToolRouterSpy.swift in Sources */ = {isa = PBXBuildFile; fileRef = BFAA917725E5BE3D00C9936D /* AddNewToolRouterSpy.swift */; };
		BFAA918725E6CA1200C9936D /* AlignedCollectionViewFlowLayout.swift in Sources */ = {isa = PBXBuildFile; fileRef = BFAA918625E6CA1200C9936D /* AlignedCollectionViewFlowLayout.swift */; };
		BFAA918D25E6CDA300C9936D /* TagCell.swift in Sources */ = {isa = PBXBuildFile; fileRef = BFAA918C25E6CDA300C9936D /* TagCell.swift */; };
		BFAA919125E6CF7B00C9936D /* UICollectionViewExtensions.swift in Sources */ = {isa = PBXBuildFile; fileRef = BFAA919025E6CF7B00C9936D /* UICollectionViewExtensions.swift */; };
		BFB1048F26126C8300AA4307 /* NetworkResponseDecoder.swift in Sources */ = {isa = PBXBuildFile; fileRef = BFB1048E26126C8300AA4307 /* NetworkResponseDecoder.swift */; };
		BFB1049326126D2500AA4307 /* DefaultResponseDecoder.swift in Sources */ = {isa = PBXBuildFile; fileRef = BFB1049226126D2500AA4307 /* DefaultResponseDecoder.swift */; };
		BFD277B925F6BD1C004016C8 /* RemoveToolViewController.swift in Sources */ = {isa = PBXBuildFile; fileRef = BFD277B825F6BD1B004016C8 /* RemoveToolViewController.swift */; };
		BFD277BE25F6BD59004016C8 /* RemoveToolContentView.swift in Sources */ = {isa = PBXBuildFile; fileRef = BFD277BD25F6BD59004016C8 /* RemoveToolContentView.swift */; };
		BFD277C625F6C73D004016C8 /* RemoveToolContentViewTests.swift in Sources */ = {isa = PBXBuildFile; fileRef = BFD277C525F6C73D004016C8 /* RemoveToolContentViewTests.swift */; };
		BFDAAE412603F5F400E67F81 /* ErrorTableViewCell.swift in Sources */ = {isa = PBXBuildFile; fileRef = BFDAAE402603F5F400E67F81 /* ErrorTableViewCell.swift */; };
		BFDB6E202613CDDB00AA0759 /* HTTPMethod.swift in Sources */ = {isa = PBXBuildFile; fileRef = BFDB6E1F2613CDDB00AA0759 /* HTTPMethod.swift */; };
		BFE8ADFF25DF049F006ED5CA /* AddNewToolViewController.swift in Sources */ = {isa = PBXBuildFile; fileRef = BFE8ADFE25DF049F006ED5CA /* AddNewToolViewController.swift */; };
		BFE8AE0625DF04D2006ED5CA /* AddNewToolContentView.swift in Sources */ = {isa = PBXBuildFile; fileRef = BFE8AE0525DF04D2006ED5CA /* AddNewToolContentView.swift */; };
		BFE8AE0A25DF10A0006ED5CA /* HomeRouter.swift in Sources */ = {isa = PBXBuildFile; fileRef = BFE8AE0925DF10A0006ED5CA /* HomeRouter.swift */; };
		BFE8AE0E25DF11DF006ED5CA /* HomeConfigurator.swift in Sources */ = {isa = PBXBuildFile; fileRef = BFE8AE0D25DF11DF006ED5CA /* HomeConfigurator.swift */; };
		BFE8AE1525DF1366006ED5CA /* HomeRouterDummy.swift in Sources */ = {isa = PBXBuildFile; fileRef = BFE8AE1425DF1366006ED5CA /* HomeRouterDummy.swift */; };
		BFE8AE1B25DF143C006ED5CA /* HomeConfiguratorTests.swift in Sources */ = {isa = PBXBuildFile; fileRef = BFE8AE1A25DF143C006ED5CA /* HomeConfiguratorTests.swift */; };
		BFE8AE2025DF14EA006ED5CA /* MirrorExtensions.swift in Sources */ = {isa = PBXBuildFile; fileRef = BFE8AE1F25DF14EA006ED5CA /* MirrorExtensions.swift */; };
		BFE8AE2625DF1620006ED5CA /* HomeRouterSpy.swift in Sources */ = {isa = PBXBuildFile; fileRef = BFE8AE2525DF1620006ED5CA /* HomeRouterSpy.swift */; };
		BFEAF157260BE8D800B29F04 /* Status.swift in Sources */ = {isa = PBXBuildFile; fileRef = BFEAF156260BE8D800B29F04 /* Status.swift */; };
		BFEAF15D260BE97C00B29F04 /* NetworkResponse.swift in Sources */ = {isa = PBXBuildFile; fileRef = BFEAF15C260BE97C00B29F04 /* NetworkResponse.swift */; };
		BFEAF162260BEA9D00B29F04 /* NetworkError.swift in Sources */ = {isa = PBXBuildFile; fileRef = BFEAF161260BEA9D00B29F04 /* NetworkError.swift */; };
		BFEAF167260BEBC700B29F04 /* NetworkDispatcher.swift in Sources */ = {isa = PBXBuildFile; fileRef = BFEAF166260BEBC700B29F04 /* NetworkDispatcher.swift */; };
		BFEAF16D260BEC6C00B29F04 /* NetworkRequest.swift in Sources */ = {isa = PBXBuildFile; fileRef = BFEAF16C260BEC6C00B29F04 /* NetworkRequest.swift */; };
		BFF5AF4E259BEEC400BA97A5 /* UIImageExtensions.swift in Sources */ = {isa = PBXBuildFile; fileRef = BFF5AF4D259BEEC400BA97A5 /* UIImageExtensions.swift */; };
		BFFDFDE02628DD270039B4EB /* ToolsServicesTests.swift in Sources */ = {isa = PBXBuildFile; fileRef = BFFDFDDF2628DD270039B4EB /* ToolsServicesTests.swift */; };
		BFFDFDE62628E2570039B4EB /* NetworkDispatcherDummy.swift in Sources */ = {isa = PBXBuildFile; fileRef = BFFDFDE52628E2570039B4EB /* NetworkDispatcherDummy.swift */; };
		BFFDFDEA2628E2820039B4EB /* NetworkDispatcherMock.swift in Sources */ = {isa = PBXBuildFile; fileRef = BFFDFDE92628E2820039B4EB /* NetworkDispatcherMock.swift */; };
		BFFFA87525F96CAE000BC298 /* RemoveToolRouterTests.swift in Sources */ = {isa = PBXBuildFile; fileRef = BFFFA87425F96CAE000BC298 /* RemoveToolRouterTests.swift */; };
		BFFFA87925F96DB4000BC298 /* RemoveToolConfiguratorTests.swift in Sources */ = {isa = PBXBuildFile; fileRef = BFFFA87825F96DB4000BC298 /* RemoveToolConfiguratorTests.swift */; };
		BFFFA87D25F972A9000BC298 /* RemoveToolInteractorTests.swift in Sources */ = {isa = PBXBuildFile; fileRef = BFFFA87C25F972A9000BC298 /* RemoveToolInteractorTests.swift */; };
		BFFFA88225F97685000BC298 /* RemoveToolPresenterDummy.swift in Sources */ = {isa = PBXBuildFile; fileRef = BFFFA88125F97685000BC298 /* RemoveToolPresenterDummy.swift */; };
		BFFFA88925F976BC000BC298 /* RemoveToolPresenterSpy.swift in Sources */ = {isa = PBXBuildFile; fileRef = BFFFA88825F976BC000BC298 /* RemoveToolPresenterSpy.swift */; };
		BFFFA89025F97784000BC298 /* RemoveToolSceneParametersExtensions.swift in Sources */ = {isa = PBXBuildFile; fileRef = BFFFA88F25F97784000BC298 /* RemoveToolSceneParametersExtensions.swift */; };
		BFFFA89625F978E5000BC298 /* RemoveToolPresenterTests.swift in Sources */ = {isa = PBXBuildFile; fileRef = BFFFA89525F978E5000BC298 /* RemoveToolPresenterTests.swift */; };
		BFFFA89A25F97A54000BC298 /* RemoveToolDisplayLogicDummy.swift in Sources */ = {isa = PBXBuildFile; fileRef = BFFFA89925F97A54000BC298 /* RemoveToolDisplayLogicDummy.swift */; };
		BFFFA89E25F97ACE000BC298 /* RemoveToolDisplayLogicSpy.swift in Sources */ = {isa = PBXBuildFile; fileRef = BFFFA89D25F97ACE000BC298 /* RemoveToolDisplayLogicSpy.swift */; };
		C4D200EC7614BAC4B658BD3E /* Pods_VeryUsefulToolstoRemember.framework in Frameworks */ = {isa = PBXBuildFile; fileRef = BD681DD0B73507D55DEF884A /* Pods_VeryUsefulToolstoRemember.framework */; };
/* End PBXBuildFile section */

/* Begin PBXContainerItemProxy section */
		BF5F98F72593DFF200E28356 /* PBXContainerItemProxy */ = {
			isa = PBXContainerItemProxy;
			containerPortal = BF5F98D82593DFEB00E28356 /* Project object */;
			proxyType = 1;
			remoteGlobalIDString = BF5F98DF2593DFEB00E28356;
			remoteInfo = VeryUsefulToolstoRemember;
		};
/* End PBXContainerItemProxy section */

/* Begin PBXFileReference section */
		15C4DB8D4EC186AF794EB4F3 /* Pods-VeryUsefulToolstoRememberTests.release.xcconfig */ = {isa = PBXFileReference; includeInIndex = 1; lastKnownFileType = text.xcconfig; name = "Pods-VeryUsefulToolstoRememberTests.release.xcconfig"; path = "Target Support Files/Pods-VeryUsefulToolstoRememberTests/Pods-VeryUsefulToolstoRememberTests.release.xcconfig"; sourceTree = "<group>"; };
		6734CA42C6B473DDCE342EC5 /* Pods_VeryUsefulToolstoRememberTests.framework */ = {isa = PBXFileReference; explicitFileType = wrapper.framework; includeInIndex = 0; path = Pods_VeryUsefulToolstoRememberTests.framework; sourceTree = BUILT_PRODUCTS_DIR; };
		8B7A3B9CE9E37CFBA77BE35D /* Pods-VeryUsefulToolstoRemember.debug.xcconfig */ = {isa = PBXFileReference; includeInIndex = 1; lastKnownFileType = text.xcconfig; name = "Pods-VeryUsefulToolstoRemember.debug.xcconfig"; path = "Target Support Files/Pods-VeryUsefulToolstoRemember/Pods-VeryUsefulToolstoRemember.debug.xcconfig"; sourceTree = "<group>"; };
		BD681DD0B73507D55DEF884A /* Pods_VeryUsefulToolstoRemember.framework */ = {isa = PBXFileReference; explicitFileType = wrapper.framework; includeInIndex = 0; path = Pods_VeryUsefulToolstoRemember.framework; sourceTree = BUILT_PRODUCTS_DIR; };
		BF007E5626192E3B0042F852 /* NetworkRequestBuilder.swift */ = {isa = PBXFileReference; lastKnownFileType = sourcecode.swift; path = NetworkRequestBuilder.swift; sourceTree = "<group>"; };
		BF03B7B0259B6C9A00DF170A /* HomeContentViewTests.swift */ = {isa = PBXFileReference; lastKnownFileType = sourcecode.swift; path = HomeContentViewTests.swift; sourceTree = "<group>"; };
		BF03B7B8259B6E8200DF170A /* UsefulToolCellTests.swift */ = {isa = PBXFileReference; lastKnownFileType = sourcecode.swift; path = UsefulToolCellTests.swift; sourceTree = "<group>"; };
		BF11FE672627639C003A5E66 /* ToolsServices.swift */ = {isa = PBXFileReference; lastKnownFileType = sourcecode.swift; path = ToolsServices.swift; sourceTree = "<group>"; };
		BF11FE6B262764CE003A5E66 /* ToolsRequest.swift */ = {isa = PBXFileReference; lastKnownFileType = sourcecode.swift; path = ToolsRequest.swift; sourceTree = "<group>"; };
		BF11FE70262769F1003A5E66 /* ToolResponseEntity.swift */ = {isa = PBXFileReference; lastKnownFileType = sourcecode.swift; path = ToolResponseEntity.swift; sourceTree = "<group>"; };
		BF145C412594059700BBAA52 /* Strings.swift */ = {isa = PBXFileReference; fileEncoding = 4; lastKnownFileType = sourcecode.swift; path = Strings.swift; sourceTree = "<group>"; };
		BF2317E9260D351300315A5F /* URLSessionProvider.swift */ = {isa = PBXFileReference; lastKnownFileType = sourcecode.swift; path = URLSessionProvider.swift; sourceTree = "<group>"; };
		BF2317F1260D352D00315A5F /* DefaultNetworkDispatcher.swift */ = {isa = PBXFileReference; lastKnownFileType = sourcecode.swift; path = DefaultNetworkDispatcher.swift; sourceTree = "<group>"; };
		BF2317F5260D35A600315A5F /* URLSessionHTTPClient.swift */ = {isa = PBXFileReference; lastKnownFileType = sourcecode.swift; path = URLSessionHTTPClient.swift; sourceTree = "<group>"; };
		BF2B97EF2602AA6300C7821B /* ErrorView.swift */ = {isa = PBXFileReference; lastKnownFileType = sourcecode.swift; path = ErrorView.swift; sourceTree = "<group>"; };
		BF2C334426324056000DB066 /* NoEntity.swift */ = {isa = PBXFileReference; lastKnownFileType = sourcecode.swift; path = NoEntity.swift; sourceTree = "<group>"; };
		BF2C9BF325DDB8C300396C74 /* CustomTextField.swift */ = {isa = PBXFileReference; lastKnownFileType = sourcecode.swift; path = CustomTextField.swift; sourceTree = "<group>"; };
		BF2C9BFC25DDC09500396C74 /* CustomTextFieldTests.swift */ = {isa = PBXFileReference; lastKnownFileType = sourcecode.swift; path = CustomTextFieldTests.swift; sourceTree = "<group>"; };
		BF2C9C0225DDC8D300396C74 /* HomeViewControllerTests.swift */ = {isa = PBXFileReference; lastKnownFileType = sourcecode.swift; path = HomeViewControllerTests.swift; sourceTree = "<group>"; };
		BF2C9C1525DDCAA000396C74 /* HomeContentViewSpy.swift */ = {isa = PBXFileReference; lastKnownFileType = sourcecode.swift; path = HomeContentViewSpy.swift; sourceTree = "<group>"; };
		BF2F50FB2600291C0078AD62 /* EmptyView.swift */ = {isa = PBXFileReference; lastKnownFileType = sourcecode.swift; path = EmptyView.swift; sourceTree = "<group>"; };
		BF3140EA25E85EE500D5F766 /* HomeInteractor.swift */ = {isa = PBXFileReference; lastKnownFileType = sourcecode.swift; path = HomeInteractor.swift; sourceTree = "<group>"; };
		BF3140EE25E85F5100D5F766 /* HomePresenter.swift */ = {isa = PBXFileReference; lastKnownFileType = sourcecode.swift; path = HomePresenter.swift; sourceTree = "<group>"; };
		BF3140F825E8624800D5F766 /* HomeInteractorDummy.swift */ = {isa = PBXFileReference; lastKnownFileType = sourcecode.swift; path = HomeInteractorDummy.swift; sourceTree = "<group>"; };
		BF31606A25FBD7D200FF1804 /* RemoveToolViewControllerTests.swift */ = {isa = PBXFileReference; lastKnownFileType = sourcecode.swift; path = RemoveToolViewControllerTests.swift; sourceTree = "<group>"; };
		BF356089262A2197009362A8 /* ToolResponseEntityExtensions.swift */ = {isa = PBXFileReference; lastKnownFileType = sourcecode.swift; path = ToolResponseEntityExtensions.swift; sourceTree = "<group>"; };
		BF3E0CD12625D7E8003A31CF /* DefaultURLProviderTests.swift */ = {isa = PBXFileReference; lastKnownFileType = sourcecode.swift; path = DefaultURLProviderTests.swift; sourceTree = "<group>"; };
		BF3E63C52620A3B8008DC5D2 /* URLSessionHTTPClientTests.swift */ = {isa = PBXFileReference; lastKnownFileType = sourcecode.swift; path = URLSessionHTTPClientTests.swift; sourceTree = "<group>"; };
		BF41694126247E8100989DA1 /* DefaultNetworkDispatcherTests.swift */ = {isa = PBXFileReference; lastKnownFileType = sourcecode.swift; path = DefaultNetworkDispatcherTests.swift; sourceTree = "<group>"; };
		BF4169472624827A00989DA1 /* URLSessionDummy.swift */ = {isa = PBXFileReference; lastKnownFileType = sourcecode.swift; path = URLSessionDummy.swift; sourceTree = "<group>"; };
		BF41694C262482AF00989DA1 /* URLSessionMock.swift */ = {isa = PBXFileReference; lastKnownFileType = sourcecode.swift; path = URLSessionMock.swift; sourceTree = "<group>"; };
		BF4169522624866D00989DA1 /* HTTPClientDummy.swift */ = {isa = PBXFileReference; lastKnownFileType = sourcecode.swift; path = HTTPClientDummy.swift; sourceTree = "<group>"; };
		BF416956262486A700989DA1 /* HTTPClientMock.swift */ = {isa = PBXFileReference; lastKnownFileType = sourcecode.swift; path = HTTPClientMock.swift; sourceTree = "<group>"; };
		BF4829D6261F7F580096FB78 /* DefaultResponseDecoderTests.swift */ = {isa = PBXFileReference; lastKnownFileType = sourcecode.swift; path = DefaultResponseDecoderTests.swift; sourceTree = "<group>"; };
		BF489FCE25E5A93600F901B8 /* CustomTextView.swift */ = {isa = PBXFileReference; lastKnownFileType = sourcecode.swift; path = CustomTextView.swift; sourceTree = "<group>"; };
		BF53CB8325ED92190014E967 /* HomeDisplayLogicSpy.swift */ = {isa = PBXFileReference; lastKnownFileType = sourcecode.swift; name = HomeDisplayLogicSpy.swift; path = ../../../../../../../../../../HomeDisplayLogicSpy.swift; sourceTree = "<group>"; };
		BF53CB8925ED92710014E967 /* GetUsefulToolsUseCaseModelsExtensions.swift */ = {isa = PBXFileReference; lastKnownFileType = sourcecode.swift; path = GetUsefulToolsUseCaseModelsExtensions.swift; sourceTree = "<group>"; };
		BF53CB8F25ED92B00014E967 /* HomeModelsExtensions.swift */ = {isa = PBXFileReference; lastKnownFileType = sourcecode.swift; path = HomeModelsExtensions.swift; sourceTree = "<group>"; };
		BF53CB9325ED93600014E967 /* HomeInteractorTests.swift */ = {isa = PBXFileReference; lastKnownFileType = sourcecode.swift; path = HomeInteractorTests.swift; sourceTree = "<group>"; };
		BF5F98E02593DFEB00E28356 /* VeryUsefulToolstoRemember.app */ = {isa = PBXFileReference; explicitFileType = wrapper.application; includeInIndex = 0; path = VeryUsefulToolstoRemember.app; sourceTree = BUILT_PRODUCTS_DIR; };
		BF5F98E32593DFEB00E28356 /* AppDelegate.swift */ = {isa = PBXFileReference; lastKnownFileType = sourcecode.swift; path = AppDelegate.swift; sourceTree = "<group>"; };
		BF5F98EC2593DFF200E28356 /* Assets.xcassets */ = {isa = PBXFileReference; lastKnownFileType = folder.assetcatalog; path = Assets.xcassets; sourceTree = "<group>"; };
		BF5F98EF2593DFF200E28356 /* Base */ = {isa = PBXFileReference; lastKnownFileType = file.storyboard; name = Base; path = Base.lproj/LaunchScreen.storyboard; sourceTree = "<group>"; };
		BF5F98F12593DFF200E28356 /* Info.plist */ = {isa = PBXFileReference; lastKnownFileType = text.plist.xml; path = Info.plist; sourceTree = "<group>"; };
		BF5F98F62593DFF200E28356 /* VeryUsefulToolstoRememberTests.xctest */ = {isa = PBXFileReference; explicitFileType = wrapper.cfbundle; includeInIndex = 0; path = VeryUsefulToolstoRememberTests.xctest; sourceTree = BUILT_PRODUCTS_DIR; };
		BF5F98FC2593DFF200E28356 /* Info.plist */ = {isa = PBXFileReference; lastKnownFileType = text.plist.xml; path = Info.plist; sourceTree = "<group>"; };
		BF5F993F2593F0D600E28356 /* HomeViewController.swift */ = {isa = PBXFileReference; lastKnownFileType = sourcecode.swift; path = HomeViewController.swift; sourceTree = "<group>"; };
		BF5F99452593F0FF00E28356 /* HomeContentView.swift */ = {isa = PBXFileReference; lastKnownFileType = sourcecode.swift; path = HomeContentView.swift; sourceTree = "<group>"; };
		BF5F994B2593F13C00E28356 /* ViewCode.swift */ = {isa = PBXFileReference; lastKnownFileType = sourcecode.swift; path = ViewCode.swift; sourceTree = "<group>"; };
		BF5F99502593F5D400E28356 /* UIView+Autolayout.swift */ = {isa = PBXFileReference; lastKnownFileType = sourcecode.swift; path = "UIView+Autolayout.swift"; sourceTree = "<group>"; };
		BF5F99562593F7AD00E28356 /* SourceSansPro-Regular.ttf */ = {isa = PBXFileReference; lastKnownFileType = file; path = "SourceSansPro-Regular.ttf"; sourceTree = "<group>"; };
		BF5F99572593F7AD00E28356 /* SourceSansPro-SemiBold.ttf */ = {isa = PBXFileReference; lastKnownFileType = file; path = "SourceSansPro-SemiBold.ttf"; sourceTree = "<group>"; };
		BF6784EE261E580700738F99 /* DefaultRequestBuilderTests.swift */ = {isa = PBXFileReference; lastKnownFileType = sourcecode.swift; path = DefaultRequestBuilderTests.swift; sourceTree = "<group>"; };
		BF6784F4261E5E5600738F99 /* Constants.swift */ = {isa = PBXFileReference; lastKnownFileType = sourcecode.swift; path = Constants.swift; sourceTree = "<group>"; };
		BF6784F8261E607D00738F99 /* URLProviderDummy.swift */ = {isa = PBXFileReference; lastKnownFileType = sourcecode.swift; path = URLProviderDummy.swift; sourceTree = "<group>"; };
		BF6784FC261E609C00738F99 /* URLProviderSpy.swift */ = {isa = PBXFileReference; lastKnownFileType = sourcecode.swift; path = URLProviderSpy.swift; sourceTree = "<group>"; };
		BF678500261E60DA00738F99 /* HTTPRequest.swift */ = {isa = PBXFileReference; lastKnownFileType = sourcecode.swift; path = HTTPRequest.swift; sourceTree = "<group>"; };
		BF69835825EECF6D00603AF0 /* HomePresenterDummy.swift */ = {isa = PBXFileReference; lastKnownFileType = sourcecode.swift; path = HomePresenterDummy.swift; sourceTree = "<group>"; };
		BF69835C25EECF9200603AF0 /* GetUsefulToolsUseCaseDummy.swift */ = {isa = PBXFileReference; lastKnownFileType = sourcecode.swift; path = GetUsefulToolsUseCaseDummy.swift; sourceTree = "<group>"; };
		BF69836025EECFB800603AF0 /* HomePresenterSpy.swift */ = {isa = PBXFileReference; lastKnownFileType = sourcecode.swift; path = HomePresenterSpy.swift; sourceTree = "<group>"; };
		BF69836725EECFE700603AF0 /* GetUsefulToolsUseCaseStub.swift */ = {isa = PBXFileReference; lastKnownFileType = sourcecode.swift; path = GetUsefulToolsUseCaseStub.swift; sourceTree = "<group>"; };
		BF69836D25EEDA9700603AF0 /* HomeInteractorSpy.swift */ = {isa = PBXFileReference; lastKnownFileType = sourcecode.swift; path = HomeInteractorSpy.swift; sourceTree = "<group>"; };
		BF6A74BA2617B4B800155DF5 /* URLParameters.swift */ = {isa = PBXFileReference; lastKnownFileType = sourcecode.swift; path = URLParameters.swift; sourceTree = "<group>"; };
		BF6A74BE2617B5E300155DF5 /* HTTPBody.swift */ = {isa = PBXFileReference; lastKnownFileType = sourcecode.swift; path = HTTPBody.swift; sourceTree = "<group>"; };
		BF764A1825F84A820096C623 /* RemoveToolRouter.swift */ = {isa = PBXFileReference; lastKnownFileType = sourcecode.swift; path = RemoveToolRouter.swift; sourceTree = "<group>"; };
		BF764A2125F84C110096C623 /* RemoveToolPresenter.swift */ = {isa = PBXFileReference; lastKnownFileType = sourcecode.swift; path = RemoveToolPresenter.swift; sourceTree = "<group>"; };
		BF764A2525F84CDD0096C623 /* RemoveToolInteractor.swift */ = {isa = PBXFileReference; lastKnownFileType = sourcecode.swift; path = RemoveToolInteractor.swift; sourceTree = "<group>"; };
		BF764A2925F84DA70096C623 /* RemoveToolConfigurator.swift */ = {isa = PBXFileReference; lastKnownFileType = sourcecode.swift; path = RemoveToolConfigurator.swift; sourceTree = "<group>"; };
		BF7CFC682609433500D977F0 /* XCTestCase+MemoryLeakTracking.swift */ = {isa = PBXFileReference; lastKnownFileType = sourcecode.swift; path = "XCTestCase+MemoryLeakTracking.swift"; sourceTree = "<group>"; };
		BF7EB24625ED861F004EA9AD /* GetUsefulToolsUseCase.swift */ = {isa = PBXFileReference; lastKnownFileType = sourcecode.swift; path = GetUsefulToolsUseCase.swift; sourceTree = "<group>"; };
		BF7EB24D25ED8911004EA9AD /* GetUsefulToolsUseCaseModels.swift */ = {isa = PBXFileReference; lastKnownFileType = sourcecode.swift; path = GetUsefulToolsUseCaseModels.swift; sourceTree = "<group>"; };
		BF7EB25325ED8EA3004EA9AD /* HomePresenterTests.swift */ = {isa = PBXFileReference; lastKnownFileType = sourcecode.swift; path = HomePresenterTests.swift; sourceTree = "<group>"; };
		BF7EB25725ED90CF004EA9AD /* HomeDisplayLogicDummy.swift */ = {isa = PBXFileReference; lastKnownFileType = sourcecode.swift; path = HomeDisplayLogicDummy.swift; sourceTree = "<group>"; };
		BF8778FB261B5880001E22A9 /* DefaultRequestBuilder.swift */ = {isa = PBXFileReference; lastKnownFileType = sourcecode.swift; path = DefaultRequestBuilder.swift; sourceTree = "<group>"; };
		BF8778FF261B5AB3001E22A9 /* NetworkConfiguration.swift */ = {isa = PBXFileReference; lastKnownFileType = sourcecode.swift; path = NetworkConfiguration.swift; sourceTree = "<group>"; };
		BF8D067225E05B5F0045EAFE /* UIButton+Layout.swift */ = {isa = PBXFileReference; lastKnownFileType = sourcecode.swift; path = "UIButton+Layout.swift"; sourceTree = "<group>"; };
		BF8D067625E05BDA0045EAFE /* ButtonLayoutStyles.swift */ = {isa = PBXFileReference; lastKnownFileType = sourcecode.swift; path = ButtonLayoutStyles.swift; sourceTree = "<group>"; };
		BF8D067A25E0600E0045EAFE /* LayoutableButton.swift */ = {isa = PBXFileReference; lastKnownFileType = sourcecode.swift; path = LayoutableButton.swift; sourceTree = "<group>"; };
		BF92A2B7261542510026DD33 /* BaseURL.swift */ = {isa = PBXFileReference; lastKnownFileType = sourcecode.swift; path = BaseURL.swift; sourceTree = "<group>"; };
		BF92A2BB2615430D0026DD33 /* URLProvider.swift */ = {isa = PBXFileReference; lastKnownFileType = sourcecode.swift; path = URLProvider.swift; sourceTree = "<group>"; };
		BF93DEC52601515A00BBA060 /* EmptyTableViewCell.swift */ = {isa = PBXFileReference; lastKnownFileType = sourcecode.swift; path = EmptyTableViewCell.swift; sourceTree = "<group>"; };
		BF9A5FF02593F84000BBE399 /* UIFontExtensions.swift */ = {isa = PBXFileReference; lastKnownFileType = sourcecode.swift; path = UIFontExtensions.swift; sourceTree = "<group>"; };
		BF9A5FF62593F8B100BBE399 /* Metrics.swift */ = {isa = PBXFileReference; lastKnownFileType = sourcecode.swift; path = Metrics.swift; sourceTree = "<group>"; };
		BF9A5FFE2593FC5700BBE399 /* UINavigationBarExtensions.swift */ = {isa = PBXFileReference; lastKnownFileType = sourcecode.swift; path = UINavigationBarExtensions.swift; sourceTree = "<group>"; };
		BF9A60032594022200BBE399 /* pt-BR */ = {isa = PBXFileReference; lastKnownFileType = text.plist.strings; name = "pt-BR"; path = "pt-BR.lproj/LaunchScreen.strings"; sourceTree = "<group>"; };
		BF9A60152594029600BBE399 /* en */ = {isa = PBXFileReference; lastKnownFileType = text.plist.strings; name = en; path = en.lproj/Localizable.strings; sourceTree = "<group>"; };
		BF9A601A2594029A00BBE399 /* pt-BR */ = {isa = PBXFileReference; lastKnownFileType = text.plist.strings; name = "pt-BR"; path = "pt-BR.lproj/Localizable.strings"; sourceTree = "<group>"; };
		BF9A601B259402C500BBE399 /* es */ = {isa = PBXFileReference; lastKnownFileType = text.plist.strings; name = es; path = es.lproj/LaunchScreen.strings; sourceTree = "<group>"; };
		BF9A601C259402C500BBE399 /* es */ = {isa = PBXFileReference; lastKnownFileType = text.plist.strings; name = es; path = es.lproj/Localizable.strings; sourceTree = "<group>"; };
		BFA3250E259A30CE007BF348 /* UsefulToolCell.swift */ = {isa = PBXFileReference; lastKnownFileType = sourcecode.swift; path = UsefulToolCell.swift; sourceTree = "<group>"; };
		BFA32514259A310D007BF348 /* CustomLoadingView.swift */ = {isa = PBXFileReference; lastKnownFileType = sourcecode.swift; path = CustomLoadingView.swift; sourceTree = "<group>"; };
		BFA32519259A3138007BF348 /* CustomLoadingTableViewCell.swift */ = {isa = PBXFileReference; lastKnownFileType = sourcecode.swift; path = CustomLoadingTableViewCell.swift; sourceTree = "<group>"; };
		BFA32526259A31A0007BF348 /* NSObjectExtensions.swift */ = {isa = PBXFileReference; lastKnownFileType = sourcecode.swift; path = NSObjectExtensions.swift; sourceTree = "<group>"; };
		BFA3252B259A321D007BF348 /* UITableViewExtensions.swift */ = {isa = PBXFileReference; lastKnownFileType = sourcecode.swift; path = UITableViewExtensions.swift; sourceTree = "<group>"; };
		BFA32530259A64AA007BF348 /* UIColorExtensions.swift */ = {isa = PBXFileReference; lastKnownFileType = sourcecode.swift; path = UIColorExtensions.swift; sourceTree = "<group>"; };
		BFA32535259A6652007BF348 /* HomeModels.swift */ = {isa = PBXFileReference; lastKnownFileType = sourcecode.swift; path = HomeModels.swift; sourceTree = "<group>"; };
		BFA3253A259A6B12007BF348 /* UIViewExtensions.swift */ = {isa = PBXFileReference; lastKnownFileType = sourcecode.swift; path = UIViewExtensions.swift; sourceTree = "<group>"; };
		BFAA914725E5AF3B00C9936D /* AddNewToolContentViewTests.swift */ = {isa = PBXFileReference; lastKnownFileType = sourcecode.swift; path = AddNewToolContentViewTests.swift; sourceTree = "<group>"; };
		BFAA914F25E5B37400C9936D /* CustomTextViewTests.swift */ = {isa = PBXFileReference; lastKnownFileType = sourcecode.swift; path = CustomTextViewTests.swift; sourceTree = "<group>"; };
		BFAA915325E5B45300C9936D /* AddNewToolRouter.swift */ = {isa = PBXFileReference; lastKnownFileType = sourcecode.swift; path = AddNewToolRouter.swift; sourceTree = "<group>"; };
		BFAA915725E5B5D500C9936D /* AddNewToolConfigurator.swift */ = {isa = PBXFileReference; lastKnownFileType = sourcecode.swift; path = AddNewToolConfigurator.swift; sourceTree = "<group>"; };
		BFAA915B25E5B74F00C9936D /* HomeRouterTests.swift */ = {isa = PBXFileReference; lastKnownFileType = sourcecode.swift; path = HomeRouterTests.swift; sourceTree = "<group>"; };
		BFAA915F25E5B83100C9936D /* UIViewControllerSpy.swift */ = {isa = PBXFileReference; lastKnownFileType = sourcecode.swift; path = UIViewControllerSpy.swift; sourceTree = "<group>"; };
		BFAA916325E5BB1300C9936D /* AddNewToolConfiguratorTests.swift */ = {isa = PBXFileReference; lastKnownFileType = sourcecode.swift; path = AddNewToolConfiguratorTests.swift; sourceTree = "<group>"; };
		BFAA916725E5BB6E00C9936D /* AddNewToolRouterTests.swift */ = {isa = PBXFileReference; lastKnownFileType = sourcecode.swift; path = AddNewToolRouterTests.swift; sourceTree = "<group>"; };
		BFAA916B25E5BC2800C9936D /* AddNewToolViewControllerTests.swift */ = {isa = PBXFileReference; lastKnownFileType = sourcecode.swift; path = AddNewToolViewControllerTests.swift; sourceTree = "<group>"; };
		BFAA917025E5BD0E00C9936D /* AddNewToolRouterDummy.swift */ = {isa = PBXFileReference; lastKnownFileType = sourcecode.swift; path = AddNewToolRouterDummy.swift; sourceTree = "<group>"; };
		BFAA917725E5BE3D00C9936D /* AddNewToolRouterSpy.swift */ = {isa = PBXFileReference; lastKnownFileType = sourcecode.swift; path = AddNewToolRouterSpy.swift; sourceTree = "<group>"; };
		BFAA918625E6CA1200C9936D /* AlignedCollectionViewFlowLayout.swift */ = {isa = PBXFileReference; lastKnownFileType = sourcecode.swift; path = AlignedCollectionViewFlowLayout.swift; sourceTree = "<group>"; };
		BFAA918C25E6CDA300C9936D /* TagCell.swift */ = {isa = PBXFileReference; lastKnownFileType = sourcecode.swift; path = TagCell.swift; sourceTree = "<group>"; };
		BFAA919025E6CF7B00C9936D /* UICollectionViewExtensions.swift */ = {isa = PBXFileReference; lastKnownFileType = sourcecode.swift; path = UICollectionViewExtensions.swift; sourceTree = "<group>"; };
		BFB1048E26126C8300AA4307 /* NetworkResponseDecoder.swift */ = {isa = PBXFileReference; lastKnownFileType = sourcecode.swift; path = NetworkResponseDecoder.swift; sourceTree = "<group>"; };
		BFB1049226126D2500AA4307 /* DefaultResponseDecoder.swift */ = {isa = PBXFileReference; lastKnownFileType = sourcecode.swift; path = DefaultResponseDecoder.swift; sourceTree = "<group>"; };
		BFD277B825F6BD1B004016C8 /* RemoveToolViewController.swift */ = {isa = PBXFileReference; lastKnownFileType = sourcecode.swift; path = RemoveToolViewController.swift; sourceTree = "<group>"; };
		BFD277BD25F6BD59004016C8 /* RemoveToolContentView.swift */ = {isa = PBXFileReference; lastKnownFileType = sourcecode.swift; path = RemoveToolContentView.swift; sourceTree = "<group>"; };
		BFD277C525F6C73D004016C8 /* RemoveToolContentViewTests.swift */ = {isa = PBXFileReference; lastKnownFileType = sourcecode.swift; path = RemoveToolContentViewTests.swift; sourceTree = "<group>"; };
		BFDAAE402603F5F400E67F81 /* ErrorTableViewCell.swift */ = {isa = PBXFileReference; lastKnownFileType = sourcecode.swift; path = ErrorTableViewCell.swift; sourceTree = "<group>"; };
		BFDB6E1F2613CDDB00AA0759 /* HTTPMethod.swift */ = {isa = PBXFileReference; lastKnownFileType = sourcecode.swift; path = HTTPMethod.swift; sourceTree = "<group>"; };
		BFE8ADFE25DF049F006ED5CA /* AddNewToolViewController.swift */ = {isa = PBXFileReference; lastKnownFileType = sourcecode.swift; path = AddNewToolViewController.swift; sourceTree = "<group>"; };
		BFE8AE0525DF04D2006ED5CA /* AddNewToolContentView.swift */ = {isa = PBXFileReference; lastKnownFileType = sourcecode.swift; path = AddNewToolContentView.swift; sourceTree = "<group>"; };
		BFE8AE0925DF10A0006ED5CA /* HomeRouter.swift */ = {isa = PBXFileReference; lastKnownFileType = sourcecode.swift; path = HomeRouter.swift; sourceTree = "<group>"; };
		BFE8AE0D25DF11DF006ED5CA /* HomeConfigurator.swift */ = {isa = PBXFileReference; lastKnownFileType = sourcecode.swift; path = HomeConfigurator.swift; sourceTree = "<group>"; };
		BFE8AE1425DF1366006ED5CA /* HomeRouterDummy.swift */ = {isa = PBXFileReference; lastKnownFileType = sourcecode.swift; path = HomeRouterDummy.swift; sourceTree = "<group>"; };
		BFE8AE1A25DF143C006ED5CA /* HomeConfiguratorTests.swift */ = {isa = PBXFileReference; lastKnownFileType = sourcecode.swift; path = HomeConfiguratorTests.swift; sourceTree = "<group>"; };
		BFE8AE1F25DF14EA006ED5CA /* MirrorExtensions.swift */ = {isa = PBXFileReference; lastKnownFileType = sourcecode.swift; path = MirrorExtensions.swift; sourceTree = "<group>"; };
		BFE8AE2525DF1620006ED5CA /* HomeRouterSpy.swift */ = {isa = PBXFileReference; lastKnownFileType = sourcecode.swift; path = HomeRouterSpy.swift; sourceTree = "<group>"; };
		BFEAF156260BE8D800B29F04 /* Status.swift */ = {isa = PBXFileReference; lastKnownFileType = sourcecode.swift; path = Status.swift; sourceTree = "<group>"; };
		BFEAF15C260BE97C00B29F04 /* NetworkResponse.swift */ = {isa = PBXFileReference; lastKnownFileType = sourcecode.swift; path = NetworkResponse.swift; sourceTree = "<group>"; };
		BFEAF161260BEA9D00B29F04 /* NetworkError.swift */ = {isa = PBXFileReference; lastKnownFileType = sourcecode.swift; path = NetworkError.swift; sourceTree = "<group>"; };
		BFEAF166260BEBC700B29F04 /* NetworkDispatcher.swift */ = {isa = PBXFileReference; lastKnownFileType = sourcecode.swift; path = NetworkDispatcher.swift; sourceTree = "<group>"; };
		BFEAF16C260BEC6C00B29F04 /* NetworkRequest.swift */ = {isa = PBXFileReference; lastKnownFileType = sourcecode.swift; path = NetworkRequest.swift; sourceTree = "<group>"; };
		BFF5AF4D259BEEC400BA97A5 /* UIImageExtensions.swift */ = {isa = PBXFileReference; lastKnownFileType = sourcecode.swift; path = UIImageExtensions.swift; sourceTree = "<group>"; };
		BFFDFDDF2628DD270039B4EB /* ToolsServicesTests.swift */ = {isa = PBXFileReference; lastKnownFileType = sourcecode.swift; path = ToolsServicesTests.swift; sourceTree = "<group>"; };
		BFFDFDE52628E2570039B4EB /* NetworkDispatcherDummy.swift */ = {isa = PBXFileReference; lastKnownFileType = sourcecode.swift; path = NetworkDispatcherDummy.swift; sourceTree = "<group>"; };
		BFFDFDE92628E2820039B4EB /* NetworkDispatcherMock.swift */ = {isa = PBXFileReference; lastKnownFileType = sourcecode.swift; path = NetworkDispatcherMock.swift; sourceTree = "<group>"; };
		BFFFA87425F96CAE000BC298 /* RemoveToolRouterTests.swift */ = {isa = PBXFileReference; lastKnownFileType = sourcecode.swift; path = RemoveToolRouterTests.swift; sourceTree = "<group>"; };
		BFFFA87825F96DB4000BC298 /* RemoveToolConfiguratorTests.swift */ = {isa = PBXFileReference; lastKnownFileType = sourcecode.swift; path = RemoveToolConfiguratorTests.swift; sourceTree = "<group>"; };
		BFFFA87C25F972A9000BC298 /* RemoveToolInteractorTests.swift */ = {isa = PBXFileReference; lastKnownFileType = sourcecode.swift; path = RemoveToolInteractorTests.swift; sourceTree = "<group>"; };
		BFFFA88125F97685000BC298 /* RemoveToolPresenterDummy.swift */ = {isa = PBXFileReference; lastKnownFileType = sourcecode.swift; path = RemoveToolPresenterDummy.swift; sourceTree = "<group>"; };
		BFFFA88825F976BC000BC298 /* RemoveToolPresenterSpy.swift */ = {isa = PBXFileReference; lastKnownFileType = sourcecode.swift; path = RemoveToolPresenterSpy.swift; sourceTree = "<group>"; };
		BFFFA88F25F97784000BC298 /* RemoveToolSceneParametersExtensions.swift */ = {isa = PBXFileReference; lastKnownFileType = sourcecode.swift; path = RemoveToolSceneParametersExtensions.swift; sourceTree = "<group>"; };
		BFFFA89525F978E5000BC298 /* RemoveToolPresenterTests.swift */ = {isa = PBXFileReference; lastKnownFileType = sourcecode.swift; path = RemoveToolPresenterTests.swift; sourceTree = "<group>"; };
		BFFFA89925F97A54000BC298 /* RemoveToolDisplayLogicDummy.swift */ = {isa = PBXFileReference; lastKnownFileType = sourcecode.swift; path = RemoveToolDisplayLogicDummy.swift; sourceTree = "<group>"; };
		BFFFA89D25F97ACE000BC298 /* RemoveToolDisplayLogicSpy.swift */ = {isa = PBXFileReference; lastKnownFileType = sourcecode.swift; path = RemoveToolDisplayLogicSpy.swift; sourceTree = "<group>"; };
		C399281D9994363B194483F3 /* Pods-VeryUsefulToolstoRemember.release.xcconfig */ = {isa = PBXFileReference; includeInIndex = 1; lastKnownFileType = text.xcconfig; name = "Pods-VeryUsefulToolstoRemember.release.xcconfig"; path = "Target Support Files/Pods-VeryUsefulToolstoRemember/Pods-VeryUsefulToolstoRemember.release.xcconfig"; sourceTree = "<group>"; };
		ECAF33C5A296DCBBC19DE99D /* Pods-VeryUsefulToolstoRememberTests.debug.xcconfig */ = {isa = PBXFileReference; includeInIndex = 1; lastKnownFileType = text.xcconfig; name = "Pods-VeryUsefulToolstoRememberTests.debug.xcconfig"; path = "Target Support Files/Pods-VeryUsefulToolstoRememberTests/Pods-VeryUsefulToolstoRememberTests.debug.xcconfig"; sourceTree = "<group>"; };
/* End PBXFileReference section */

/* Begin PBXFrameworksBuildPhase section */
		BF5F98DD2593DFEB00E28356 /* Frameworks */ = {
			isa = PBXFrameworksBuildPhase;
			buildActionMask = 2147483647;
			files = (
				C4D200EC7614BAC4B658BD3E /* Pods_VeryUsefulToolstoRemember.framework in Frameworks */,
			);
			runOnlyForDeploymentPostprocessing = 0;
		};
		BF5F98F32593DFF200E28356 /* Frameworks */ = {
			isa = PBXFrameworksBuildPhase;
			buildActionMask = 2147483647;
			files = (
				25B3A45914C23254B2A9B604 /* Pods_VeryUsefulToolstoRememberTests.framework in Frameworks */,
			);
			runOnlyForDeploymentPostprocessing = 0;
		};
/* End PBXFrameworksBuildPhase section */

/* Begin PBXGroup section */
		59E95096179420EDC1278C28 /* Frameworks */ = {
			isa = PBXGroup;
			children = (
				BD681DD0B73507D55DEF884A /* Pods_VeryUsefulToolstoRemember.framework */,
				6734CA42C6B473DDCE342EC5 /* Pods_VeryUsefulToolstoRememberTests.framework */,
			);
			name = Frameworks;
			sourceTree = "<group>";
		};
		77EB9DF052DA9D318616A4AC /* Pods */ = {
			isa = PBXGroup;
			children = (
				8B7A3B9CE9E37CFBA77BE35D /* Pods-VeryUsefulToolstoRemember.debug.xcconfig */,
				C399281D9994363B194483F3 /* Pods-VeryUsefulToolstoRemember.release.xcconfig */,
				ECAF33C5A296DCBBC19DE99D /* Pods-VeryUsefulToolstoRememberTests.debug.xcconfig */,
				15C4DB8D4EC186AF794EB4F3 /* Pods-VeryUsefulToolstoRememberTests.release.xcconfig */,
			);
			path = Pods;
			sourceTree = "<group>";
		};
		BF007E5526192E2B0042F852 /* Builders */ = {
			isa = PBXGroup;
			children = (
				BF007E5626192E3B0042F852 /* NetworkRequestBuilder.swift */,
				BF8778FB261B5880001E22A9 /* DefaultRequestBuilder.swift */,
			);
			path = Builders;
			sourceTree = "<group>";
		};
		BF03B7AA259B6C7800DF170A /* Scenes */ = {
			isa = PBXGroup;
			children = (
				BFD277C325F6C6F6004016C8 /* RemoveTool */,
				BFAA914525E5AF1900C9936D /* AddNewTool */,
				BF03B7AB259B6C7F00DF170A /* Home */,
			);
			path = Scenes;
			sourceTree = "<group>";
		};
		BF03B7AB259B6C7F00DF170A /* Home */ = {
			isa = PBXGroup;
			children = (
				BF03B7AC259B6C8400DF170A /* Views */,
				BF2C9C0225DDC8D300396C74 /* HomeViewControllerTests.swift */,
				BFE8AE1A25DF143C006ED5CA /* HomeConfiguratorTests.swift */,
				BFAA915B25E5B74F00C9936D /* HomeRouterTests.swift */,
				BF7EB25325ED8EA3004EA9AD /* HomePresenterTests.swift */,
				BF53CB9325ED93600014E967 /* HomeInteractorTests.swift */,
			);
			path = Home;
			sourceTree = "<group>";
		};
		BF03B7AC259B6C8400DF170A /* Views */ = {
			isa = PBXGroup;
			children = (
				BF03B7B0259B6C9A00DF170A /* HomeContentViewTests.swift */,
				BF03B7B8259B6E8200DF170A /* UsefulToolCellTests.swift */,
			);
			path = Views;
			sourceTree = "<group>";
		};
		BF11FE6626276381003A5E66 /* Services */ = {
			isa = PBXGroup;
			children = (
				BF11FE6F262769E5003A5E66 /* Entities */,
				BF11FE672627639C003A5E66 /* ToolsServices.swift */,
				BF11FE6B262764CE003A5E66 /* ToolsRequest.swift */,
			);
			path = Services;
			sourceTree = "<group>";
		};
		BF11FE6F262769E5003A5E66 /* Entities */ = {
			isa = PBXGroup;
			children = (
				BF11FE70262769F1003A5E66 /* ToolResponseEntity.swift */,
				BF2C334426324056000DB066 /* NoEntity.swift */,
			);
			path = Entities;
			sourceTree = "<group>";
		};
		BF2317E8260D34EE00315A5F /* URLSession */ = {
			isa = PBXGroup;
			children = (
				BF2317E9260D351300315A5F /* URLSessionProvider.swift */,
				BF2317F5260D35A600315A5F /* URLSessionHTTPClient.swift */,
			);
			path = URLSession;
			sourceTree = "<group>";
		};
		BF2C9BFB25DDC08500396C74 /* Components */ = {
			isa = PBXGroup;
			children = (
				BF2C9BFC25DDC09500396C74 /* CustomTextFieldTests.swift */,
				BFAA914F25E5B37400C9936D /* CustomTextViewTests.swift */,
			);
			path = Components;
			sourceTree = "<group>";
		};
		BF2C9C0625DDCA5300396C74 /* Tests */ = {
			isa = PBXGroup;
			children = (
				BFFDFDDE2628DD160039B4EB /* Services */,
				BF6784EC261E57EE00738F99 /* Network */,
				BF2C9BFB25DDC08500396C74 /* Components */,
				BF03B7AA259B6C7800DF170A /* Scenes */,
			);
			name = Tests;
			path = Sources/Tests;
			sourceTree = "<group>";
		};
		BF2C9C0925DDCA6A00396C74 /* Sources */ = {
			isa = PBXGroup;
			children = (
				BF41694B262482A400989DA1 /* Mocks */,
				BF69836425EECFD300603AF0 /* Stubs */,
				BFE8AE1E25DF14DE006ED5CA /* Extensions */,
				BFE8AE1125DF1353006ED5CA /* Dummies */,
				BF2C9C0A25DDCA7300396C74 /* Spies */,
			);
			path = Sources;
			sourceTree = "<group>";
		};
		BF2C9C0A25DDCA7300396C74 /* Spies */ = {
			isa = PBXGroup;
			children = (
				BF2C9C0B25DDCA8400396C74 /* Scenes */,
				BFAA915F25E5B83100C9936D /* UIViewControllerSpy.swift */,
				BF6784FC261E609C00738F99 /* URLProviderSpy.swift */,
			);
			path = Spies;
			sourceTree = "<group>";
		};
		BF2C9C0B25DDCA8400396C74 /* Scenes */ = {
			isa = PBXGroup;
			children = (
				BFFFA88725F976A4000BC298 /* RemoveTool */,
				BFAA917D25E5BE6000C9936D /* AddNewTool */,
				BF2C9C0C25DDCA8A00396C74 /* Home */,
			);
			path = Scenes;
			sourceTree = "<group>";
		};
		BF2C9C0C25DDCA8A00396C74 /* Home */ = {
			isa = PBXGroup;
			children = (
				BF2C9C1525DDCAA000396C74 /* HomeContentViewSpy.swift */,
				BFE8AE2525DF1620006ED5CA /* HomeRouterSpy.swift */,
				BF53CB8325ED92190014E967 /* HomeDisplayLogicSpy.swift */,
				BF69836025EECFB800603AF0 /* HomePresenterSpy.swift */,
				BF69836D25EEDA9700603AF0 /* HomeInteractorSpy.swift */,
			);
			path = Home;
			sourceTree = "<group>";
		};
		BF3E0CD02625D7D4003A31CF /* Models */ = {
			isa = PBXGroup;
			children = (
				BF3E0CD12625D7E8003A31CF /* DefaultURLProviderTests.swift */,
			);
			path = Models;
			sourceTree = "<group>";
		};
		BF3E63C42620A3A6008DC5D2 /* URLSession */ = {
			isa = PBXGroup;
			children = (
				BF3E63C52620A3B8008DC5D2 /* URLSessionHTTPClientTests.swift */,
			);
			path = URLSession;
			sourceTree = "<group>";
		};
		BF41694026247E5F00989DA1 /* Dispatcher */ = {
			isa = PBXGroup;
			children = (
				BF41694126247E8100989DA1 /* DefaultNetworkDispatcherTests.swift */,
			);
			path = Dispatcher;
			sourceTree = "<group>";
		};
		BF41694B262482A400989DA1 /* Mocks */ = {
			isa = PBXGroup;
			children = (
				BF41694C262482AF00989DA1 /* URLSessionMock.swift */,
				BF416956262486A700989DA1 /* HTTPClientMock.swift */,
				BFFDFDE92628E2820039B4EB /* NetworkDispatcherMock.swift */,
			);
			path = Mocks;
			sourceTree = "<group>";
		};
		BF4829D5261F7F390096FB78 /* Decoder */ = {
			isa = PBXGroup;
			children = (
				BF4829D6261F7F580096FB78 /* DefaultResponseDecoderTests.swift */,
			);
			path = Decoder;
			sourceTree = "<group>";
		};
		BF53CB8725ED92600014E967 /* Scenes */ = {
			isa = PBXGroup;
			children = (
				BFFFA88E25F97770000BC298 /* RemoveTool */,
				BF53CB8825ED92630014E967 /* Home */,
			);
			path = Scenes;
			sourceTree = "<group>";
		};
		BF53CB8825ED92630014E967 /* Home */ = {
			isa = PBXGroup;
			children = (
				BF53CB8925ED92710014E967 /* GetUsefulToolsUseCaseModelsExtensions.swift */,
				BF53CB8F25ED92B00014E967 /* HomeModelsExtensions.swift */,
			);
			path = Home;
			sourceTree = "<group>";
		};
		BF5F98D72593DFEB00E28356 = {
			isa = PBXGroup;
			children = (
				BF5F98E22593DFEB00E28356 /* VeryUsefulToolstoRemember */,
				BF5F98F92593DFF200E28356 /* VeryUsefulToolstoRememberTests */,
				BF5F98E12593DFEB00E28356 /* Products */,
				77EB9DF052DA9D318616A4AC /* Pods */,
				59E95096179420EDC1278C28 /* Frameworks */,
			);
			sourceTree = "<group>";
		};
		BF5F98E12593DFEB00E28356 /* Products */ = {
			isa = PBXGroup;
			children = (
				BF5F98E02593DFEB00E28356 /* VeryUsefulToolstoRemember.app */,
				BF5F98F62593DFF200E28356 /* VeryUsefulToolstoRememberTests.xctest */,
			);
			name = Products;
			sourceTree = "<group>";
		};
		BF5F98E22593DFEB00E28356 /* VeryUsefulToolstoRemember */ = {
			isa = PBXGroup;
			children = (
				BF5F993C2593F09E00E28356 /* Sources */,
				BF5F993B2593F07000E28356 /* Resources */,
				BF5F98E32593DFEB00E28356 /* AppDelegate.swift */,
				BF5F98EE2593DFF200E28356 /* LaunchScreen.storyboard */,
				BF5F98F12593DFF200E28356 /* Info.plist */,
			);
			path = VeryUsefulToolstoRemember;
			sourceTree = "<group>";
		};
		BF5F98F92593DFF200E28356 /* VeryUsefulToolstoRememberTests */ = {
			isa = PBXGroup;
			children = (
				BF2C9C0625DDCA5300396C74 /* Tests */,
				BF2C9C0925DDCA6A00396C74 /* Sources */,
				BF5F98FC2593DFF200E28356 /* Info.plist */,
			);
			path = VeryUsefulToolstoRememberTests;
			sourceTree = "<group>";
		};
		BF5F993B2593F07000E28356 /* Resources */ = {
			isa = PBXGroup;
			children = (
				BF145C412594059700BBAA52 /* Strings.swift */,
				BF5F99552593F79B00E28356 /* Fonts */,
				BF5F98EC2593DFF200E28356 /* Assets.xcassets */,
				BF9A60162594029600BBE399 /* Localizable.strings */,
			);
			path = Resources;
			sourceTree = "<group>";
		};
		BF5F993C2593F09E00E28356 /* Sources */ = {
			isa = PBXGroup;
			children = (
				BF11FE6626276381003A5E66 /* Services */,
				BFEAF154260BE8A900B29F04 /* Network */,
				BFAA918025E6C9B000C9936D /* UI */,
				BF5F994A2593F12800E28356 /* Extensions */,
				BF5F993D2593F0B300E28356 /* Scenes */,
			);
			path = Sources;
			sourceTree = "<group>";
		};
		BF5F993D2593F0B300E28356 /* Scenes */ = {
			isa = PBXGroup;
			children = (
				BFD277B725F6BCEF004016C8 /* RemoveTool */,
				BFE8ADFD25DF048F006ED5CA /* AddNewTool */,
				BF5F993E2593F0C500E28356 /* Home */,
			);
			path = Scenes;
			sourceTree = "<group>";
		};
		BF5F993E2593F0C500E28356 /* Home */ = {
			isa = PBXGroup;
			children = (
				BF7EB24425ED85CE004EA9AD /* Domain */,
				BF5F99442593F0F200E28356 /* Views */,
				BF5F993F2593F0D600E28356 /* HomeViewController.swift */,
				BFA32535259A6652007BF348 /* HomeModels.swift */,
				BFE8AE0925DF10A0006ED5CA /* HomeRouter.swift */,
				BFE8AE0D25DF11DF006ED5CA /* HomeConfigurator.swift */,
				BF3140EA25E85EE500D5F766 /* HomeInteractor.swift */,
				BF3140EE25E85F5100D5F766 /* HomePresenter.swift */,
			);
			path = Home;
			sourceTree = "<group>";
		};
		BF5F99442593F0F200E28356 /* Views */ = {
			isa = PBXGroup;
			children = (
				BF5F99452593F0FF00E28356 /* HomeContentView.swift */,
				BFA3250E259A30CE007BF348 /* UsefulToolCell.swift */,
				BFAA918C25E6CDA300C9936D /* TagCell.swift */,
			);
			path = Views;
			sourceTree = "<group>";
		};
		BF5F994A2593F12800E28356 /* Extensions */ = {
			isa = PBXGroup;
			children = (
				BF5F994B2593F13C00E28356 /* ViewCode.swift */,
				BF5F99502593F5D400E28356 /* UIView+Autolayout.swift */,
				BF9A5FF02593F84000BBE399 /* UIFontExtensions.swift */,
				BF9A5FFE2593FC5700BBE399 /* UINavigationBarExtensions.swift */,
				BFA32526259A31A0007BF348 /* NSObjectExtensions.swift */,
				BFA3252B259A321D007BF348 /* UITableViewExtensions.swift */,
				BFA32530259A64AA007BF348 /* UIColorExtensions.swift */,
				BFA3253A259A6B12007BF348 /* UIViewExtensions.swift */,
				BFF5AF4D259BEEC400BA97A5 /* UIImageExtensions.swift */,
				BFAA919025E6CF7B00C9936D /* UICollectionViewExtensions.swift */,
			);
			path = Extensions;
			sourceTree = "<group>";
		};
		BF5F99552593F79B00E28356 /* Fonts */ = {
			isa = PBXGroup;
			children = (
				BF5F99562593F7AD00E28356 /* SourceSansPro-Regular.ttf */,
				BF5F99572593F7AD00E28356 /* SourceSansPro-SemiBold.ttf */,
			);
			path = Fonts;
			sourceTree = "<group>";
		};
		BF6784EC261E57EE00738F99 /* Network */ = {
			isa = PBXGroup;
			children = (
				BF3E0CD02625D7D4003A31CF /* Models */,
				BF41694026247E5F00989DA1 /* Dispatcher */,
				BF3E63C42620A3A6008DC5D2 /* URLSession */,
				BF4829D5261F7F390096FB78 /* Decoder */,
				BF6784ED261E57F400738F99 /* Builders */,
			);
			path = Network;
			sourceTree = "<group>";
		};
		BF6784ED261E57F400738F99 /* Builders */ = {
			isa = PBXGroup;
			children = (
				BF6784EE261E580700738F99 /* DefaultRequestBuilderTests.swift */,
			);
			path = Builders;
			sourceTree = "<group>";
		};
		BF69836425EECFD300603AF0 /* Stubs */ = {
			isa = PBXGroup;
			children = (
				BF69836525EECFD700603AF0 /* Scenes */,
			);
			path = Stubs;
			sourceTree = "<group>";
		};
		BF69836525EECFD700603AF0 /* Scenes */ = {
			isa = PBXGroup;
			children = (
				BF69836625EECFDE00603AF0 /* Home */,
			);
			path = Scenes;
			sourceTree = "<group>";
		};
		BF69836625EECFDE00603AF0 /* Home */ = {
			isa = PBXGroup;
			children = (
				BF69836725EECFE700603AF0 /* GetUsefulToolsUseCaseStub.swift */,
			);
			path = Home;
			sourceTree = "<group>";
		};
		BF7EB24425ED85CE004EA9AD /* Domain */ = {
			isa = PBXGroup;
			children = (
				BF7EB24C25ED8909004EA9AD /* Models */,
				BF7EB24525ED85D6004EA9AD /* UseCases */,
			);
			path = Domain;
			sourceTree = "<group>";
		};
		BF7EB24525ED85D6004EA9AD /* UseCases */ = {
			isa = PBXGroup;
			children = (
				BF7EB24625ED861F004EA9AD /* GetUsefulToolsUseCase.swift */,
			);
			path = UseCases;
			sourceTree = "<group>";
		};
		BF7EB24C25ED8909004EA9AD /* Models */ = {
			isa = PBXGroup;
			children = (
				BF7EB24D25ED8911004EA9AD /* GetUsefulToolsUseCaseModels.swift */,
			);
			path = Models;
			sourceTree = "<group>";
		};
		BF8D067125E05B4B0045EAFE /* Components */ = {
			isa = PBXGroup;
			children = (
				BF2C9BF325DDB8C300396C74 /* CustomTextField.swift */,
				BF8D067225E05B5F0045EAFE /* UIButton+Layout.swift */,
				BF8D067625E05BDA0045EAFE /* ButtonLayoutStyles.swift */,
				BF8D067A25E0600E0045EAFE /* LayoutableButton.swift */,
				BF489FCE25E5A93600F901B8 /* CustomTextView.swift */,
			);
			path = Components;
			sourceTree = "<group>";
		};
		BF9A5FF52593F8A400BBE399 /* DesignSystem */ = {
			isa = PBXGroup;
			children = (
				BF9A5FF62593F8B100BBE399 /* Metrics.swift */,
			);
			path = DesignSystem;
			sourceTree = "<group>";
		};
		BFA32513259A3100007BF348 /* Views */ = {
			isa = PBXGroup;
			children = (
				BFA32514259A310D007BF348 /* CustomLoadingView.swift */,
				BFA32519259A3138007BF348 /* CustomLoadingTableViewCell.swift */,
				BF2F50FB2600291C0078AD62 /* EmptyView.swift */,
				BF93DEC52601515A00BBA060 /* EmptyTableViewCell.swift */,
				BF2B97EF2602AA6300C7821B /* ErrorView.swift */,
				BFDAAE402603F5F400E67F81 /* ErrorTableViewCell.swift */,
			);
			path = Views;
			sourceTree = "<group>";
		};
		BFAA914525E5AF1900C9936D /* AddNewTool */ = {
			isa = PBXGroup;
			children = (
				BFAA914625E5AF2F00C9936D /* Views */,
				BFAA916325E5BB1300C9936D /* AddNewToolConfiguratorTests.swift */,
				BFAA916725E5BB6E00C9936D /* AddNewToolRouterTests.swift */,
				BFAA916B25E5BC2800C9936D /* AddNewToolViewControllerTests.swift */,
			);
			path = AddNewTool;
			sourceTree = "<group>";
		};
		BFAA914625E5AF2F00C9936D /* Views */ = {
			isa = PBXGroup;
			children = (
				BFAA914725E5AF3B00C9936D /* AddNewToolContentViewTests.swift */,
			);
			path = Views;
			sourceTree = "<group>";
		};
		BFAA916F25E5BD0500C9936D /* AddNewTool */ = {
			isa = PBXGroup;
			children = (
				BFAA917025E5BD0E00C9936D /* AddNewToolRouterDummy.swift */,
			);
			path = AddNewTool;
			sourceTree = "<group>";
		};
		BFAA917D25E5BE6000C9936D /* AddNewTool */ = {
			isa = PBXGroup;
			children = (
				BFAA917725E5BE3D00C9936D /* AddNewToolRouterSpy.swift */,
			);
			path = AddNewTool;
			sourceTree = "<group>";
		};
		BFAA918025E6C9B000C9936D /* UI */ = {
			isa = PBXGroup;
			children = (
				BFAA918525E6C9F200C9936D /* FlowLayouts */,
				BF8D067125E05B4B0045EAFE /* Components */,
				BFA32513259A3100007BF348 /* Views */,
				BF9A5FF52593F8A400BBE399 /* DesignSystem */,
			);
			path = UI;
			sourceTree = "<group>";
		};
		BFAA918525E6C9F200C9936D /* FlowLayouts */ = {
			isa = PBXGroup;
			children = (
				BFAA918625E6CA1200C9936D /* AlignedCollectionViewFlowLayout.swift */,
			);
			path = FlowLayouts;
			sourceTree = "<group>";
		};
		BFB1048D26126C6100AA4307 /* Decoder */ = {
			isa = PBXGroup;
			children = (
				BFB1048E26126C8300AA4307 /* NetworkResponseDecoder.swift */,
				BFB1049226126D2500AA4307 /* DefaultResponseDecoder.swift */,
			);
			path = Decoder;
			sourceTree = "<group>";
		};
		BFD277B725F6BCEF004016C8 /* RemoveTool */ = {
			isa = PBXGroup;
			children = (
				BFD277BC25F6BD36004016C8 /* Views */,
				BFD277B825F6BD1B004016C8 /* RemoveToolViewController.swift */,
				BF764A1825F84A820096C623 /* RemoveToolRouter.swift */,
				BF764A2125F84C110096C623 /* RemoveToolPresenter.swift */,
				BF764A2525F84CDD0096C623 /* RemoveToolInteractor.swift */,
				BF764A2925F84DA70096C623 /* RemoveToolConfigurator.swift */,
			);
			path = RemoveTool;
			sourceTree = "<group>";
		};
		BFD277BC25F6BD36004016C8 /* Views */ = {
			isa = PBXGroup;
			children = (
				BFD277BD25F6BD59004016C8 /* RemoveToolContentView.swift */,
			);
			path = Views;
			sourceTree = "<group>";
		};
		BFD277C325F6C6F6004016C8 /* RemoveTool */ = {
			isa = PBXGroup;
			children = (
				BFD277C425F6C6FD004016C8 /* Views */,
				BFFFA87425F96CAE000BC298 /* RemoveToolRouterTests.swift */,
				BFFFA87825F96DB4000BC298 /* RemoveToolConfiguratorTests.swift */,
				BFFFA87C25F972A9000BC298 /* RemoveToolInteractorTests.swift */,
				BFFFA89525F978E5000BC298 /* RemoveToolPresenterTests.swift */,
				BF31606A25FBD7D200FF1804 /* RemoveToolViewControllerTests.swift */,
			);
			path = RemoveTool;
			sourceTree = "<group>";
		};
		BFD277C425F6C6FD004016C8 /* Views */ = {
			isa = PBXGroup;
			children = (
				BFD277C525F6C73D004016C8 /* RemoveToolContentViewTests.swift */,
			);
			path = Views;
			sourceTree = "<group>";
		};
		BFDB6E1E2613CD8000AA0759 /* Request */ = {
			isa = PBXGroup;
			children = (
				BFEAF16C260BEC6C00B29F04 /* NetworkRequest.swift */,
				BFDB6E1F2613CDDB00AA0759 /* HTTPMethod.swift */,
				BF92A2B7261542510026DD33 /* BaseURL.swift */,
				BF92A2BB2615430D0026DD33 /* URLProvider.swift */,
				BF6A74BA2617B4B800155DF5 /* URLParameters.swift */,
				BF6A74BE2617B5E300155DF5 /* HTTPBody.swift */,
				BF8778FF261B5AB3001E22A9 /* NetworkConfiguration.swift */,
				BF678500261E60DA00738F99 /* HTTPRequest.swift */,
			);
			path = Request;
			sourceTree = "<group>";
		};
		BFE8ADFD25DF048F006ED5CA /* AddNewTool */ = {
			isa = PBXGroup;
			children = (
				BFE8AE0425DF04B4006ED5CA /* Views */,
				BFE8ADFE25DF049F006ED5CA /* AddNewToolViewController.swift */,
				BFAA915325E5B45300C9936D /* AddNewToolRouter.swift */,
				BFAA915725E5B5D500C9936D /* AddNewToolConfigurator.swift */,
			);
			path = AddNewTool;
			sourceTree = "<group>";
		};
		BFE8AE0425DF04B4006ED5CA /* Views */ = {
			isa = PBXGroup;
			children = (
				BFE8AE0525DF04D2006ED5CA /* AddNewToolContentView.swift */,
			);
			path = Views;
			sourceTree = "<group>";
		};
		BFE8AE1125DF1353006ED5CA /* Dummies */ = {
			isa = PBXGroup;
			children = (
				BFE8AE1225DF1359006ED5CA /* Scenes */,
				BF6784F8261E607D00738F99 /* URLProviderDummy.swift */,
				BF4169472624827A00989DA1 /* URLSessionDummy.swift */,
				BF4169522624866D00989DA1 /* HTTPClientDummy.swift */,
				BFFDFDE52628E2570039B4EB /* NetworkDispatcherDummy.swift */,
			);
			path = Dummies;
			sourceTree = "<group>";
		};
		BFE8AE1225DF1359006ED5CA /* Scenes */ = {
			isa = PBXGroup;
			children = (
				BFFFA88025F97675000BC298 /* RemoveTool */,
				BFAA916F25E5BD0500C9936D /* AddNewTool */,
				BFE8AE1325DF135D006ED5CA /* Home */,
			);
			path = Scenes;
			sourceTree = "<group>";
		};
		BFE8AE1325DF135D006ED5CA /* Home */ = {
			isa = PBXGroup;
			children = (
				BFE8AE1425DF1366006ED5CA /* HomeRouterDummy.swift */,
				BF3140F825E8624800D5F766 /* HomeInteractorDummy.swift */,
				BF7EB25725ED90CF004EA9AD /* HomeDisplayLogicDummy.swift */,
				BF69835825EECF6D00603AF0 /* HomePresenterDummy.swift */,
				BF69835C25EECF9200603AF0 /* GetUsefulToolsUseCaseDummy.swift */,
			);
			path = Home;
			sourceTree = "<group>";
		};
		BFE8AE1E25DF14DE006ED5CA /* Extensions */ = {
			isa = PBXGroup;
			children = (
				BF53CB8725ED92600014E967 /* Scenes */,
				BFE8AE1F25DF14EA006ED5CA /* MirrorExtensions.swift */,
				BF7CFC682609433500D977F0 /* XCTestCase+MemoryLeakTracking.swift */,
				BF356089262A2197009362A8 /* ToolResponseEntityExtensions.swift */,
			);
			path = Extensions;
			sourceTree = "<group>";
		};
		BFEAF154260BE8A900B29F04 /* Network */ = {
			isa = PBXGroup;
			children = (
				BF007E5526192E2B0042F852 /* Builders */,
				BFB1048D26126C6100AA4307 /* Decoder */,
				BF2317E8260D34EE00315A5F /* URLSession */,
				BFEAF165260BEB8700B29F04 /* Dispatcher */,
				BFEAF155260BE8B300B29F04 /* Models */,
			);
			path = Network;
			sourceTree = "<group>";
		};
		BFEAF155260BE8B300B29F04 /* Models */ = {
			isa = PBXGroup;
			children = (
				BFDB6E1E2613CD8000AA0759 /* Request */,
				BFEAF156260BE8D800B29F04 /* Status.swift */,
				BFEAF15C260BE97C00B29F04 /* NetworkResponse.swift */,
				BFEAF161260BEA9D00B29F04 /* NetworkError.swift */,
				BF6784F4261E5E5600738F99 /* Constants.swift */,
			);
			path = Models;
			sourceTree = "<group>";
		};
		BFEAF165260BEB8700B29F04 /* Dispatcher */ = {
			isa = PBXGroup;
			children = (
				BFEAF166260BEBC700B29F04 /* NetworkDispatcher.swift */,
				BF2317F1260D352D00315A5F /* DefaultNetworkDispatcher.swift */,
			);
			path = Dispatcher;
			sourceTree = "<group>";
		};
		BFFDFDDE2628DD160039B4EB /* Services */ = {
			isa = PBXGroup;
			children = (
				BFFDFDDF2628DD270039B4EB /* ToolsServicesTests.swift */,
			);
			path = Services;
			sourceTree = "<group>";
		};
		BFFFA88025F97675000BC298 /* RemoveTool */ = {
			isa = PBXGroup;
			children = (
				BFFFA88125F97685000BC298 /* RemoveToolPresenterDummy.swift */,
				BFFFA89925F97A54000BC298 /* RemoveToolDisplayLogicDummy.swift */,
			);
			path = RemoveTool;
			sourceTree = "<group>";
		};
		BFFFA88725F976A4000BC298 /* RemoveTool */ = {
			isa = PBXGroup;
			children = (
				BFFFA88825F976BC000BC298 /* RemoveToolPresenterSpy.swift */,
				BFFFA89D25F97ACE000BC298 /* RemoveToolDisplayLogicSpy.swift */,
			);
			path = RemoveTool;
			sourceTree = "<group>";
		};
		BFFFA88E25F97770000BC298 /* RemoveTool */ = {
			isa = PBXGroup;
			children = (
				BFFFA88F25F97784000BC298 /* RemoveToolSceneParametersExtensions.swift */,
			);
			path = RemoveTool;
			sourceTree = "<group>";
		};
/* End PBXGroup section */

/* Begin PBXNativeTarget section */
		BF5F98DF2593DFEB00E28356 /* VeryUsefulToolstoRemember */ = {
			isa = PBXNativeTarget;
			buildConfigurationList = BF5F990A2593DFF200E28356 /* Build configuration list for PBXNativeTarget "VeryUsefulToolstoRemember" */;
			buildPhases = (
				3CD6229783DBAE1715A19C9E /* [CP] Check Pods Manifest.lock */,
				BF6B9929262E48C300D9F02B /* ShellScript */,
				BF5F98DC2593DFEB00E28356 /* Sources */,
				BF5F98DD2593DFEB00E28356 /* Frameworks */,
				BF5F98DE2593DFEB00E28356 /* Resources */,
			);
			buildRules = (
			);
			dependencies = (
			);
			name = VeryUsefulToolstoRemember;
			productName = VeryUsefulToolstoRemember;
			productReference = BF5F98E02593DFEB00E28356 /* VeryUsefulToolstoRemember.app */;
			productType = "com.apple.product-type.application";
		};
		BF5F98F52593DFF200E28356 /* VeryUsefulToolstoRememberTests */ = {
			isa = PBXNativeTarget;
			buildConfigurationList = BF5F990D2593DFF200E28356 /* Build configuration list for PBXNativeTarget "VeryUsefulToolstoRememberTests" */;
			buildPhases = (
				A4BC2995EABAAA0F43F814C9 /* [CP] Check Pods Manifest.lock */,
				BF5F98F22593DFF200E28356 /* Sources */,
				BF5F98F32593DFF200E28356 /* Frameworks */,
				BF5F98F42593DFF200E28356 /* Resources */,
				E0123E1085B29F7ACC0096CE /* [CP] Embed Pods Frameworks */,
			);
			buildRules = (
			);
			dependencies = (
				BF5F98F82593DFF200E28356 /* PBXTargetDependency */,
			);
			name = VeryUsefulToolstoRememberTests;
			productName = VeryUsefulToolstoRememberTests;
			productReference = BF5F98F62593DFF200E28356 /* VeryUsefulToolstoRememberTests.xctest */;
			productType = "com.apple.product-type.bundle.unit-test";
		};
/* End PBXNativeTarget section */

/* Begin PBXProject section */
		BF5F98D82593DFEB00E28356 /* Project object */ = {
			isa = PBXProject;
			attributes = {
				LastSwiftUpdateCheck = 1230;
				LastUpgradeCheck = 1230;
				ORGANIZATIONNAME = "Ana Letícia Camargos";
				TargetAttributes = {
					BF5F98DF2593DFEB00E28356 = {
						CreatedOnToolsVersion = 12.3;
					};
					BF5F98F52593DFF200E28356 = {
						CreatedOnToolsVersion = 12.3;
						TestTargetID = BF5F98DF2593DFEB00E28356;
					};
				};
			};
			buildConfigurationList = BF5F98DB2593DFEB00E28356 /* Build configuration list for PBXProject "VeryUsefulToolstoRemember" */;
			compatibilityVersion = "Xcode 9.3";
			developmentRegion = en;
			hasScannedForEncodings = 0;
			knownRegions = (
				en,
				Base,
				"pt-BR",
				es,
			);
			mainGroup = BF5F98D72593DFEB00E28356;
			productRefGroup = BF5F98E12593DFEB00E28356 /* Products */;
			projectDirPath = "";
			projectRoot = "";
			targets = (
				BF5F98DF2593DFEB00E28356 /* VeryUsefulToolstoRemember */,
				BF5F98F52593DFF200E28356 /* VeryUsefulToolstoRememberTests */,
			);
		};
/* End PBXProject section */

/* Begin PBXResourcesBuildPhase section */
		BF5F98DE2593DFEB00E28356 /* Resources */ = {
			isa = PBXResourcesBuildPhase;
			buildActionMask = 2147483647;
			files = (
				BF9A60142594029600BBE399 /* Localizable.strings in Resources */,
				BF5F98F02593DFF200E28356 /* LaunchScreen.storyboard in Resources */,
				BF5F99592593F7AD00E28356 /* SourceSansPro-SemiBold.ttf in Resources */,
				BF5F98ED2593DFF200E28356 /* Assets.xcassets in Resources */,
				BF5F99582593F7AD00E28356 /* SourceSansPro-Regular.ttf in Resources */,
			);
			runOnlyForDeploymentPostprocessing = 0;
		};
		BF5F98F42593DFF200E28356 /* Resources */ = {
			isa = PBXResourcesBuildPhase;
			buildActionMask = 2147483647;
			files = (
			);
			runOnlyForDeploymentPostprocessing = 0;
		};
/* End PBXResourcesBuildPhase section */

/* Begin PBXShellScriptBuildPhase section */
		3CD6229783DBAE1715A19C9E /* [CP] Check Pods Manifest.lock */ = {
			isa = PBXShellScriptBuildPhase;
			buildActionMask = 2147483647;
			files = (
			);
			inputFileListPaths = (
			);
			inputPaths = (
				"${PODS_PODFILE_DIR_PATH}/Podfile.lock",
				"${PODS_ROOT}/Manifest.lock",
			);
			name = "[CP] Check Pods Manifest.lock";
			outputFileListPaths = (
			);
			outputPaths = (
				"$(DERIVED_FILE_DIR)/Pods-VeryUsefulToolstoRemember-checkManifestLockResult.txt",
			);
			runOnlyForDeploymentPostprocessing = 0;
			shellPath = /bin/sh;
			shellScript = "diff \"${PODS_PODFILE_DIR_PATH}/Podfile.lock\" \"${PODS_ROOT}/Manifest.lock\" > /dev/null\nif [ $? != 0 ] ; then\n    # print error to STDERR\n    echo \"error: The sandbox is not in sync with the Podfile.lock. Run 'pod install' or update your CocoaPods installation.\" >&2\n    exit 1\nfi\n# This output is used by Xcode 'outputs' to avoid re-running this script phase.\necho \"SUCCESS\" > \"${SCRIPT_OUTPUT_FILE_0}\"\n";
			showEnvVarsInLog = 0;
		};
		A4BC2995EABAAA0F43F814C9 /* [CP] Check Pods Manifest.lock */ = {
			isa = PBXShellScriptBuildPhase;
			buildActionMask = 2147483647;
			files = (
			);
			inputFileListPaths = (
			);
			inputPaths = (
				"${PODS_PODFILE_DIR_PATH}/Podfile.lock",
				"${PODS_ROOT}/Manifest.lock",
			);
			name = "[CP] Check Pods Manifest.lock";
			outputFileListPaths = (
			);
			outputPaths = (
				"$(DERIVED_FILE_DIR)/Pods-VeryUsefulToolstoRememberTests-checkManifestLockResult.txt",
			);
			runOnlyForDeploymentPostprocessing = 0;
			shellPath = /bin/sh;
			shellScript = "diff \"${PODS_PODFILE_DIR_PATH}/Podfile.lock\" \"${PODS_ROOT}/Manifest.lock\" > /dev/null\nif [ $? != 0 ] ; then\n    # print error to STDERR\n    echo \"error: The sandbox is not in sync with the Podfile.lock. Run 'pod install' or update your CocoaPods installation.\" >&2\n    exit 1\nfi\n# This output is used by Xcode 'outputs' to avoid re-running this script phase.\necho \"SUCCESS\" > \"${SCRIPT_OUTPUT_FILE_0}\"\n";
			showEnvVarsInLog = 0;
		};
		BF6B9929262E48C300D9F02B /* ShellScript */ = {
			isa = PBXShellScriptBuildPhase;
			buildActionMask = 2147483647;
			files = (
			);
			inputFileListPaths = (
			);
			inputPaths = (
			);
			outputFileListPaths = (
			);
			outputPaths = (
			);
			runOnlyForDeploymentPostprocessing = 0;
			shellPath = /bin/sh;
			shellScript = "if which swiftlint >/dev/null; then\n  swiftlint autocorrect && swiftlint\nelse\n  echo \"warning: SwiftLint not installed, download from https://github.com/realm/SwiftLint\"\nfi\n";
		};
		E0123E1085B29F7ACC0096CE /* [CP] Embed Pods Frameworks */ = {
			isa = PBXShellScriptBuildPhase;
			buildActionMask = 2147483647;
			files = (
			);
			inputFileListPaths = (
				"${PODS_ROOT}/Target Support Files/Pods-VeryUsefulToolstoRememberTests/Pods-VeryUsefulToolstoRememberTests-frameworks-${CONFIGURATION}-input-files.xcfilelist",
			);
			name = "[CP] Embed Pods Frameworks";
			outputFileListPaths = (
				"${PODS_ROOT}/Target Support Files/Pods-VeryUsefulToolstoRememberTests/Pods-VeryUsefulToolstoRememberTests-frameworks-${CONFIGURATION}-output-files.xcfilelist",
			);
			runOnlyForDeploymentPostprocessing = 0;
			shellPath = /bin/sh;
			shellScript = "\"${PODS_ROOT}/Target Support Files/Pods-VeryUsefulToolstoRememberTests/Pods-VeryUsefulToolstoRememberTests-frameworks.sh\"\n";
			showEnvVarsInLog = 0;
		};
/* End PBXShellScriptBuildPhase section */

/* Begin PBXSourcesBuildPhase section */
		BF5F98DC2593DFEB00E28356 /* Sources */ = {
			isa = PBXSourcesBuildPhase;
			buildActionMask = 2147483647;
			files = (
				BF764A2225F84C110096C623 /* RemoveToolPresenter.swift in Sources */,
				BF11FE71262769F1003A5E66 /* ToolResponseEntity.swift in Sources */,
				BFAA919125E6CF7B00C9936D /* UICollectionViewExtensions.swift in Sources */,
				BFAA918D25E6CDA300C9936D /* TagCell.swift in Sources */,
				BF5F99462593F0FF00E28356 /* HomeContentView.swift in Sources */,
				BFDAAE412603F5F400E67F81 /* ErrorTableViewCell.swift in Sources */,
				BF145C422594059700BBAA52 /* Strings.swift in Sources */,
				BF5F98E42593DFEB00E28356 /* AppDelegate.swift in Sources */,
				BFAA918725E6CA1200C9936D /* AlignedCollectionViewFlowLayout.swift in Sources */,
				BFA32515259A310D007BF348 /* CustomLoadingView.swift in Sources */,
				BF9A5FF12593F84000BBE399 /* UIFontExtensions.swift in Sources */,
				BF007E5726192E3B0042F852 /* NetworkRequestBuilder.swift in Sources */,
				BF7EB24725ED861F004EA9AD /* GetUsefulToolsUseCase.swift in Sources */,
				BFB1048F26126C8300AA4307 /* NetworkResponseDecoder.swift in Sources */,
				BFE8ADFF25DF049F006ED5CA /* AddNewToolViewController.swift in Sources */,
				BF2C9BF425DDB8C300396C74 /* CustomTextField.swift in Sources */,
				BF5F99512593F5D400E28356 /* UIView+Autolayout.swift in Sources */,
				BF2317EA260D351300315A5F /* URLSessionProvider.swift in Sources */,
				BF3140EF25E85F5100D5F766 /* HomePresenter.swift in Sources */,
				BFAA915825E5B5D500C9936D /* AddNewToolConfigurator.swift in Sources */,
				BFEAF16D260BEC6C00B29F04 /* NetworkRequest.swift in Sources */,
				BF6784F5261E5E5600738F99 /* Constants.swift in Sources */,
				BF7EB24E25ED8911004EA9AD /* GetUsefulToolsUseCaseModels.swift in Sources */,
				BF2F50FC2600291C0078AD62 /* EmptyView.swift in Sources */,
				BF3140EB25E85EE500D5F766 /* HomeInteractor.swift in Sources */,
				BF92A2B8261542510026DD33 /* BaseURL.swift in Sources */,
				BFE8AE0625DF04D2006ED5CA /* AddNewToolContentView.swift in Sources */,
				BF764A2625F84CDD0096C623 /* RemoveToolInteractor.swift in Sources */,
				BF8D067B25E0600E0045EAFE /* LayoutableButton.swift in Sources */,
				BFEAF162260BEA9D00B29F04 /* NetworkError.swift in Sources */,
				BF93DEC62601515A00BBA060 /* EmptyTableViewCell.swift in Sources */,
				BFE8AE0E25DF11DF006ED5CA /* HomeConfigurator.swift in Sources */,
				BF6A74BF2617B5E300155DF5 /* HTTPBody.swift in Sources */,
				BF489FCF25E5A93600F901B8 /* CustomTextView.swift in Sources */,
				BF9A5FF72593F8B100BBE399 /* Metrics.swift in Sources */,
				BF2B97F02602AA6300C7821B /* ErrorView.swift in Sources */,
				BFA3252C259A321D007BF348 /* UITableViewExtensions.swift in Sources */,
				BF11FE682627639C003A5E66 /* ToolsServices.swift in Sources */,
				BFA32536259A6652007BF348 /* HomeModels.swift in Sources */,
				BF2317F2260D352D00315A5F /* DefaultNetworkDispatcher.swift in Sources */,
				BFEAF157260BE8D800B29F04 /* Status.swift in Sources */,
				BF764A1925F84A820096C623 /* RemoveToolRouter.swift in Sources */,
				BF6A74BB2617B4B800155DF5 /* URLParameters.swift in Sources */,
				BF2317F6260D35A600315A5F /* URLSessionHTTPClient.swift in Sources */,
				BFF5AF4E259BEEC400BA97A5 /* UIImageExtensions.swift in Sources */,
				BFDB6E202613CDDB00AA0759 /* HTTPMethod.swift in Sources */,
				BF9A5FFF2593FC5700BBE399 /* UINavigationBarExtensions.swift in Sources */,
				BF678501261E60DA00738F99 /* HTTPRequest.swift in Sources */,
				BFA32531259A64AA007BF348 /* UIColorExtensions.swift in Sources */,
				BFA3250F259A30CE007BF348 /* UsefulToolCell.swift in Sources */,
				BFB1049326126D2500AA4307 /* DefaultResponseDecoder.swift in Sources */,
				BF764A2A25F84DA70096C623 /* RemoveToolConfigurator.swift in Sources */,
				BFAA915425E5B45300C9936D /* AddNewToolRouter.swift in Sources */,
				BF2C334526324056000DB066 /* NoEntity.swift in Sources */,
				BFA32527259A31A0007BF348 /* NSObjectExtensions.swift in Sources */,
				BF5F99402593F0D600E28356 /* HomeViewController.swift in Sources */,
				BF8D067725E05BDA0045EAFE /* ButtonLayoutStyles.swift in Sources */,
				BF11FE6C262764CE003A5E66 /* ToolsRequest.swift in Sources */,
				BF8D067325E05B5F0045EAFE /* UIButton+Layout.swift in Sources */,
				BFEAF15D260BE97C00B29F04 /* NetworkResponse.swift in Sources */,
				BFEAF167260BEBC700B29F04 /* NetworkDispatcher.swift in Sources */,
				BF877900261B5AB3001E22A9 /* NetworkConfiguration.swift in Sources */,
				BFA3253B259A6B12007BF348 /* UIViewExtensions.swift in Sources */,
				BFA3251A259A3138007BF348 /* CustomLoadingTableViewCell.swift in Sources */,
				BF92A2BC2615430D0026DD33 /* URLProvider.swift in Sources */,
				BFD277B925F6BD1C004016C8 /* RemoveToolViewController.swift in Sources */,
				BF8778FC261B5880001E22A9 /* DefaultRequestBuilder.swift in Sources */,
				BF5F994C2593F13C00E28356 /* ViewCode.swift in Sources */,
				BFD277BE25F6BD59004016C8 /* RemoveToolContentView.swift in Sources */,
				BFE8AE0A25DF10A0006ED5CA /* HomeRouter.swift in Sources */,
			);
			runOnlyForDeploymentPostprocessing = 0;
		};
		BF5F98F22593DFF200E28356 /* Sources */ = {
			isa = PBXSourcesBuildPhase;
			buildActionMask = 2147483647;
			files = (
				BF416957262486A700989DA1 /* HTTPClientMock.swift in Sources */,
				BFD277C625F6C73D004016C8 /* RemoveToolContentViewTests.swift in Sources */,
				BFAA916025E5B83100C9936D /* UIViewControllerSpy.swift in Sources */,
				BF53CB9425ED93600014E967 /* HomeInteractorTests.swift in Sources */,
				BF69836125EECFB800603AF0 /* HomePresenterSpy.swift in Sources */,
				BFAA917125E5BD0E00C9936D /* AddNewToolRouterDummy.swift in Sources */,
				BF53CB9025ED92B00014E967 /* HomeModelsExtensions.swift in Sources */,
				BFAA916425E5BB1300C9936D /* AddNewToolConfiguratorTests.swift in Sources */,
				BF4829D7261F7F580096FB78 /* DefaultResponseDecoderTests.swift in Sources */,
				BF7EB25425ED8EA3004EA9AD /* HomePresenterTests.swift in Sources */,
				BF03B7B1259B6C9A00DF170A /* HomeContentViewTests.swift in Sources */,
				BFAA915C25E5B74F00C9936D /* HomeRouterTests.swift in Sources */,
				BF03B7B9259B6E8200DF170A /* UsefulToolCellTests.swift in Sources */,
				BF53CB8A25ED92710014E967 /* GetUsefulToolsUseCaseModelsExtensions.swift in Sources */,
				BF4169482624827A00989DA1 /* URLSessionDummy.swift in Sources */,
				BF53CB8425ED92190014E967 /* HomeDisplayLogicSpy.swift in Sources */,
				BFAA915025E5B37400C9936D /* CustomTextViewTests.swift in Sources */,
				BF41694226247E8100989DA1 /* DefaultNetworkDispatcherTests.swift in Sources */,
				BF31606B25FBD7D200FF1804 /* RemoveToolViewControllerTests.swift in Sources */,
				BFFDFDE02628DD270039B4EB /* ToolsServicesTests.swift in Sources */,
				BF6784F9261E607D00738F99 /* URLProviderDummy.swift in Sources */,
				BF2C9C1625DDCAA000396C74 /* HomeContentViewSpy.swift in Sources */,
				BF2C9BFD25DDC09500396C74 /* CustomTextFieldTests.swift in Sources */,
				BF3E0CD22625D7E8003A31CF /* DefaultURLProviderTests.swift in Sources */,
				BF7CFC692609433600D977F0 /* XCTestCase+MemoryLeakTracking.swift in Sources */,
				BFFFA88225F97685000BC298 /* RemoveToolPresenterDummy.swift in Sources */,
				BF69835925EECF6D00603AF0 /* HomePresenterDummy.swift in Sources */,
				BFFFA89625F978E5000BC298 /* RemoveToolPresenterTests.swift in Sources */,
				BFE8AE2025DF14EA006ED5CA /* MirrorExtensions.swift in Sources */,
				BFFFA88925F976BC000BC298 /* RemoveToolPresenterSpy.swift in Sources */,
				BF35608A262A2197009362A8 /* ToolResponseEntityExtensions.swift in Sources */,
				BF4169532624866D00989DA1 /* HTTPClientDummy.swift in Sources */,
				BFAA916C25E5BC2800C9936D /* AddNewToolViewControllerTests.swift in Sources */,
				BFFFA89A25F97A54000BC298 /* RemoveToolDisplayLogicDummy.swift in Sources */,
				BFFDFDEA2628E2820039B4EB /* NetworkDispatcherMock.swift in Sources */,
				BF69835D25EECF9200603AF0 /* GetUsefulToolsUseCaseDummy.swift in Sources */,
				BF41694D262482AF00989DA1 /* URLSessionMock.swift in Sources */,
				BF6784EF261E580700738F99 /* DefaultRequestBuilderTests.swift in Sources */,
				BF6784FD261E609C00738F99 /* URLProviderSpy.swift in Sources */,
				BFE8AE2625DF1620006ED5CA /* HomeRouterSpy.swift in Sources */,
				BFFDFDE62628E2570039B4EB /* NetworkDispatcherDummy.swift in Sources */,
				BF3E63C62620A3B8008DC5D2 /* URLSessionHTTPClientTests.swift in Sources */,
				BFAA914825E5AF3B00C9936D /* AddNewToolContentViewTests.swift in Sources */,
				BFFFA87525F96CAE000BC298 /* RemoveToolRouterTests.swift in Sources */,
				BF3140F925E8624800D5F766 /* HomeInteractorDummy.swift in Sources */,
				BF69836E25EEDA9700603AF0 /* HomeInteractorSpy.swift in Sources */,
				BFAA916825E5BB6E00C9936D /* AddNewToolRouterTests.swift in Sources */,
				BFFFA89025F97784000BC298 /* RemoveToolSceneParametersExtensions.swift in Sources */,
				BF69836825EECFE700603AF0 /* GetUsefulToolsUseCaseStub.swift in Sources */,
				BFAA917825E5BE3D00C9936D /* AddNewToolRouterSpy.swift in Sources */,
				BFFFA87D25F972A9000BC298 /* RemoveToolInteractorTests.swift in Sources */,
				BFFFA87925F96DB4000BC298 /* RemoveToolConfiguratorTests.swift in Sources */,
				BF7EB25825ED90CF004EA9AD /* HomeDisplayLogicDummy.swift in Sources */,
				BFE8AE1525DF1366006ED5CA /* HomeRouterDummy.swift in Sources */,
				BF2C9C0325DDC8D300396C74 /* HomeViewControllerTests.swift in Sources */,
				BFFFA89E25F97ACE000BC298 /* RemoveToolDisplayLogicSpy.swift in Sources */,
				BFE8AE1B25DF143C006ED5CA /* HomeConfiguratorTests.swift in Sources */,
			);
			runOnlyForDeploymentPostprocessing = 0;
		};
/* End PBXSourcesBuildPhase section */

/* Begin PBXTargetDependency section */
		BF5F98F82593DFF200E28356 /* PBXTargetDependency */ = {
			isa = PBXTargetDependency;
			target = BF5F98DF2593DFEB00E28356 /* VeryUsefulToolstoRemember */;
			targetProxy = BF5F98F72593DFF200E28356 /* PBXContainerItemProxy */;
		};
/* End PBXTargetDependency section */

/* Begin PBXVariantGroup section */
		BF5F98EE2593DFF200E28356 /* LaunchScreen.storyboard */ = {
			isa = PBXVariantGroup;
			children = (
				BF5F98EF2593DFF200E28356 /* Base */,
				BF9A60032594022200BBE399 /* pt-BR */,
				BF9A601B259402C500BBE399 /* es */,
			);
			name = LaunchScreen.storyboard;
			sourceTree = "<group>";
		};
		BF9A60162594029600BBE399 /* Localizable.strings */ = {
			isa = PBXVariantGroup;
			children = (
				BF9A60152594029600BBE399 /* en */,
				BF9A601A2594029A00BBE399 /* pt-BR */,
				BF9A601C259402C500BBE399 /* es */,
			);
			name = Localizable.strings;
			sourceTree = "<group>";
		};
/* End PBXVariantGroup section */

/* Begin XCBuildConfiguration section */
		BF5F99082593DFF200E28356 /* Debug */ = {
			isa = XCBuildConfiguration;
			buildSettings = {
				ALWAYS_SEARCH_USER_PATHS = NO;
				CLANG_ANALYZER_LOCALIZABILITY_NONLOCALIZED = YES;
				CLANG_ANALYZER_NONNULL = YES;
				CLANG_ANALYZER_NUMBER_OBJECT_CONVERSION = YES_AGGRESSIVE;
				CLANG_CXX_LANGUAGE_STANDARD = "gnu++14";
				CLANG_CXX_LIBRARY = "libc++";
				CLANG_ENABLE_MODULES = YES;
				CLANG_ENABLE_OBJC_ARC = YES;
				CLANG_ENABLE_OBJC_WEAK = YES;
				CLANG_WARN_BLOCK_CAPTURE_AUTORELEASING = YES;
				CLANG_WARN_BOOL_CONVERSION = YES;
				CLANG_WARN_COMMA = YES;
				CLANG_WARN_CONSTANT_CONVERSION = YES;
				CLANG_WARN_DEPRECATED_OBJC_IMPLEMENTATIONS = YES;
				CLANG_WARN_DIRECT_OBJC_ISA_USAGE = YES_ERROR;
				CLANG_WARN_DOCUMENTATION_COMMENTS = YES;
				CLANG_WARN_EMPTY_BODY = YES;
				CLANG_WARN_ENUM_CONVERSION = YES;
				CLANG_WARN_INFINITE_RECURSION = YES;
				CLANG_WARN_INT_CONVERSION = YES;
				CLANG_WARN_NON_LITERAL_NULL_CONVERSION = YES;
				CLANG_WARN_OBJC_IMPLICIT_RETAIN_SELF = YES;
				CLANG_WARN_OBJC_LITERAL_CONVERSION = YES;
				CLANG_WARN_OBJC_ROOT_CLASS = YES_ERROR;
				CLANG_WARN_QUOTED_INCLUDE_IN_FRAMEWORK_HEADER = YES;
				CLANG_WARN_RANGE_LOOP_ANALYSIS = YES;
				CLANG_WARN_STRICT_PROTOTYPES = YES;
				CLANG_WARN_SUSPICIOUS_MOVE = YES;
				CLANG_WARN_UNGUARDED_AVAILABILITY = YES_AGGRESSIVE;
				CLANG_WARN_UNREACHABLE_CODE = YES;
				CLANG_WARN__DUPLICATE_METHOD_MATCH = YES;
				COPY_PHASE_STRIP = NO;
				DEBUG_INFORMATION_FORMAT = dwarf;
				ENABLE_STRICT_OBJC_MSGSEND = YES;
				ENABLE_TESTABILITY = YES;
				GCC_C_LANGUAGE_STANDARD = gnu11;
				GCC_DYNAMIC_NO_PIC = NO;
				GCC_NO_COMMON_BLOCKS = YES;
				GCC_OPTIMIZATION_LEVEL = 0;
				GCC_PREPROCESSOR_DEFINITIONS = (
					"DEBUG=1",
					"$(inherited)",
				);
				GCC_WARN_64_TO_32_BIT_CONVERSION = YES;
				GCC_WARN_ABOUT_RETURN_TYPE = YES_ERROR;
				GCC_WARN_UNDECLARED_SELECTOR = YES;
				GCC_WARN_UNINITIALIZED_AUTOS = YES_AGGRESSIVE;
				GCC_WARN_UNUSED_FUNCTION = YES;
				GCC_WARN_UNUSED_VARIABLE = YES;
				IPHONEOS_DEPLOYMENT_TARGET = 11.0;
				MTL_ENABLE_DEBUG_INFO = INCLUDE_SOURCE;
				MTL_FAST_MATH = YES;
				ONLY_ACTIVE_ARCH = YES;
				SDKROOT = iphoneos;
				SWIFT_ACTIVE_COMPILATION_CONDITIONS = DEBUG;
				SWIFT_OPTIMIZATION_LEVEL = "-Onone";
				SWIFT_VERSION = 5.0;
			};
			name = Debug;
		};
		BF5F99092593DFF200E28356 /* Release */ = {
			isa = XCBuildConfiguration;
			buildSettings = {
				ALWAYS_SEARCH_USER_PATHS = NO;
				CLANG_ANALYZER_LOCALIZABILITY_NONLOCALIZED = YES;
				CLANG_ANALYZER_NONNULL = YES;
				CLANG_ANALYZER_NUMBER_OBJECT_CONVERSION = YES_AGGRESSIVE;
				CLANG_CXX_LANGUAGE_STANDARD = "gnu++14";
				CLANG_CXX_LIBRARY = "libc++";
				CLANG_ENABLE_MODULES = YES;
				CLANG_ENABLE_OBJC_ARC = YES;
				CLANG_ENABLE_OBJC_WEAK = YES;
				CLANG_WARN_BLOCK_CAPTURE_AUTORELEASING = YES;
				CLANG_WARN_BOOL_CONVERSION = YES;
				CLANG_WARN_COMMA = YES;
				CLANG_WARN_CONSTANT_CONVERSION = YES;
				CLANG_WARN_DEPRECATED_OBJC_IMPLEMENTATIONS = YES;
				CLANG_WARN_DIRECT_OBJC_ISA_USAGE = YES_ERROR;
				CLANG_WARN_DOCUMENTATION_COMMENTS = YES;
				CLANG_WARN_EMPTY_BODY = YES;
				CLANG_WARN_ENUM_CONVERSION = YES;
				CLANG_WARN_INFINITE_RECURSION = YES;
				CLANG_WARN_INT_CONVERSION = YES;
				CLANG_WARN_NON_LITERAL_NULL_CONVERSION = YES;
				CLANG_WARN_OBJC_IMPLICIT_RETAIN_SELF = YES;
				CLANG_WARN_OBJC_LITERAL_CONVERSION = YES;
				CLANG_WARN_OBJC_ROOT_CLASS = YES_ERROR;
				CLANG_WARN_QUOTED_INCLUDE_IN_FRAMEWORK_HEADER = YES;
				CLANG_WARN_RANGE_LOOP_ANALYSIS = YES;
				CLANG_WARN_STRICT_PROTOTYPES = YES;
				CLANG_WARN_SUSPICIOUS_MOVE = YES;
				CLANG_WARN_UNGUARDED_AVAILABILITY = YES_AGGRESSIVE;
				CLANG_WARN_UNREACHABLE_CODE = YES;
				CLANG_WARN__DUPLICATE_METHOD_MATCH = YES;
				COPY_PHASE_STRIP = NO;
				DEBUG_INFORMATION_FORMAT = "dwarf-with-dsym";
				ENABLE_NS_ASSERTIONS = NO;
				ENABLE_STRICT_OBJC_MSGSEND = YES;
				GCC_C_LANGUAGE_STANDARD = gnu11;
				GCC_NO_COMMON_BLOCKS = YES;
				GCC_WARN_64_TO_32_BIT_CONVERSION = YES;
				GCC_WARN_ABOUT_RETURN_TYPE = YES_ERROR;
				GCC_WARN_UNDECLARED_SELECTOR = YES;
				GCC_WARN_UNINITIALIZED_AUTOS = YES_AGGRESSIVE;
				GCC_WARN_UNUSED_FUNCTION = YES;
				GCC_WARN_UNUSED_VARIABLE = YES;
				IPHONEOS_DEPLOYMENT_TARGET = 11.0;
				MTL_ENABLE_DEBUG_INFO = NO;
				MTL_FAST_MATH = YES;
				SDKROOT = iphoneos;
				SWIFT_COMPILATION_MODE = wholemodule;
				SWIFT_OPTIMIZATION_LEVEL = "-O";
				SWIFT_VERSION = 5.0;
				VALIDATE_PRODUCT = YES;
			};
			name = Release;
		};
		BF5F990B2593DFF200E28356 /* Debug */ = {
			isa = XCBuildConfiguration;
			baseConfigurationReference = 8B7A3B9CE9E37CFBA77BE35D /* Pods-VeryUsefulToolstoRemember.debug.xcconfig */;
			buildSettings = {
				ASSETCATALOG_COMPILER_APPICON_NAME = AppIcon;
				ASSETCATALOG_COMPILER_GLOBAL_ACCENT_COLOR_NAME = AccentColor;
				CODE_SIGN_STYLE = Automatic;
				DEVELOPMENT_TEAM = ZR4HDJL2Y8;
				INFOPLIST_FILE = VeryUsefulToolstoRemember/Info.plist;
				IPHONEOS_DEPLOYMENT_TARGET = 11.0;
				LD_RUNPATH_SEARCH_PATHS = (
					"$(inherited)",
					"@executable_path/Frameworks",
				);
				PRODUCT_BUNDLE_IDENTIFIER = com.ana.VeryUsefulToolstoRemember;
				PRODUCT_NAME = "$(TARGET_NAME)";
				SWIFT_VERSION = 5.0;
				TARGETED_DEVICE_FAMILY = 1;
			};
			name = Debug;
		};
		BF5F990C2593DFF200E28356 /* Release */ = {
			isa = XCBuildConfiguration;
			baseConfigurationReference = C399281D9994363B194483F3 /* Pods-VeryUsefulToolstoRemember.release.xcconfig */;
			buildSettings = {
				ASSETCATALOG_COMPILER_APPICON_NAME = AppIcon;
				ASSETCATALOG_COMPILER_GLOBAL_ACCENT_COLOR_NAME = AccentColor;
				CODE_SIGN_STYLE = Automatic;
				DEVELOPMENT_TEAM = ZR4HDJL2Y8;
				INFOPLIST_FILE = VeryUsefulToolstoRemember/Info.plist;
				IPHONEOS_DEPLOYMENT_TARGET = 11.0;
				LD_RUNPATH_SEARCH_PATHS = (
					"$(inherited)",
					"@executable_path/Frameworks",
				);
				PRODUCT_BUNDLE_IDENTIFIER = com.ana.VeryUsefulToolstoRemember;
				PRODUCT_NAME = "$(TARGET_NAME)";
				SWIFT_VERSION = 5.0;
				TARGETED_DEVICE_FAMILY = 1;
			};
			name = Release;
		};
		BF5F990E2593DFF200E28356 /* Debug */ = {
			isa = XCBuildConfiguration;
			baseConfigurationReference = ECAF33C5A296DCBBC19DE99D /* Pods-VeryUsefulToolstoRememberTests.debug.xcconfig */;
			buildSettings = {
				ALWAYS_EMBED_SWIFT_STANDARD_LIBRARIES = YES;
				BUNDLE_LOADER = "$(TEST_HOST)";
				CODE_SIGN_STYLE = Automatic;
				DEVELOPMENT_TEAM = ZR4HDJL2Y8;
				INFOPLIST_FILE = VeryUsefulToolstoRememberTests/Info.plist;
				IPHONEOS_DEPLOYMENT_TARGET = 11.0;
				LD_RUNPATH_SEARCH_PATHS = (
					"$(inherited)",
					"@executable_path/Frameworks",
					"@loader_path/Frameworks",
				);
				PRODUCT_BUNDLE_IDENTIFIER = com.ana.VeryUsefulToolstoRememberTests;
				PRODUCT_NAME = "$(TARGET_NAME)";
				SWIFT_VERSION = 5.0;
				TARGETED_DEVICE_FAMILY = "1,2";
				TEST_HOST = "$(BUILT_PRODUCTS_DIR)/VeryUsefulToolstoRemember.app/VeryUsefulToolstoRemember";
			};
			name = Debug;
		};
		BF5F990F2593DFF200E28356 /* Release */ = {
			isa = XCBuildConfiguration;
			baseConfigurationReference = 15C4DB8D4EC186AF794EB4F3 /* Pods-VeryUsefulToolstoRememberTests.release.xcconfig */;
			buildSettings = {
				ALWAYS_EMBED_SWIFT_STANDARD_LIBRARIES = YES;
				BUNDLE_LOADER = "$(TEST_HOST)";
				CODE_SIGN_STYLE = Automatic;
				DEVELOPMENT_TEAM = ZR4HDJL2Y8;
				INFOPLIST_FILE = VeryUsefulToolstoRememberTests/Info.plist;
				IPHONEOS_DEPLOYMENT_TARGET = 11.0;
				LD_RUNPATH_SEARCH_PATHS = (
					"$(inherited)",
					"@executable_path/Frameworks",
					"@loader_path/Frameworks",
				);
				PRODUCT_BUNDLE_IDENTIFIER = com.ana.VeryUsefulToolstoRememberTests;
				PRODUCT_NAME = "$(TARGET_NAME)";
				SWIFT_VERSION = 5.0;
				TARGETED_DEVICE_FAMILY = "1,2";
				TEST_HOST = "$(BUILT_PRODUCTS_DIR)/VeryUsefulToolstoRemember.app/VeryUsefulToolstoRemember";
			};
			name = Release;
		};
/* End XCBuildConfiguration section */

/* Begin XCConfigurationList section */
		BF5F98DB2593DFEB00E28356 /* Build configuration list for PBXProject "VeryUsefulToolstoRemember" */ = {
			isa = XCConfigurationList;
			buildConfigurations = (
				BF5F99082593DFF200E28356 /* Debug */,
				BF5F99092593DFF200E28356 /* Release */,
			);
			defaultConfigurationIsVisible = 0;
			defaultConfigurationName = Release;
		};
		BF5F990A2593DFF200E28356 /* Build configuration list for PBXNativeTarget "VeryUsefulToolstoRemember" */ = {
			isa = XCConfigurationList;
			buildConfigurations = (
				BF5F990B2593DFF200E28356 /* Debug */,
				BF5F990C2593DFF200E28356 /* Release */,
			);
			defaultConfigurationIsVisible = 0;
			defaultConfigurationName = Release;
		};
		BF5F990D2593DFF200E28356 /* Build configuration list for PBXNativeTarget "VeryUsefulToolstoRememberTests" */ = {
			isa = XCConfigurationList;
			buildConfigurations = (
				BF5F990E2593DFF200E28356 /* Debug */,
				BF5F990F2593DFF200E28356 /* Release */,
			);
			defaultConfigurationIsVisible = 0;
			defaultConfigurationName = Release;
		};
/* End XCConfigurationList section */
	};
	rootObject = BF5F98D82593DFEB00E28356 /* Project object */;
}
