// !$*UTF8*$!
{
	archiveVersion = 1;
	classes = {
	};
	objectVersion = 50;
	objects = {

/* Begin PBXBuildFile section */
		BF145C422594059700BBAA52 /* Strings.swift in Sources */ = {isa = PBXBuildFile; fileRef = BF145C412594059700BBAA52 /* Strings.swift */; };
		BF5F98E42593DFEB00E28356 /* AppDelegate.swift in Sources */ = {isa = PBXBuildFile; fileRef = BF5F98E32593DFEB00E28356 /* AppDelegate.swift */; };
		BF5F98ED2593DFF200E28356 /* Assets.xcassets in Resources */ = {isa = PBXBuildFile; fileRef = BF5F98EC2593DFF200E28356 /* Assets.xcassets */; };
		BF5F98F02593DFF200E28356 /* LaunchScreen.storyboard in Resources */ = {isa = PBXBuildFile; fileRef = BF5F98EE2593DFF200E28356 /* LaunchScreen.storyboard */; };
		BF5F98FB2593DFF200E28356 /* VeryUsefulToolstoRememberTests.swift in Sources */ = {isa = PBXBuildFile; fileRef = BF5F98FA2593DFF200E28356 /* VeryUsefulToolstoRememberTests.swift */; };
		BF5F99062593DFF200E28356 /* VeryUsefulToolstoRememberUITests.swift in Sources */ = {isa = PBXBuildFile; fileRef = BF5F99052593DFF200E28356 /* VeryUsefulToolstoRememberUITests.swift */; };
		BF5F99402593F0D600E28356 /* HomeViewController.swift in Sources */ = {isa = PBXBuildFile; fileRef = BF5F993F2593F0D600E28356 /* HomeViewController.swift */; };
		BF5F99462593F0FF00E28356 /* HomeContentView.swift in Sources */ = {isa = PBXBuildFile; fileRef = BF5F99452593F0FF00E28356 /* HomeContentView.swift */; };
		BF5F994C2593F13C00E28356 /* ViewCode.swift in Sources */ = {isa = PBXBuildFile; fileRef = BF5F994B2593F13C00E28356 /* ViewCode.swift */; };
		BF5F99512593F5D400E28356 /* UIView+Autolayout.swift in Sources */ = {isa = PBXBuildFile; fileRef = BF5F99502593F5D400E28356 /* UIView+Autolayout.swift */; };
		BF5F99582593F7AD00E28356 /* SourceSansPro-Regular.ttf in Resources */ = {isa = PBXBuildFile; fileRef = BF5F99562593F7AD00E28356 /* SourceSansPro-Regular.ttf */; };
		BF5F99592593F7AD00E28356 /* SourceSansPro-SemiBold.ttf in Resources */ = {isa = PBXBuildFile; fileRef = BF5F99572593F7AD00E28356 /* SourceSansPro-SemiBold.ttf */; };
		BF9A5FF12593F84000BBE399 /* UIFontExtensions.swift in Sources */ = {isa = PBXBuildFile; fileRef = BF9A5FF02593F84000BBE399 /* UIFontExtensions.swift */; };
		BF9A5FF72593F8B100BBE399 /* Metrics.swift in Sources */ = {isa = PBXBuildFile; fileRef = BF9A5FF62593F8B100BBE399 /* Metrics.swift */; };
		BF9A5FFF2593FC5700BBE399 /* UINavigationBarExtensions.swift in Sources */ = {isa = PBXBuildFile; fileRef = BF9A5FFE2593FC5700BBE399 /* UINavigationBarExtensions.swift */; };
		BF9A60142594029600BBE399 /* Localizable.strings in Resources */ = {isa = PBXBuildFile; fileRef = BF9A60162594029600BBE399 /* Localizable.strings */; };
		BFA3250F259A30CE007BF348 /* UsefulToolCell.swift in Sources */ = {isa = PBXBuildFile; fileRef = BFA3250E259A30CE007BF348 /* UsefulToolCell.swift */; };
		BFA32515259A310D007BF348 /* CustomLoadingView.swift in Sources */ = {isa = PBXBuildFile; fileRef = BFA32514259A310D007BF348 /* CustomLoadingView.swift */; };
		BFA3251A259A3138007BF348 /* CustomLoadingTableViewCell.swift in Sources */ = {isa = PBXBuildFile; fileRef = BFA32519259A3138007BF348 /* CustomLoadingTableViewCell.swift */; };
/* End PBXBuildFile section */

/* Begin PBXContainerItemProxy section */
		BF5F98F72593DFF200E28356 /* PBXContainerItemProxy */ = {
			isa = PBXContainerItemProxy;
			containerPortal = BF5F98D82593DFEB00E28356 /* Project object */;
			proxyType = 1;
			remoteGlobalIDString = BF5F98DF2593DFEB00E28356;
			remoteInfo = VeryUsefulToolstoRemember;
		};
		BF5F99022593DFF200E28356 /* PBXContainerItemProxy */ = {
			isa = PBXContainerItemProxy;
			containerPortal = BF5F98D82593DFEB00E28356 /* Project object */;
			proxyType = 1;
			remoteGlobalIDString = BF5F98DF2593DFEB00E28356;
			remoteInfo = VeryUsefulToolstoRemember;
		};
/* End PBXContainerItemProxy section */

/* Begin PBXFileReference section */
		BF145C412594059700BBAA52 /* Strings.swift */ = {isa = PBXFileReference; fileEncoding = 4; lastKnownFileType = sourcecode.swift; path = Strings.swift; sourceTree = "<group>"; };
		BF5F98E02593DFEB00E28356 /* VeryUsefulToolstoRemember.app */ = {isa = PBXFileReference; explicitFileType = wrapper.application; includeInIndex = 0; path = VeryUsefulToolstoRemember.app; sourceTree = BUILT_PRODUCTS_DIR; };
		BF5F98E32593DFEB00E28356 /* AppDelegate.swift */ = {isa = PBXFileReference; lastKnownFileType = sourcecode.swift; path = AppDelegate.swift; sourceTree = "<group>"; };
		BF5F98EC2593DFF200E28356 /* Assets.xcassets */ = {isa = PBXFileReference; lastKnownFileType = folder.assetcatalog; path = Assets.xcassets; sourceTree = "<group>"; };
		BF5F98EF2593DFF200E28356 /* Base */ = {isa = PBXFileReference; lastKnownFileType = file.storyboard; name = Base; path = Base.lproj/LaunchScreen.storyboard; sourceTree = "<group>"; };
		BF5F98F12593DFF200E28356 /* Info.plist */ = {isa = PBXFileReference; lastKnownFileType = text.plist.xml; path = Info.plist; sourceTree = "<group>"; };
		BF5F98F62593DFF200E28356 /* VeryUsefulToolstoRememberTests.xctest */ = {isa = PBXFileReference; explicitFileType = wrapper.cfbundle; includeInIndex = 0; path = VeryUsefulToolstoRememberTests.xctest; sourceTree = BUILT_PRODUCTS_DIR; };
		BF5F98FA2593DFF200E28356 /* VeryUsefulToolstoRememberTests.swift */ = {isa = PBXFileReference; lastKnownFileType = sourcecode.swift; path = VeryUsefulToolstoRememberTests.swift; sourceTree = "<group>"; };
		BF5F98FC2593DFF200E28356 /* Info.plist */ = {isa = PBXFileReference; lastKnownFileType = text.plist.xml; path = Info.plist; sourceTree = "<group>"; };
		BF5F99012593DFF200E28356 /* VeryUsefulToolstoRememberUITests.xctest */ = {isa = PBXFileReference; explicitFileType = wrapper.cfbundle; includeInIndex = 0; path = VeryUsefulToolstoRememberUITests.xctest; sourceTree = BUILT_PRODUCTS_DIR; };
		BF5F99052593DFF200E28356 /* VeryUsefulToolstoRememberUITests.swift */ = {isa = PBXFileReference; lastKnownFileType = sourcecode.swift; path = VeryUsefulToolstoRememberUITests.swift; sourceTree = "<group>"; };
		BF5F99072593DFF200E28356 /* Info.plist */ = {isa = PBXFileReference; lastKnownFileType = text.plist.xml; path = Info.plist; sourceTree = "<group>"; };
		BF5F993F2593F0D600E28356 /* HomeViewController.swift */ = {isa = PBXFileReference; lastKnownFileType = sourcecode.swift; path = HomeViewController.swift; sourceTree = "<group>"; };
		BF5F99452593F0FF00E28356 /* HomeContentView.swift */ = {isa = PBXFileReference; lastKnownFileType = sourcecode.swift; path = HomeContentView.swift; sourceTree = "<group>"; };
		BF5F994B2593F13C00E28356 /* ViewCode.swift */ = {isa = PBXFileReference; lastKnownFileType = sourcecode.swift; path = ViewCode.swift; sourceTree = "<group>"; };
		BF5F99502593F5D400E28356 /* UIView+Autolayout.swift */ = {isa = PBXFileReference; lastKnownFileType = sourcecode.swift; path = "UIView+Autolayout.swift"; sourceTree = "<group>"; };
		BF5F99562593F7AD00E28356 /* SourceSansPro-Regular.ttf */ = {isa = PBXFileReference; lastKnownFileType = file; path = "SourceSansPro-Regular.ttf"; sourceTree = "<group>"; };
		BF5F99572593F7AD00E28356 /* SourceSansPro-SemiBold.ttf */ = {isa = PBXFileReference; lastKnownFileType = file; path = "SourceSansPro-SemiBold.ttf"; sourceTree = "<group>"; };
		BF9A5FF02593F84000BBE399 /* UIFontExtensions.swift */ = {isa = PBXFileReference; lastKnownFileType = sourcecode.swift; path = UIFontExtensions.swift; sourceTree = "<group>"; };
		BF9A5FF62593F8B100BBE399 /* Metrics.swift */ = {isa = PBXFileReference; lastKnownFileType = sourcecode.swift; path = Metrics.swift; sourceTree = "<group>"; };
		BF9A5FFE2593FC5700BBE399 /* UINavigationBarExtensions.swift */ = {isa = PBXFileReference; lastKnownFileType = sourcecode.swift; path = UINavigationBarExtensions.swift; sourceTree = "<group>"; };
		BF9A60032594022200BBE399 /* pt-BR */ = {isa = PBXFileReference; lastKnownFileType = text.plist.strings; name = "pt-BR"; path = "pt-BR.lproj/LaunchScreen.strings"; sourceTree = "<group>"; };
		BF9A60152594029600BBE399 /* en */ = {isa = PBXFileReference; lastKnownFileType = text.plist.strings; name = en; path = en.lproj/Localizable.strings; sourceTree = "<group>"; };
		BF9A601A2594029A00BBE399 /* pt-BR */ = {isa = PBXFileReference; lastKnownFileType = text.plist.strings; name = "pt-BR"; path = "pt-BR.lproj/Localizable.strings"; sourceTree = "<group>"; };
		BF9A601B259402C500BBE399 /* es */ = {isa = PBXFileReference; lastKnownFileType = text.plist.strings; name = es; path = es.lproj/LaunchScreen.strings; sourceTree = "<group>"; };
		BF9A601C259402C500BBE399 /* es */ = {isa = PBXFileReference; lastKnownFileType = text.plist.strings; name = es; path = es.lproj/Localizable.strings; sourceTree = "<group>"; };
		BFA3250E259A30CE007BF348 /* UsefulToolCell.swift */ = {isa = PBXFileReference; lastKnownFileType = sourcecode.swift; path = UsefulToolCell.swift; sourceTree = "<group>"; };
		BFA32514259A310D007BF348 /* CustomLoadingView.swift */ = {isa = PBXFileReference; lastKnownFileType = sourcecode.swift; path = CustomLoadingView.swift; sourceTree = "<group>"; };
		BFA32519259A3138007BF348 /* CustomLoadingTableViewCell.swift */ = {isa = PBXFileReference; lastKnownFileType = sourcecode.swift; path = CustomLoadingTableViewCell.swift; sourceTree = "<group>"; };
/* End PBXFileReference section */

/* Begin PBXFrameworksBuildPhase section */
		BF5F98DD2593DFEB00E28356 /* Frameworks */ = {
			isa = PBXFrameworksBuildPhase;
			buildActionMask = 2147483647;
			files = (
			);
			runOnlyForDeploymentPostprocessing = 0;
		};
		BF5F98F32593DFF200E28356 /* Frameworks */ = {
			isa = PBXFrameworksBuildPhase;
			buildActionMask = 2147483647;
			files = (
			);
			runOnlyForDeploymentPostprocessing = 0;
		};
		BF5F98FE2593DFF200E28356 /* Frameworks */ = {
			isa = PBXFrameworksBuildPhase;
			buildActionMask = 2147483647;
			files = (
			);
			runOnlyForDeploymentPostprocessing = 0;
		};
/* End PBXFrameworksBuildPhase section */

/* Begin PBXGroup section */
		BF5F98D72593DFEB00E28356 = {
			isa = PBXGroup;
			children = (
				BF5F98E22593DFEB00E28356 /* VeryUsefulToolstoRemember */,
				BF5F98F92593DFF200E28356 /* VeryUsefulToolstoRememberTests */,
				BF5F99042593DFF200E28356 /* VeryUsefulToolstoRememberUITests */,
				BF5F98E12593DFEB00E28356 /* Products */,
			);
			sourceTree = "<group>";
		};
		BF5F98E12593DFEB00E28356 /* Products */ = {
			isa = PBXGroup;
			children = (
				BF5F98E02593DFEB00E28356 /* VeryUsefulToolstoRemember.app */,
				BF5F98F62593DFF200E28356 /* VeryUsefulToolstoRememberTests.xctest */,
				BF5F99012593DFF200E28356 /* VeryUsefulToolstoRememberUITests.xctest */,
			);
			name = Products;
			sourceTree = "<group>";
		};
		BF5F98E22593DFEB00E28356 /* VeryUsefulToolstoRemember */ = {
			isa = PBXGroup;
			children = (
				BF5F993C2593F09E00E28356 /* Sources */,
				BF5F993B2593F07000E28356 /* Resources */,
				BF5F98E32593DFEB00E28356 /* AppDelegate.swift */,
				BF5F98EE2593DFF200E28356 /* LaunchScreen.storyboard */,
				BF5F98F12593DFF200E28356 /* Info.plist */,
			);
			path = VeryUsefulToolstoRemember;
			sourceTree = "<group>";
		};
		BF5F98F92593DFF200E28356 /* VeryUsefulToolstoRememberTests */ = {
			isa = PBXGroup;
			children = (
				BF5F98FA2593DFF200E28356 /* VeryUsefulToolstoRememberTests.swift */,
				BF5F98FC2593DFF200E28356 /* Info.plist */,
			);
			path = VeryUsefulToolstoRememberTests;
			sourceTree = "<group>";
		};
		BF5F99042593DFF200E28356 /* VeryUsefulToolstoRememberUITests */ = {
			isa = PBXGroup;
			children = (
				BF5F99052593DFF200E28356 /* VeryUsefulToolstoRememberUITests.swift */,
				BF5F99072593DFF200E28356 /* Info.plist */,
			);
			path = VeryUsefulToolstoRememberUITests;
			sourceTree = "<group>";
		};
		BF5F993B2593F07000E28356 /* Resources */ = {
			isa = PBXGroup;
			children = (
				BF145C412594059700BBAA52 /* Strings.swift */,
				BF5F99552593F79B00E28356 /* Fonts */,
				BF5F98EC2593DFF200E28356 /* Assets.xcassets */,
				BF9A60162594029600BBE399 /* Localizable.strings */,
			);
			path = Resources;
			sourceTree = "<group>";
		};
		BF5F993C2593F09E00E28356 /* Sources */ = {
			isa = PBXGroup;
			children = (
				BFA32513259A3100007BF348 /* Views */,
				BF9A5FF52593F8A400BBE399 /* DesignSystem */,
				BF5F994A2593F12800E28356 /* Extensions */,
				BF5F993D2593F0B300E28356 /* Scenes */,
			);
			path = Sources;
			sourceTree = "<group>";
		};
		BF5F993D2593F0B300E28356 /* Scenes */ = {
			isa = PBXGroup;
			children = (
				BF5F993E2593F0C500E28356 /* Home */,
			);
			path = Scenes;
			sourceTree = "<group>";
		};
		BF5F993E2593F0C500E28356 /* Home */ = {
			isa = PBXGroup;
			children = (
				BF5F99442593F0F200E28356 /* Views */,
				BF5F993F2593F0D600E28356 /* HomeViewController.swift */,
			);
			path = Home;
			sourceTree = "<group>";
		};
		BF5F99442593F0F200E28356 /* Views */ = {
			isa = PBXGroup;
			children = (
				BF5F99452593F0FF00E28356 /* HomeContentView.swift */,
				BFA3250E259A30CE007BF348 /* UsefulToolCell.swift */,
			);
			path = Views;
			sourceTree = "<group>";
		};
		BF5F994A2593F12800E28356 /* Extensions */ = {
			isa = PBXGroup;
			children = (
				BF5F994B2593F13C00E28356 /* ViewCode.swift */,
				BF5F99502593F5D400E28356 /* UIView+Autolayout.swift */,
				BF9A5FF02593F84000BBE399 /* UIFontExtensions.swift */,
				BF9A5FFE2593FC5700BBE399 /* UINavigationBarExtensions.swift */,
			);
			path = Extensions;
			sourceTree = "<group>";
		};
		BF5F99552593F79B00E28356 /* Fonts */ = {
			isa = PBXGroup;
			children = (
				BF5F99562593F7AD00E28356 /* SourceSansPro-Regular.ttf */,
				BF5F99572593F7AD00E28356 /* SourceSansPro-SemiBold.ttf */,
			);
			path = Fonts;
			sourceTree = "<group>";
		};
		BF9A5FF52593F8A400BBE399 /* DesignSystem */ = {
			isa = PBXGroup;
			children = (
				BF9A5FF62593F8B100BBE399 /* Metrics.swift */,
			);
			path = DesignSystem;
			sourceTree = "<group>";
		};
		BFA32513259A3100007BF348 /* Views */ = {
			isa = PBXGroup;
			children = (
				BFA32514259A310D007BF348 /* CustomLoadingView.swift */,
				BFA32519259A3138007BF348 /* CustomLoadingTableViewCell.swift */,
			);
			path = Views;
			sourceTree = "<group>";
		};
/* End PBXGroup section */

/* Begin PBXNativeTarget section */
		BF5F98DF2593DFEB00E28356 /* VeryUsefulToolstoRemember */ = {
			isa = PBXNativeTarget;
			buildConfigurationList = BF5F990A2593DFF200E28356 /* Build configuration list for PBXNativeTarget "VeryUsefulToolstoRemember" */;
			buildPhases = (
				BF5F98DC2593DFEB00E28356 /* Sources */,
				BF5F98DD2593DFEB00E28356 /* Frameworks */,
				BF5F98DE2593DFEB00E28356 /* Resources */,
			);
			buildRules = (
			);
			dependencies = (
			);
			name = VeryUsefulToolstoRemember;
			productName = VeryUsefulToolstoRemember;
			productReference = BF5F98E02593DFEB00E28356 /* VeryUsefulToolstoRemember.app */;
			productType = "com.apple.product-type.application";
		};
		BF5F98F52593DFF200E28356 /* VeryUsefulToolstoRememberTests */ = {
			isa = PBXNativeTarget;
			buildConfigurationList = BF5F990D2593DFF200E28356 /* Build configuration list for PBXNativeTarget "VeryUsefulToolstoRememberTests" */;
			buildPhases = (
				BF5F98F22593DFF200E28356 /* Sources */,
				BF5F98F32593DFF200E28356 /* Frameworks */,
				BF5F98F42593DFF200E28356 /* Resources */,
			);
			buildRules = (
			);
			dependencies = (
				BF5F98F82593DFF200E28356 /* PBXTargetDependency */,
			);
			name = VeryUsefulToolstoRememberTests;
			productName = VeryUsefulToolstoRememberTests;
			productReference = BF5F98F62593DFF200E28356 /* VeryUsefulToolstoRememberTests.xctest */;
			productType = "com.apple.product-type.bundle.unit-test";
		};
		BF5F99002593DFF200E28356 /* VeryUsefulToolstoRememberUITests */ = {
			isa = PBXNativeTarget;
			buildConfigurationList = BF5F99102593DFF200E28356 /* Build configuration list for PBXNativeTarget "VeryUsefulToolstoRememberUITests" */;
			buildPhases = (
				BF5F98FD2593DFF200E28356 /* Sources */,
				BF5F98FE2593DFF200E28356 /* Frameworks */,
				BF5F98FF2593DFF200E28356 /* Resources */,
			);
			buildRules = (
			);
			dependencies = (
				BF5F99032593DFF200E28356 /* PBXTargetDependency */,
			);
			name = VeryUsefulToolstoRememberUITests;
			productName = VeryUsefulToolstoRememberUITests;
			productReference = BF5F99012593DFF200E28356 /* VeryUsefulToolstoRememberUITests.xctest */;
			productType = "com.apple.product-type.bundle.ui-testing";
		};
/* End PBXNativeTarget section */

/* Begin PBXProject section */
		BF5F98D82593DFEB00E28356 /* Project object */ = {
			isa = PBXProject;
			attributes = {
				LastSwiftUpdateCheck = 1230;
				LastUpgradeCheck = 1230;
				ORGANIZATIONNAME = "Ana Letícia Camargos";
				TargetAttributes = {
					BF5F98DF2593DFEB00E28356 = {
						CreatedOnToolsVersion = 12.3;
					};
					BF5F98F52593DFF200E28356 = {
						CreatedOnToolsVersion = 12.3;
						TestTargetID = BF5F98DF2593DFEB00E28356;
					};
					BF5F99002593DFF200E28356 = {
						CreatedOnToolsVersion = 12.3;
						TestTargetID = BF5F98DF2593DFEB00E28356;
					};
				};
			};
			buildConfigurationList = BF5F98DB2593DFEB00E28356 /* Build configuration list for PBXProject "VeryUsefulToolstoRemember" */;
			compatibilityVersion = "Xcode 9.3";
			developmentRegion = en;
			hasScannedForEncodings = 0;
			knownRegions = (
				en,
				Base,
				"pt-BR",
				es,
			);
			mainGroup = BF5F98D72593DFEB00E28356;
			productRefGroup = BF5F98E12593DFEB00E28356 /* Products */;
			projectDirPath = "";
			projectRoot = "";
			targets = (
				BF5F98DF2593DFEB00E28356 /* VeryUsefulToolstoRemember */,
				BF5F98F52593DFF200E28356 /* VeryUsefulToolstoRememberTests */,
				BF5F99002593DFF200E28356 /* VeryUsefulToolstoRememberUITests */,
			);
		};
/* End PBXProject section */

/* Begin PBXResourcesBuildPhase section */
		BF5F98DE2593DFEB00E28356 /* Resources */ = {
			isa = PBXResourcesBuildPhase;
			buildActionMask = 2147483647;
			files = (
				BF9A60142594029600BBE399 /* Localizable.strings in Resources */,
				BF5F98F02593DFF200E28356 /* LaunchScreen.storyboard in Resources */,
				BF5F99592593F7AD00E28356 /* SourceSansPro-SemiBold.ttf in Resources */,
				BF5F98ED2593DFF200E28356 /* Assets.xcassets in Resources */,
				BF5F99582593F7AD00E28356 /* SourceSansPro-Regular.ttf in Resources */,
			);
			runOnlyForDeploymentPostprocessing = 0;
		};
		BF5F98F42593DFF200E28356 /* Resources */ = {
			isa = PBXResourcesBuildPhase;
			buildActionMask = 2147483647;
			files = (
			);
			runOnlyForDeploymentPostprocessing = 0;
		};
		BF5F98FF2593DFF200E28356 /* Resources */ = {
			isa = PBXResourcesBuildPhase;
			buildActionMask = 2147483647;
			files = (
			);
			runOnlyForDeploymentPostprocessing = 0;
		};
/* End PBXResourcesBuildPhase section */

/* Begin PBXSourcesBuildPhase section */
		BF5F98DC2593DFEB00E28356 /* Sources */ = {
			isa = PBXSourcesBuildPhase;
			buildActionMask = 2147483647;
			files = (
				BF5F99462593F0FF00E28356 /* HomeContentView.swift in Sources */,
				BF145C422594059700BBAA52 /* Strings.swift in Sources */,
				BF5F98E42593DFEB00E28356 /* AppDelegate.swift in Sources */,
				BFA32515259A310D007BF348 /* CustomLoadingView.swift in Sources */,
				BF9A5FF12593F84000BBE399 /* UIFontExtensions.swift in Sources */,
				BF5F99512593F5D400E28356 /* UIView+Autolayout.swift in Sources */,
				BF9A5FF72593F8B100BBE399 /* Metrics.swift in Sources */,
				BF9A5FFF2593FC5700BBE399 /* UINavigationBarExtensions.swift in Sources */,
				BFA3250F259A30CE007BF348 /* UsefulToolCell.swift in Sources */,
				BF5F99402593F0D600E28356 /* HomeViewController.swift in Sources */,
				BFA3251A259A3138007BF348 /* CustomLoadingTableViewCell.swift in Sources */,
				BF5F994C2593F13C00E28356 /* ViewCode.swift in Sources */,
			);
			runOnlyForDeploymentPostprocessing = 0;
		};
		BF5F98F22593DFF200E28356 /* Sources */ = {
			isa = PBXSourcesBuildPhase;
			buildActionMask = 2147483647;
			files = (
				BF5F98FB2593DFF200E28356 /* VeryUsefulToolstoRememberTests.swift in Sources */,
			);
			runOnlyForDeploymentPostprocessing = 0;
		};
		BF5F98FD2593DFF200E28356 /* Sources */ = {
			isa = PBXSourcesBuildPhase;
			buildActionMask = 2147483647;
			files = (
				BF5F99062593DFF200E28356 /* VeryUsefulToolstoRememberUITests.swift in Sources */,
			);
			runOnlyForDeploymentPostprocessing = 0;
		};
/* End PBXSourcesBuildPhase section */

/* Begin PBXTargetDependency section */
		BF5F98F82593DFF200E28356 /* PBXTargetDependency */ = {
			isa = PBXTargetDependency;
			target = BF5F98DF2593DFEB00E28356 /* VeryUsefulToolstoRemember */;
			targetProxy = BF5F98F72593DFF200E28356 /* PBXContainerItemProxy */;
		};
		BF5F99032593DFF200E28356 /* PBXTargetDependency */ = {
			isa = PBXTargetDependency;
			target = BF5F98DF2593DFEB00E28356 /* VeryUsefulToolstoRemember */;
			targetProxy = BF5F99022593DFF200E28356 /* PBXContainerItemProxy */;
		};
/* End PBXTargetDependency section */

/* Begin PBXVariantGroup section */
		BF5F98EE2593DFF200E28356 /* LaunchScreen.storyboard */ = {
			isa = PBXVariantGroup;
			children = (
				BF5F98EF2593DFF200E28356 /* Base */,
				BF9A60032594022200BBE399 /* pt-BR */,
				BF9A601B259402C500BBE399 /* es */,
			);
			name = LaunchScreen.storyboard;
			sourceTree = "<group>";
		};
		BF9A60162594029600BBE399 /* Localizable.strings */ = {
			isa = PBXVariantGroup;
			children = (
				BF9A60152594029600BBE399 /* en */,
				BF9A601A2594029A00BBE399 /* pt-BR */,
				BF9A601C259402C500BBE399 /* es */,
			);
			name = Localizable.strings;
			sourceTree = "<group>";
		};
/* End PBXVariantGroup section */

/* Begin XCBuildConfiguration section */
		BF5F99082593DFF200E28356 /* Debug */ = {
			isa = XCBuildConfiguration;
			buildSettings = {
				ALWAYS_SEARCH_USER_PATHS = NO;
				CLANG_ANALYZER_LOCALIZABILITY_NONLOCALIZED = YES;
				CLANG_ANALYZER_NONNULL = YES;
				CLANG_ANALYZER_NUMBER_OBJECT_CONVERSION = YES_AGGRESSIVE;
				CLANG_CXX_LANGUAGE_STANDARD = "gnu++14";
				CLANG_CXX_LIBRARY = "libc++";
				CLANG_ENABLE_MODULES = YES;
				CLANG_ENABLE_OBJC_ARC = YES;
				CLANG_ENABLE_OBJC_WEAK = YES;
				CLANG_WARN_BLOCK_CAPTURE_AUTORELEASING = YES;
				CLANG_WARN_BOOL_CONVERSION = YES;
				CLANG_WARN_COMMA = YES;
				CLANG_WARN_CONSTANT_CONVERSION = YES;
				CLANG_WARN_DEPRECATED_OBJC_IMPLEMENTATIONS = YES;
				CLANG_WARN_DIRECT_OBJC_ISA_USAGE = YES_ERROR;
				CLANG_WARN_DOCUMENTATION_COMMENTS = YES;
				CLANG_WARN_EMPTY_BODY = YES;
				CLANG_WARN_ENUM_CONVERSION = YES;
				CLANG_WARN_INFINITE_RECURSION = YES;
				CLANG_WARN_INT_CONVERSION = YES;
				CLANG_WARN_NON_LITERAL_NULL_CONVERSION = YES;
				CLANG_WARN_OBJC_IMPLICIT_RETAIN_SELF = YES;
				CLANG_WARN_OBJC_LITERAL_CONVERSION = YES;
				CLANG_WARN_OBJC_ROOT_CLASS = YES_ERROR;
				CLANG_WARN_QUOTED_INCLUDE_IN_FRAMEWORK_HEADER = YES;
				CLANG_WARN_RANGE_LOOP_ANALYSIS = YES;
				CLANG_WARN_STRICT_PROTOTYPES = YES;
				CLANG_WARN_SUSPICIOUS_MOVE = YES;
				CLANG_WARN_UNGUARDED_AVAILABILITY = YES_AGGRESSIVE;
				CLANG_WARN_UNREACHABLE_CODE = YES;
				CLANG_WARN__DUPLICATE_METHOD_MATCH = YES;
				COPY_PHASE_STRIP = NO;
				DEBUG_INFORMATION_FORMAT = dwarf;
				ENABLE_STRICT_OBJC_MSGSEND = YES;
				ENABLE_TESTABILITY = YES;
				GCC_C_LANGUAGE_STANDARD = gnu11;
				GCC_DYNAMIC_NO_PIC = NO;
				GCC_NO_COMMON_BLOCKS = YES;
				GCC_OPTIMIZATION_LEVEL = 0;
				GCC_PREPROCESSOR_DEFINITIONS = (
					"DEBUG=1",
					"$(inherited)",
				);
				GCC_WARN_64_TO_32_BIT_CONVERSION = YES;
				GCC_WARN_ABOUT_RETURN_TYPE = YES_ERROR;
				GCC_WARN_UNDECLARED_SELECTOR = YES;
				GCC_WARN_UNINITIALIZED_AUTOS = YES_AGGRESSIVE;
				GCC_WARN_UNUSED_FUNCTION = YES;
				GCC_WARN_UNUSED_VARIABLE = YES;
				IPHONEOS_DEPLOYMENT_TARGET = 11.0;
				MTL_ENABLE_DEBUG_INFO = INCLUDE_SOURCE;
				MTL_FAST_MATH = YES;
				ONLY_ACTIVE_ARCH = YES;
				SDKROOT = iphoneos;
				SWIFT_ACTIVE_COMPILATION_CONDITIONS = DEBUG;
				SWIFT_OPTIMIZATION_LEVEL = "-Onone";
			};
			name = Debug;
		};
		BF5F99092593DFF200E28356 /* Release */ = {
			isa = XCBuildConfiguration;
			buildSettings = {
				ALWAYS_SEARCH_USER_PATHS = NO;
				CLANG_ANALYZER_LOCALIZABILITY_NONLOCALIZED = YES;
				CLANG_ANALYZER_NONNULL = YES;
				CLANG_ANALYZER_NUMBER_OBJECT_CONVERSION = YES_AGGRESSIVE;
				CLANG_CXX_LANGUAGE_STANDARD = "gnu++14";
				CLANG_CXX_LIBRARY = "libc++";
				CLANG_ENABLE_MODULES = YES;
				CLANG_ENABLE_OBJC_ARC = YES;
				CLANG_ENABLE_OBJC_WEAK = YES;
				CLANG_WARN_BLOCK_CAPTURE_AUTORELEASING = YES;
				CLANG_WARN_BOOL_CONVERSION = YES;
				CLANG_WARN_COMMA = YES;
				CLANG_WARN_CONSTANT_CONVERSION = YES;
				CLANG_WARN_DEPRECATED_OBJC_IMPLEMENTATIONS = YES;
				CLANG_WARN_DIRECT_OBJC_ISA_USAGE = YES_ERROR;
				CLANG_WARN_DOCUMENTATION_COMMENTS = YES;
				CLANG_WARN_EMPTY_BODY = YES;
				CLANG_WARN_ENUM_CONVERSION = YES;
				CLANG_WARN_INFINITE_RECURSION = YES;
				CLANG_WARN_INT_CONVERSION = YES;
				CLANG_WARN_NON_LITERAL_NULL_CONVERSION = YES;
				CLANG_WARN_OBJC_IMPLICIT_RETAIN_SELF = YES;
				CLANG_WARN_OBJC_LITERAL_CONVERSION = YES;
				CLANG_WARN_OBJC_ROOT_CLASS = YES_ERROR;
				CLANG_WARN_QUOTED_INCLUDE_IN_FRAMEWORK_HEADER = YES;
				CLANG_WARN_RANGE_LOOP_ANALYSIS = YES;
				CLANG_WARN_STRICT_PROTOTYPES = YES;
				CLANG_WARN_SUSPICIOUS_MOVE = YES;
				CLANG_WARN_UNGUARDED_AVAILABILITY = YES_AGGRESSIVE;
				CLANG_WARN_UNREACHABLE_CODE = YES;
				CLANG_WARN__DUPLICATE_METHOD_MATCH = YES;
				COPY_PHASE_STRIP = NO;
				DEBUG_INFORMATION_FORMAT = "dwarf-with-dsym";
				ENABLE_NS_ASSERTIONS = NO;
				ENABLE_STRICT_OBJC_MSGSEND = YES;
				GCC_C_LANGUAGE_STANDARD = gnu11;
				GCC_NO_COMMON_BLOCKS = YES;
				GCC_WARN_64_TO_32_BIT_CONVERSION = YES;
				GCC_WARN_ABOUT_RETURN_TYPE = YES_ERROR;
				GCC_WARN_UNDECLARED_SELECTOR = YES;
				GCC_WARN_UNINITIALIZED_AUTOS = YES_AGGRESSIVE;
				GCC_WARN_UNUSED_FUNCTION = YES;
				GCC_WARN_UNUSED_VARIABLE = YES;
				IPHONEOS_DEPLOYMENT_TARGET = 11.0;
				MTL_ENABLE_DEBUG_INFO = NO;
				MTL_FAST_MATH = YES;
				SDKROOT = iphoneos;
				SWIFT_COMPILATION_MODE = wholemodule;
				SWIFT_OPTIMIZATION_LEVEL = "-O";
				VALIDATE_PRODUCT = YES;
			};
			name = Release;
		};
		BF5F990B2593DFF200E28356 /* Debug */ = {
			isa = XCBuildConfiguration;
			buildSettings = {
				ASSETCATALOG_COMPILER_APPICON_NAME = AppIcon;
				ASSETCATALOG_COMPILER_GLOBAL_ACCENT_COLOR_NAME = AccentColor;
				CODE_SIGN_STYLE = Automatic;
				DEVELOPMENT_TEAM = ZR4HDJL2Y8;
				INFOPLIST_FILE = VeryUsefulToolstoRemember/Info.plist;
				IPHONEOS_DEPLOYMENT_TARGET = 11.0;
				LD_RUNPATH_SEARCH_PATHS = (
					"$(inherited)",
					"@executable_path/Frameworks",
				);
				PRODUCT_BUNDLE_IDENTIFIER = com.ana.VeryUsefulToolstoRemember;
				PRODUCT_NAME = "$(TARGET_NAME)";
				SWIFT_VERSION = 5.0;
				TARGETED_DEVICE_FAMILY = "1,2";
			};
			name = Debug;
		};
		BF5F990C2593DFF200E28356 /* Release */ = {
			isa = XCBuildConfiguration;
			buildSettings = {
				ASSETCATALOG_COMPILER_APPICON_NAME = AppIcon;
				ASSETCATALOG_COMPILER_GLOBAL_ACCENT_COLOR_NAME = AccentColor;
				CODE_SIGN_STYLE = Automatic;
				DEVELOPMENT_TEAM = ZR4HDJL2Y8;
				INFOPLIST_FILE = VeryUsefulToolstoRemember/Info.plist;
				IPHONEOS_DEPLOYMENT_TARGET = 11.0;
				LD_RUNPATH_SEARCH_PATHS = (
					"$(inherited)",
					"@executable_path/Frameworks",
				);
				PRODUCT_BUNDLE_IDENTIFIER = com.ana.VeryUsefulToolstoRemember;
				PRODUCT_NAME = "$(TARGET_NAME)";
				SWIFT_VERSION = 5.0;
				TARGETED_DEVICE_FAMILY = "1,2";
			};
			name = Release;
		};
		BF5F990E2593DFF200E28356 /* Debug */ = {
			isa = XCBuildConfiguration;
			buildSettings = {
				ALWAYS_EMBED_SWIFT_STANDARD_LIBRARIES = YES;
				BUNDLE_LOADER = "$(TEST_HOST)";
				CODE_SIGN_STYLE = Automatic;
				DEVELOPMENT_TEAM = ZR4HDJL2Y8;
				INFOPLIST_FILE = VeryUsefulToolstoRememberTests/Info.plist;
				IPHONEOS_DEPLOYMENT_TARGET = 11.0;
				LD_RUNPATH_SEARCH_PATHS = (
					"$(inherited)",
					"@executable_path/Frameworks",
					"@loader_path/Frameworks",
				);
				PRODUCT_BUNDLE_IDENTIFIER = com.ana.VeryUsefulToolstoRememberTests;
				PRODUCT_NAME = "$(TARGET_NAME)";
				SWIFT_VERSION = 5.0;
				TARGETED_DEVICE_FAMILY = "1,2";
				TEST_HOST = "$(BUILT_PRODUCTS_DIR)/VeryUsefulToolstoRemember.app/VeryUsefulToolstoRemember";
			};
			name = Debug;
		};
		BF5F990F2593DFF200E28356 /* Release */ = {
			isa = XCBuildConfiguration;
			buildSettings = {
				ALWAYS_EMBED_SWIFT_STANDARD_LIBRARIES = YES;
				BUNDLE_LOADER = "$(TEST_HOST)";
				CODE_SIGN_STYLE = Automatic;
				DEVELOPMENT_TEAM = ZR4HDJL2Y8;
				INFOPLIST_FILE = VeryUsefulToolstoRememberTests/Info.plist;
				IPHONEOS_DEPLOYMENT_TARGET = 11.0;
				LD_RUNPATH_SEARCH_PATHS = (
					"$(inherited)",
					"@executable_path/Frameworks",
					"@loader_path/Frameworks",
				);
				PRODUCT_BUNDLE_IDENTIFIER = com.ana.VeryUsefulToolstoRememberTests;
				PRODUCT_NAME = "$(TARGET_NAME)";
				SWIFT_VERSION = 5.0;
				TARGETED_DEVICE_FAMILY = "1,2";
				TEST_HOST = "$(BUILT_PRODUCTS_DIR)/VeryUsefulToolstoRemember.app/VeryUsefulToolstoRemember";
			};
			name = Release;
		};
		BF5F99112593DFF200E28356 /* Debug */ = {
			isa = XCBuildConfiguration;
			buildSettings = {
				ALWAYS_EMBED_SWIFT_STANDARD_LIBRARIES = YES;
				CODE_SIGN_STYLE = Automatic;
				DEVELOPMENT_TEAM = ZR4HDJL2Y8;
				INFOPLIST_FILE = VeryUsefulToolstoRememberUITests/Info.plist;
				LD_RUNPATH_SEARCH_PATHS = (
					"$(inherited)",
					"@executable_path/Frameworks",
					"@loader_path/Frameworks",
				);
				PRODUCT_BUNDLE_IDENTIFIER = com.ana.VeryUsefulToolstoRememberUITests;
				PRODUCT_NAME = "$(TARGET_NAME)";
				SWIFT_VERSION = 5.0;
				TARGETED_DEVICE_FAMILY = "1,2";
				TEST_TARGET_NAME = VeryUsefulToolstoRemember;
			};
			name = Debug;
		};
		BF5F99122593DFF200E28356 /* Release */ = {
			isa = XCBuildConfiguration;
			buildSettings = {
				ALWAYS_EMBED_SWIFT_STANDARD_LIBRARIES = YES;
				CODE_SIGN_STYLE = Automatic;
				DEVELOPMENT_TEAM = ZR4HDJL2Y8;
				INFOPLIST_FILE = VeryUsefulToolstoRememberUITests/Info.plist;
				LD_RUNPATH_SEARCH_PATHS = (
					"$(inherited)",
					"@executable_path/Frameworks",
					"@loader_path/Frameworks",
				);
				PRODUCT_BUNDLE_IDENTIFIER = com.ana.VeryUsefulToolstoRememberUITests;
				PRODUCT_NAME = "$(TARGET_NAME)";
				SWIFT_VERSION = 5.0;
				TARGETED_DEVICE_FAMILY = "1,2";
				TEST_TARGET_NAME = VeryUsefulToolstoRemember;
			};
			name = Release;
		};
/* End XCBuildConfiguration section */

/* Begin XCConfigurationList section */
		BF5F98DB2593DFEB00E28356 /* Build configuration list for PBXProject "VeryUsefulToolstoRemember" */ = {
			isa = XCConfigurationList;
			buildConfigurations = (
				BF5F99082593DFF200E28356 /* Debug */,
				BF5F99092593DFF200E28356 /* Release */,
			);
			defaultConfigurationIsVisible = 0;
			defaultConfigurationName = Release;
		};
		BF5F990A2593DFF200E28356 /* Build configuration list for PBXNativeTarget "VeryUsefulToolstoRemember" */ = {
			isa = XCConfigurationList;
			buildConfigurations = (
				BF5F990B2593DFF200E28356 /* Debug */,
				BF5F990C2593DFF200E28356 /* Release */,
			);
			defaultConfigurationIsVisible = 0;
			defaultConfigurationName = Release;
		};
		BF5F990D2593DFF200E28356 /* Build configuration list for PBXNativeTarget "VeryUsefulToolstoRememberTests" */ = {
			isa = XCConfigurationList;
			buildConfigurations = (
				BF5F990E2593DFF200E28356 /* Debug */,
				BF5F990F2593DFF200E28356 /* Release */,
			);
			defaultConfigurationIsVisible = 0;
			defaultConfigurationName = Release;
		};
		BF5F99102593DFF200E28356 /* Build configuration list for PBXNativeTarget "VeryUsefulToolstoRememberUITests" */ = {
			isa = XCConfigurationList;
			buildConfigurations = (
				BF5F99112593DFF200E28356 /* Debug */,
				BF5F99122593DFF200E28356 /* Release */,
			);
			defaultConfigurationIsVisible = 0;
			defaultConfigurationName = Release;
		};
/* End XCConfigurationList section */
	};
	rootObject = BF5F98D82593DFEB00E28356 /* Project object */;
}
