// !$*UTF8*$!
{
	archiveVersion = 1;
	classes = {
	};
	objectVersion = 51;
	objects = {

/* Begin PBXBuildFile section */
		25B3A45914C23254B2A9B604 /* Pods_VeryUsefulToolstoRememberTests.framework in Frameworks */ = {isa = PBXBuildFile; fileRef = 6734CA42C6B473DDCE342EC5 /* Pods_VeryUsefulToolstoRememberTests.framework */; };
		BF03B7B1259B6C9A00DF170A /* HomeContentViewTests.swift in Sources */ = {isa = PBXBuildFile; fileRef = BF03B7B0259B6C9A00DF170A /* HomeContentViewTests.swift */; };
		BF03B7B9259B6E8200DF170A /* UsefulToolCellTests.swift in Sources */ = {isa = PBXBuildFile; fileRef = BF03B7B8259B6E8200DF170A /* UsefulToolCellTests.swift */; };
		BF145C422594059700BBAA52 /* Strings.swift in Sources */ = {isa = PBXBuildFile; fileRef = BF145C412594059700BBAA52 /* Strings.swift */; };
		BF2C9BF425DDB8C300396C74 /* CustomTextField.swift in Sources */ = {isa = PBXBuildFile; fileRef = BF2C9BF325DDB8C300396C74 /* CustomTextField.swift */; };
		BF2C9BFD25DDC09500396C74 /* CustomTextFieldTests.swift in Sources */ = {isa = PBXBuildFile; fileRef = BF2C9BFC25DDC09500396C74 /* CustomTextFieldTests.swift */; };
		BF2C9C0325DDC8D300396C74 /* HomeViewControllerTests.swift in Sources */ = {isa = PBXBuildFile; fileRef = BF2C9C0225DDC8D300396C74 /* HomeViewControllerTests.swift */; };
		BF2C9C1625DDCAA000396C74 /* HomeContentViewSpy.swift in Sources */ = {isa = PBXBuildFile; fileRef = BF2C9C1525DDCAA000396C74 /* HomeContentViewSpy.swift */; };
		BF3140EB25E85EE500D5F766 /* HomeInteractor.swift in Sources */ = {isa = PBXBuildFile; fileRef = BF3140EA25E85EE500D5F766 /* HomeInteractor.swift */; };
		BF3140EF25E85F5100D5F766 /* HomePresenter.swift in Sources */ = {isa = PBXBuildFile; fileRef = BF3140EE25E85F5100D5F766 /* HomePresenter.swift */; };
		BF3140F925E8624800D5F766 /* HomeInteractorDummy.swift in Sources */ = {isa = PBXBuildFile; fileRef = BF3140F825E8624800D5F766 /* HomeInteractorDummy.swift */; };
		BF489FCF25E5A93600F901B8 /* CustomTextView.swift in Sources */ = {isa = PBXBuildFile; fileRef = BF489FCE25E5A93600F901B8 /* CustomTextView.swift */; };
		BF5F98E42593DFEB00E28356 /* AppDelegate.swift in Sources */ = {isa = PBXBuildFile; fileRef = BF5F98E32593DFEB00E28356 /* AppDelegate.swift */; };
		BF5F98ED2593DFF200E28356 /* Assets.xcassets in Resources */ = {isa = PBXBuildFile; fileRef = BF5F98EC2593DFF200E28356 /* Assets.xcassets */; };
		BF5F98F02593DFF200E28356 /* LaunchScreen.storyboard in Resources */ = {isa = PBXBuildFile; fileRef = BF5F98EE2593DFF200E28356 /* LaunchScreen.storyboard */; };
		BF5F99402593F0D600E28356 /* HomeViewController.swift in Sources */ = {isa = PBXBuildFile; fileRef = BF5F993F2593F0D600E28356 /* HomeViewController.swift */; };
		BF5F99462593F0FF00E28356 /* HomeContentView.swift in Sources */ = {isa = PBXBuildFile; fileRef = BF5F99452593F0FF00E28356 /* HomeContentView.swift */; };
		BF5F994C2593F13C00E28356 /* ViewCode.swift in Sources */ = {isa = PBXBuildFile; fileRef = BF5F994B2593F13C00E28356 /* ViewCode.swift */; };
		BF5F99512593F5D400E28356 /* UIView+Autolayout.swift in Sources */ = {isa = PBXBuildFile; fileRef = BF5F99502593F5D400E28356 /* UIView+Autolayout.swift */; };
		BF5F99582593F7AD00E28356 /* SourceSansPro-Regular.ttf in Resources */ = {isa = PBXBuildFile; fileRef = BF5F99562593F7AD00E28356 /* SourceSansPro-Regular.ttf */; };
		BF5F99592593F7AD00E28356 /* SourceSansPro-SemiBold.ttf in Resources */ = {isa = PBXBuildFile; fileRef = BF5F99572593F7AD00E28356 /* SourceSansPro-SemiBold.ttf */; };
		BF7EB24725ED861F004EA9AD /* GetUsefulToolsUseCase.swift in Sources */ = {isa = PBXBuildFile; fileRef = BF7EB24625ED861F004EA9AD /* GetUsefulToolsUseCase.swift */; };
		BF7EB24E25ED8911004EA9AD /* GetUsefulToolsUseCaseModels.swift in Sources */ = {isa = PBXBuildFile; fileRef = BF7EB24D25ED8911004EA9AD /* GetUsefulToolsUseCaseModels.swift */; };
		BF8D067325E05B5F0045EAFE /* UIButton+Layout.swift in Sources */ = {isa = PBXBuildFile; fileRef = BF8D067225E05B5F0045EAFE /* UIButton+Layout.swift */; };
		BF8D067725E05BDA0045EAFE /* ButtonLayoutStyles.swift in Sources */ = {isa = PBXBuildFile; fileRef = BF8D067625E05BDA0045EAFE /* ButtonLayoutStyles.swift */; };
		BF8D067B25E0600E0045EAFE /* LayoutableButton.swift in Sources */ = {isa = PBXBuildFile; fileRef = BF8D067A25E0600E0045EAFE /* LayoutableButton.swift */; };
		BF9A5FF12593F84000BBE399 /* UIFontExtensions.swift in Sources */ = {isa = PBXBuildFile; fileRef = BF9A5FF02593F84000BBE399 /* UIFontExtensions.swift */; };
		BF9A5FF72593F8B100BBE399 /* Metrics.swift in Sources */ = {isa = PBXBuildFile; fileRef = BF9A5FF62593F8B100BBE399 /* Metrics.swift */; };
		BF9A5FFF2593FC5700BBE399 /* UINavigationBarExtensions.swift in Sources */ = {isa = PBXBuildFile; fileRef = BF9A5FFE2593FC5700BBE399 /* UINavigationBarExtensions.swift */; };
		BF9A60142594029600BBE399 /* Localizable.strings in Resources */ = {isa = PBXBuildFile; fileRef = BF9A60162594029600BBE399 /* Localizable.strings */; };
		BFA3250F259A30CE007BF348 /* UsefulToolCell.swift in Sources */ = {isa = PBXBuildFile; fileRef = BFA3250E259A30CE007BF348 /* UsefulToolCell.swift */; };
		BFA32515259A310D007BF348 /* CustomLoadingView.swift in Sources */ = {isa = PBXBuildFile; fileRef = BFA32514259A310D007BF348 /* CustomLoadingView.swift */; };
		BFA3251A259A3138007BF348 /* CustomLoadingTableViewCell.swift in Sources */ = {isa = PBXBuildFile; fileRef = BFA32519259A3138007BF348 /* CustomLoadingTableViewCell.swift */; };
		BFA32527259A31A0007BF348 /* NSObjectExtensions.swift in Sources */ = {isa = PBXBuildFile; fileRef = BFA32526259A31A0007BF348 /* NSObjectExtensions.swift */; };
		BFA3252C259A321D007BF348 /* UITableViewExtensions.swift in Sources */ = {isa = PBXBuildFile; fileRef = BFA3252B259A321D007BF348 /* UITableViewExtensions.swift */; };
		BFA32531259A64AA007BF348 /* UIColorExtensions.swift in Sources */ = {isa = PBXBuildFile; fileRef = BFA32530259A64AA007BF348 /* UIColorExtensions.swift */; };
		BFA32536259A6652007BF348 /* HomeModels.swift in Sources */ = {isa = PBXBuildFile; fileRef = BFA32535259A6652007BF348 /* HomeModels.swift */; };
		BFA3253B259A6B12007BF348 /* UIViewExtensions.swift in Sources */ = {isa = PBXBuildFile; fileRef = BFA3253A259A6B12007BF348 /* UIViewExtensions.swift */; };
		BFAA914825E5AF3B00C9936D /* AddNewToolContentViewTests.swift in Sources */ = {isa = PBXBuildFile; fileRef = BFAA914725E5AF3B00C9936D /* AddNewToolContentViewTests.swift */; };
		BFAA915025E5B37400C9936D /* CustomTextViewTests.swift in Sources */ = {isa = PBXBuildFile; fileRef = BFAA914F25E5B37400C9936D /* CustomTextViewTests.swift */; };
		BFAA915425E5B45300C9936D /* AddNewToolRouter.swift in Sources */ = {isa = PBXBuildFile; fileRef = BFAA915325E5B45300C9936D /* AddNewToolRouter.swift */; };
		BFAA915825E5B5D500C9936D /* AddNewToolConfigurator.swift in Sources */ = {isa = PBXBuildFile; fileRef = BFAA915725E5B5D500C9936D /* AddNewToolConfigurator.swift */; };
		BFAA915C25E5B74F00C9936D /* HomeRouterTests.swift in Sources */ = {isa = PBXBuildFile; fileRef = BFAA915B25E5B74F00C9936D /* HomeRouterTests.swift */; };
		BFAA916025E5B83100C9936D /* UIViewControllerSpy.swift in Sources */ = {isa = PBXBuildFile; fileRef = BFAA915F25E5B83100C9936D /* UIViewControllerSpy.swift */; };
		BFAA916425E5BB1300C9936D /* AddNewToolConfiguratorTests.swift in Sources */ = {isa = PBXBuildFile; fileRef = BFAA916325E5BB1300C9936D /* AddNewToolConfiguratorTests.swift */; };
		BFAA916825E5BB6E00C9936D /* AddNewToolRouterTests.swift in Sources */ = {isa = PBXBuildFile; fileRef = BFAA916725E5BB6E00C9936D /* AddNewToolRouterTests.swift */; };
		BFAA916C25E5BC2800C9936D /* AddNewToolViewControllerTests.swift in Sources */ = {isa = PBXBuildFile; fileRef = BFAA916B25E5BC2800C9936D /* AddNewToolViewControllerTests.swift */; };
		BFAA917125E5BD0E00C9936D /* AddNewToolRouterDummy.swift in Sources */ = {isa = PBXBuildFile; fileRef = BFAA917025E5BD0E00C9936D /* AddNewToolRouterDummy.swift */; };
		BFAA917825E5BE3D00C9936D /* AddNewToolRouterSpy.swift in Sources */ = {isa = PBXBuildFile; fileRef = BFAA917725E5BE3D00C9936D /* AddNewToolRouterSpy.swift */; };
		BFAA918725E6CA1200C9936D /* AlignedCollectionViewFlowLayout.swift in Sources */ = {isa = PBXBuildFile; fileRef = BFAA918625E6CA1200C9936D /* AlignedCollectionViewFlowLayout.swift */; };
		BFAA918D25E6CDA300C9936D /* TagCell.swift in Sources */ = {isa = PBXBuildFile; fileRef = BFAA918C25E6CDA300C9936D /* TagCell.swift */; };
		BFAA919125E6CF7B00C9936D /* UICollectionViewExtensions.swift in Sources */ = {isa = PBXBuildFile; fileRef = BFAA919025E6CF7B00C9936D /* UICollectionViewExtensions.swift */; };
		BFE8ADFF25DF049F006ED5CA /* AddNewToolViewController.swift in Sources */ = {isa = PBXBuildFile; fileRef = BFE8ADFE25DF049F006ED5CA /* AddNewToolViewController.swift */; };
		BFE8AE0625DF04D2006ED5CA /* AddNewToolContentView.swift in Sources */ = {isa = PBXBuildFile; fileRef = BFE8AE0525DF04D2006ED5CA /* AddNewToolContentView.swift */; };
		BFE8AE0A25DF10A0006ED5CA /* HomeRouter.swift in Sources */ = {isa = PBXBuildFile; fileRef = BFE8AE0925DF10A0006ED5CA /* HomeRouter.swift */; };
		BFE8AE0E25DF11DF006ED5CA /* HomeConfigurator.swift in Sources */ = {isa = PBXBuildFile; fileRef = BFE8AE0D25DF11DF006ED5CA /* HomeConfigurator.swift */; };
		BFE8AE1525DF1366006ED5CA /* HomeRouterDummy.swift in Sources */ = {isa = PBXBuildFile; fileRef = BFE8AE1425DF1366006ED5CA /* HomeRouterDummy.swift */; };
		BFE8AE1B25DF143C006ED5CA /* HomeConfiguratorTests.swift in Sources */ = {isa = PBXBuildFile; fileRef = BFE8AE1A25DF143C006ED5CA /* HomeConfiguratorTests.swift */; };
		BFE8AE2025DF14EA006ED5CA /* MirrorExtensions.swift in Sources */ = {isa = PBXBuildFile; fileRef = BFE8AE1F25DF14EA006ED5CA /* MirrorExtensions.swift */; };
		BFE8AE2625DF1620006ED5CA /* HomeRouterSpy.swift in Sources */ = {isa = PBXBuildFile; fileRef = BFE8AE2525DF1620006ED5CA /* HomeRouterSpy.swift */; };
		BFF5AF4E259BEEC400BA97A5 /* UIImageExtensions.swift in Sources */ = {isa = PBXBuildFile; fileRef = BFF5AF4D259BEEC400BA97A5 /* UIImageExtensions.swift */; };
		C4D200EC7614BAC4B658BD3E /* Pods_VeryUsefulToolstoRemember.framework in Frameworks */ = {isa = PBXBuildFile; fileRef = BD681DD0B73507D55DEF884A /* Pods_VeryUsefulToolstoRemember.framework */; };
/* End PBXBuildFile section */

/* Begin PBXContainerItemProxy section */
		BF5F98F72593DFF200E28356 /* PBXContainerItemProxy */ = {
			isa = PBXContainerItemProxy;
			containerPortal = BF5F98D82593DFEB00E28356 /* Project object */;
			proxyType = 1;
			remoteGlobalIDString = BF5F98DF2593DFEB00E28356;
			remoteInfo = VeryUsefulToolstoRemember;
		};
/* End PBXContainerItemProxy section */

/* Begin PBXFileReference section */
		15C4DB8D4EC186AF794EB4F3 /* Pods-VeryUsefulToolstoRememberTests.release.xcconfig */ = {isa = PBXFileReference; includeInIndex = 1; lastKnownFileType = text.xcconfig; name = "Pods-VeryUsefulToolstoRememberTests.release.xcconfig"; path = "Target Support Files/Pods-VeryUsefulToolstoRememberTests/Pods-VeryUsefulToolstoRememberTests.release.xcconfig"; sourceTree = "<group>"; };
		6734CA42C6B473DDCE342EC5 /* Pods_VeryUsefulToolstoRememberTests.framework */ = {isa = PBXFileReference; explicitFileType = wrapper.framework; includeInIndex = 0; path = Pods_VeryUsefulToolstoRememberTests.framework; sourceTree = BUILT_PRODUCTS_DIR; };
		8B7A3B9CE9E37CFBA77BE35D /* Pods-VeryUsefulToolstoRemember.debug.xcconfig */ = {isa = PBXFileReference; includeInIndex = 1; lastKnownFileType = text.xcconfig; name = "Pods-VeryUsefulToolstoRemember.debug.xcconfig"; path = "Target Support Files/Pods-VeryUsefulToolstoRemember/Pods-VeryUsefulToolstoRemember.debug.xcconfig"; sourceTree = "<group>"; };
		BD681DD0B73507D55DEF884A /* Pods_VeryUsefulToolstoRemember.framework */ = {isa = PBXFileReference; explicitFileType = wrapper.framework; includeInIndex = 0; path = Pods_VeryUsefulToolstoRemember.framework; sourceTree = BUILT_PRODUCTS_DIR; };
		BF03B7B0259B6C9A00DF170A /* HomeContentViewTests.swift */ = {isa = PBXFileReference; lastKnownFileType = sourcecode.swift; path = HomeContentViewTests.swift; sourceTree = "<group>"; };
		BF03B7B8259B6E8200DF170A /* UsefulToolCellTests.swift */ = {isa = PBXFileReference; lastKnownFileType = sourcecode.swift; path = UsefulToolCellTests.swift; sourceTree = "<group>"; };
		BF145C412594059700BBAA52 /* Strings.swift */ = {isa = PBXFileReference; fileEncoding = 4; lastKnownFileType = sourcecode.swift; path = Strings.swift; sourceTree = "<group>"; };
		BF2C9BF325DDB8C300396C74 /* CustomTextField.swift */ = {isa = PBXFileReference; lastKnownFileType = sourcecode.swift; path = CustomTextField.swift; sourceTree = "<group>"; };
		BF2C9BFC25DDC09500396C74 /* CustomTextFieldTests.swift */ = {isa = PBXFileReference; lastKnownFileType = sourcecode.swift; path = CustomTextFieldTests.swift; sourceTree = "<group>"; };
		BF2C9C0225DDC8D300396C74 /* HomeViewControllerTests.swift */ = {isa = PBXFileReference; lastKnownFileType = sourcecode.swift; path = HomeViewControllerTests.swift; sourceTree = "<group>"; };
		BF2C9C1525DDCAA000396C74 /* HomeContentViewSpy.swift */ = {isa = PBXFileReference; lastKnownFileType = sourcecode.swift; path = HomeContentViewSpy.swift; sourceTree = "<group>"; };
		BF3140EA25E85EE500D5F766 /* HomeInteractor.swift */ = {isa = PBXFileReference; lastKnownFileType = sourcecode.swift; path = HomeInteractor.swift; sourceTree = "<group>"; };
		BF3140EE25E85F5100D5F766 /* HomePresenter.swift */ = {isa = PBXFileReference; lastKnownFileType = sourcecode.swift; path = HomePresenter.swift; sourceTree = "<group>"; };
		BF3140F825E8624800D5F766 /* HomeInteractorDummy.swift */ = {isa = PBXFileReference; lastKnownFileType = sourcecode.swift; path = HomeInteractorDummy.swift; sourceTree = "<group>"; };
		BF489FCE25E5A93600F901B8 /* CustomTextView.swift */ = {isa = PBXFileReference; lastKnownFileType = sourcecode.swift; path = CustomTextView.swift; sourceTree = "<group>"; };
		BF5F98E02593DFEB00E28356 /* VeryUsefulToolstoRemember.app */ = {isa = PBXFileReference; explicitFileType = wrapper.application; includeInIndex = 0; path = VeryUsefulToolstoRemember.app; sourceTree = BUILT_PRODUCTS_DIR; };
		BF5F98E32593DFEB00E28356 /* AppDelegate.swift */ = {isa = PBXFileReference; lastKnownFileType = sourcecode.swift; path = AppDelegate.swift; sourceTree = "<group>"; };
		BF5F98EC2593DFF200E28356 /* Assets.xcassets */ = {isa = PBXFileReference; lastKnownFileType = folder.assetcatalog; path = Assets.xcassets; sourceTree = "<group>"; };
		BF5F98EF2593DFF200E28356 /* Base */ = {isa = PBXFileReference; lastKnownFileType = file.storyboard; name = Base; path = Base.lproj/LaunchScreen.storyboard; sourceTree = "<group>"; };
		BF5F98F12593DFF200E28356 /* Info.plist */ = {isa = PBXFileReference; lastKnownFileType = text.plist.xml; path = Info.plist; sourceTree = "<group>"; };
		BF5F98F62593DFF200E28356 /* VeryUsefulToolstoRememberTests.xctest */ = {isa = PBXFileReference; explicitFileType = wrapper.cfbundle; includeInIndex = 0; path = VeryUsefulToolstoRememberTests.xctest; sourceTree = BUILT_PRODUCTS_DIR; };
		BF5F98FC2593DFF200E28356 /* Info.plist */ = {isa = PBXFileReference; lastKnownFileType = text.plist.xml; path = Info.plist; sourceTree = "<group>"; };
		BF5F993F2593F0D600E28356 /* HomeViewController.swift */ = {isa = PBXFileReference; lastKnownFileType = sourcecode.swift; path = HomeViewController.swift; sourceTree = "<group>"; };
		BF5F99452593F0FF00E28356 /* HomeContentView.swift */ = {isa = PBXFileReference; lastKnownFileType = sourcecode.swift; path = HomeContentView.swift; sourceTree = "<group>"; };
		BF5F994B2593F13C00E28356 /* ViewCode.swift */ = {isa = PBXFileReference; lastKnownFileType = sourcecode.swift; path = ViewCode.swift; sourceTree = "<group>"; };
		BF5F99502593F5D400E28356 /* UIView+Autolayout.swift */ = {isa = PBXFileReference; lastKnownFileType = sourcecode.swift; path = "UIView+Autolayout.swift"; sourceTree = "<group>"; };
		BF5F99562593F7AD00E28356 /* SourceSansPro-Regular.ttf */ = {isa = PBXFileReference; lastKnownFileType = file; path = "SourceSansPro-Regular.ttf"; sourceTree = "<group>"; };
		BF5F99572593F7AD00E28356 /* SourceSansPro-SemiBold.ttf */ = {isa = PBXFileReference; lastKnownFileType = file; path = "SourceSansPro-SemiBold.ttf"; sourceTree = "<group>"; };
		BF7EB24625ED861F004EA9AD /* GetUsefulToolsUseCase.swift */ = {isa = PBXFileReference; lastKnownFileType = sourcecode.swift; path = GetUsefulToolsUseCase.swift; sourceTree = "<group>"; };
		BF7EB24D25ED8911004EA9AD /* GetUsefulToolsUseCaseModels.swift */ = {isa = PBXFileReference; lastKnownFileType = sourcecode.swift; path = GetUsefulToolsUseCaseModels.swift; sourceTree = "<group>"; };
		BF8D067225E05B5F0045EAFE /* UIButton+Layout.swift */ = {isa = PBXFileReference; lastKnownFileType = sourcecode.swift; path = "UIButton+Layout.swift"; sourceTree = "<group>"; };
		BF8D067625E05BDA0045EAFE /* ButtonLayoutStyles.swift */ = {isa = PBXFileReference; lastKnownFileType = sourcecode.swift; path = ButtonLayoutStyles.swift; sourceTree = "<group>"; };
		BF8D067A25E0600E0045EAFE /* LayoutableButton.swift */ = {isa = PBXFileReference; lastKnownFileType = sourcecode.swift; path = LayoutableButton.swift; sourceTree = "<group>"; };
		BF9A5FF02593F84000BBE399 /* UIFontExtensions.swift */ = {isa = PBXFileReference; lastKnownFileType = sourcecode.swift; path = UIFontExtensions.swift; sourceTree = "<group>"; };
		BF9A5FF62593F8B100BBE399 /* Metrics.swift */ = {isa = PBXFileReference; lastKnownFileType = sourcecode.swift; path = Metrics.swift; sourceTree = "<group>"; };
		BF9A5FFE2593FC5700BBE399 /* UINavigationBarExtensions.swift */ = {isa = PBXFileReference; lastKnownFileType = sourcecode.swift; path = UINavigationBarExtensions.swift; sourceTree = "<group>"; };
		BF9A60032594022200BBE399 /* pt-BR */ = {isa = PBXFileReference; lastKnownFileType = text.plist.strings; name = "pt-BR"; path = "pt-BR.lproj/LaunchScreen.strings"; sourceTree = "<group>"; };
		BF9A60152594029600BBE399 /* en */ = {isa = PBXFileReference; lastKnownFileType = text.plist.strings; name = en; path = en.lproj/Localizable.strings; sourceTree = "<group>"; };
		BF9A601A2594029A00BBE399 /* pt-BR */ = {isa = PBXFileReference; lastKnownFileType = text.plist.strings; name = "pt-BR"; path = "pt-BR.lproj/Localizable.strings"; sourceTree = "<group>"; };
		BF9A601B259402C500BBE399 /* es */ = {isa = PBXFileReference; lastKnownFileType = text.plist.strings; name = es; path = es.lproj/LaunchScreen.strings; sourceTree = "<group>"; };
		BF9A601C259402C500BBE399 /* es */ = {isa = PBXFileReference; lastKnownFileType = text.plist.strings; name = es; path = es.lproj/Localizable.strings; sourceTree = "<group>"; };
		BFA3250E259A30CE007BF348 /* UsefulToolCell.swift */ = {isa = PBXFileReference; lastKnownFileType = sourcecode.swift; path = UsefulToolCell.swift; sourceTree = "<group>"; };
		BFA32514259A310D007BF348 /* CustomLoadingView.swift */ = {isa = PBXFileReference; lastKnownFileType = sourcecode.swift; path = CustomLoadingView.swift; sourceTree = "<group>"; };
		BFA32519259A3138007BF348 /* CustomLoadingTableViewCell.swift */ = {isa = PBXFileReference; lastKnownFileType = sourcecode.swift; path = CustomLoadingTableViewCell.swift; sourceTree = "<group>"; };
		BFA32526259A31A0007BF348 /* NSObjectExtensions.swift */ = {isa = PBXFileReference; lastKnownFileType = sourcecode.swift; path = NSObjectExtensions.swift; sourceTree = "<group>"; };
		BFA3252B259A321D007BF348 /* UITableViewExtensions.swift */ = {isa = PBXFileReference; lastKnownFileType = sourcecode.swift; path = UITableViewExtensions.swift; sourceTree = "<group>"; };
		BFA32530259A64AA007BF348 /* UIColorExtensions.swift */ = {isa = PBXFileReference; lastKnownFileType = sourcecode.swift; path = UIColorExtensions.swift; sourceTree = "<group>"; };
		BFA32535259A6652007BF348 /* HomeModels.swift */ = {isa = PBXFileReference; lastKnownFileType = sourcecode.swift; path = HomeModels.swift; sourceTree = "<group>"; };
		BFA3253A259A6B12007BF348 /* UIViewExtensions.swift */ = {isa = PBXFileReference; lastKnownFileType = sourcecode.swift; path = UIViewExtensions.swift; sourceTree = "<group>"; };
		BFAA914725E5AF3B00C9936D /* AddNewToolContentViewTests.swift */ = {isa = PBXFileReference; lastKnownFileType = sourcecode.swift; path = AddNewToolContentViewTests.swift; sourceTree = "<group>"; };
		BFAA914F25E5B37400C9936D /* CustomTextViewTests.swift */ = {isa = PBXFileReference; lastKnownFileType = sourcecode.swift; path = CustomTextViewTests.swift; sourceTree = "<group>"; };
		BFAA915325E5B45300C9936D /* AddNewToolRouter.swift */ = {isa = PBXFileReference; lastKnownFileType = sourcecode.swift; path = AddNewToolRouter.swift; sourceTree = "<group>"; };
		BFAA915725E5B5D500C9936D /* AddNewToolConfigurator.swift */ = {isa = PBXFileReference; lastKnownFileType = sourcecode.swift; path = AddNewToolConfigurator.swift; sourceTree = "<group>"; };
		BFAA915B25E5B74F00C9936D /* HomeRouterTests.swift */ = {isa = PBXFileReference; lastKnownFileType = sourcecode.swift; path = HomeRouterTests.swift; sourceTree = "<group>"; };
		BFAA915F25E5B83100C9936D /* UIViewControllerSpy.swift */ = {isa = PBXFileReference; lastKnownFileType = sourcecode.swift; path = UIViewControllerSpy.swift; sourceTree = "<group>"; };
		BFAA916325E5BB1300C9936D /* AddNewToolConfiguratorTests.swift */ = {isa = PBXFileReference; lastKnownFileType = sourcecode.swift; path = AddNewToolConfiguratorTests.swift; sourceTree = "<group>"; };
		BFAA916725E5BB6E00C9936D /* AddNewToolRouterTests.swift */ = {isa = PBXFileReference; lastKnownFileType = sourcecode.swift; path = AddNewToolRouterTests.swift; sourceTree = "<group>"; };
		BFAA916B25E5BC2800C9936D /* AddNewToolViewControllerTests.swift */ = {isa = PBXFileReference; lastKnownFileType = sourcecode.swift; path = AddNewToolViewControllerTests.swift; sourceTree = "<group>"; };
		BFAA917025E5BD0E00C9936D /* AddNewToolRouterDummy.swift */ = {isa = PBXFileReference; lastKnownFileType = sourcecode.swift; path = AddNewToolRouterDummy.swift; sourceTree = "<group>"; };
		BFAA917725E5BE3D00C9936D /* AddNewToolRouterSpy.swift */ = {isa = PBXFileReference; lastKnownFileType = sourcecode.swift; path = AddNewToolRouterSpy.swift; sourceTree = "<group>"; };
		BFAA918625E6CA1200C9936D /* AlignedCollectionViewFlowLayout.swift */ = {isa = PBXFileReference; lastKnownFileType = sourcecode.swift; path = AlignedCollectionViewFlowLayout.swift; sourceTree = "<group>"; };
		BFAA918C25E6CDA300C9936D /* TagCell.swift */ = {isa = PBXFileReference; lastKnownFileType = sourcecode.swift; path = TagCell.swift; sourceTree = "<group>"; };
		BFAA919025E6CF7B00C9936D /* UICollectionViewExtensions.swift */ = {isa = PBXFileReference; lastKnownFileType = sourcecode.swift; path = UICollectionViewExtensions.swift; sourceTree = "<group>"; };
		BFE8ADFE25DF049F006ED5CA /* AddNewToolViewController.swift */ = {isa = PBXFileReference; lastKnownFileType = sourcecode.swift; path = AddNewToolViewController.swift; sourceTree = "<group>"; };
		BFE8AE0525DF04D2006ED5CA /* AddNewToolContentView.swift */ = {isa = PBXFileReference; lastKnownFileType = sourcecode.swift; path = AddNewToolContentView.swift; sourceTree = "<group>"; };
		BFE8AE0925DF10A0006ED5CA /* HomeRouter.swift */ = {isa = PBXFileReference; lastKnownFileType = sourcecode.swift; path = HomeRouter.swift; sourceTree = "<group>"; };
		BFE8AE0D25DF11DF006ED5CA /* HomeConfigurator.swift */ = {isa = PBXFileReference; lastKnownFileType = sourcecode.swift; path = HomeConfigurator.swift; sourceTree = "<group>"; };
		BFE8AE1425DF1366006ED5CA /* HomeRouterDummy.swift */ = {isa = PBXFileReference; lastKnownFileType = sourcecode.swift; path = HomeRouterDummy.swift; sourceTree = "<group>"; };
		BFE8AE1A25DF143C006ED5CA /* HomeConfiguratorTests.swift */ = {isa = PBXFileReference; lastKnownFileType = sourcecode.swift; path = HomeConfiguratorTests.swift; sourceTree = "<group>"; };
		BFE8AE1F25DF14EA006ED5CA /* MirrorExtensions.swift */ = {isa = PBXFileReference; lastKnownFileType = sourcecode.swift; path = MirrorExtensions.swift; sourceTree = "<group>"; };
		BFE8AE2525DF1620006ED5CA /* HomeRouterSpy.swift */ = {isa = PBXFileReference; lastKnownFileType = sourcecode.swift; path = HomeRouterSpy.swift; sourceTree = "<group>"; };
		BFF5AF4D259BEEC400BA97A5 /* UIImageExtensions.swift */ = {isa = PBXFileReference; lastKnownFileType = sourcecode.swift; path = UIImageExtensions.swift; sourceTree = "<group>"; };
		C399281D9994363B194483F3 /* Pods-VeryUsefulToolstoRemember.release.xcconfig */ = {isa = PBXFileReference; includeInIndex = 1; lastKnownFileType = text.xcconfig; name = "Pods-VeryUsefulToolstoRemember.release.xcconfig"; path = "Target Support Files/Pods-VeryUsefulToolstoRemember/Pods-VeryUsefulToolstoRemember.release.xcconfig"; sourceTree = "<group>"; };
		ECAF33C5A296DCBBC19DE99D /* Pods-VeryUsefulToolstoRememberTests.debug.xcconfig */ = {isa = PBXFileReference; includeInIndex = 1; lastKnownFileType = text.xcconfig; name = "Pods-VeryUsefulToolstoRememberTests.debug.xcconfig"; path = "Target Support Files/Pods-VeryUsefulToolstoRememberTests/Pods-VeryUsefulToolstoRememberTests.debug.xcconfig"; sourceTree = "<group>"; };
/* End PBXFileReference section */

/* Begin PBXFrameworksBuildPhase section */
		BF5F98DD2593DFEB00E28356 /* Frameworks */ = {
			isa = PBXFrameworksBuildPhase;
			buildActionMask = 2147483647;
			files = (
				C4D200EC7614BAC4B658BD3E /* Pods_VeryUsefulToolstoRemember.framework in Frameworks */,
			);
			runOnlyForDeploymentPostprocessing = 0;
		};
		BF5F98F32593DFF200E28356 /* Frameworks */ = {
			isa = PBXFrameworksBuildPhase;
			buildActionMask = 2147483647;
			files = (
				25B3A45914C23254B2A9B604 /* Pods_VeryUsefulToolstoRememberTests.framework in Frameworks */,
			);
			runOnlyForDeploymentPostprocessing = 0;
		};
/* End PBXFrameworksBuildPhase section */

/* Begin PBXGroup section */
		59E95096179420EDC1278C28 /* Frameworks */ = {
			isa = PBXGroup;
			children = (
				BD681DD0B73507D55DEF884A /* Pods_VeryUsefulToolstoRemember.framework */,
				6734CA42C6B473DDCE342EC5 /* Pods_VeryUsefulToolstoRememberTests.framework */,
			);
			name = Frameworks;
			sourceTree = "<group>";
		};
		77EB9DF052DA9D318616A4AC /* Pods */ = {
			isa = PBXGroup;
			children = (
				8B7A3B9CE9E37CFBA77BE35D /* Pods-VeryUsefulToolstoRemember.debug.xcconfig */,
				C399281D9994363B194483F3 /* Pods-VeryUsefulToolstoRemember.release.xcconfig */,
				ECAF33C5A296DCBBC19DE99D /* Pods-VeryUsefulToolstoRememberTests.debug.xcconfig */,
				15C4DB8D4EC186AF794EB4F3 /* Pods-VeryUsefulToolstoRememberTests.release.xcconfig */,
			);
			path = Pods;
			sourceTree = "<group>";
		};
		BF03B7AA259B6C7800DF170A /* Scenes */ = {
			isa = PBXGroup;
			children = (
				BFAA914525E5AF1900C9936D /* AddNewTool */,
				BF03B7AB259B6C7F00DF170A /* Home */,
			);
			path = Scenes;
			sourceTree = "<group>";
		};
		BF03B7AB259B6C7F00DF170A /* Home */ = {
			isa = PBXGroup;
			children = (
				BF03B7AC259B6C8400DF170A /* Views */,
				BF2C9C0225DDC8D300396C74 /* HomeViewControllerTests.swift */,
				BFE8AE1A25DF143C006ED5CA /* HomeConfiguratorTests.swift */,
				BFAA915B25E5B74F00C9936D /* HomeRouterTests.swift */,
			);
			path = Home;
			sourceTree = "<group>";
		};
		BF03B7AC259B6C8400DF170A /* Views */ = {
			isa = PBXGroup;
			children = (
				BF03B7B0259B6C9A00DF170A /* HomeContentViewTests.swift */,
				BF03B7B8259B6E8200DF170A /* UsefulToolCellTests.swift */,
			);
			path = Views;
			sourceTree = "<group>";
		};
		BF2C9BFB25DDC08500396C74 /* Components */ = {
			isa = PBXGroup;
			children = (
				BF2C9BFC25DDC09500396C74 /* CustomTextFieldTests.swift */,
				BFAA914F25E5B37400C9936D /* CustomTextViewTests.swift */,
			);
			path = Components;
			sourceTree = "<group>";
		};
		BF2C9C0625DDCA5300396C74 /* Tests */ = {
			isa = PBXGroup;
			children = (
				BF2C9BFB25DDC08500396C74 /* Components */,
				BF03B7AA259B6C7800DF170A /* Scenes */,
			);
			name = Tests;
			path = Sources/Tests;
			sourceTree = "<group>";
		};
		BF2C9C0925DDCA6A00396C74 /* Sources */ = {
			isa = PBXGroup;
			children = (
				BFE8AE1E25DF14DE006ED5CA /* Extensions */,
				BFE8AE1125DF1353006ED5CA /* Dummies */,
				BF2C9C0A25DDCA7300396C74 /* Spies */,
			);
			path = Sources;
			sourceTree = "<group>";
		};
		BF2C9C0A25DDCA7300396C74 /* Spies */ = {
			isa = PBXGroup;
			children = (
				BF2C9C0B25DDCA8400396C74 /* Scenes */,
				BFAA915F25E5B83100C9936D /* UIViewControllerSpy.swift */,
			);
			path = Spies;
			sourceTree = "<group>";
		};
		BF2C9C0B25DDCA8400396C74 /* Scenes */ = {
			isa = PBXGroup;
			children = (
				BFAA917D25E5BE6000C9936D /* AddNewTool */,
				BF2C9C0C25DDCA8A00396C74 /* Home */,
			);
			path = Scenes;
			sourceTree = "<group>";
		};
		BF2C9C0C25DDCA8A00396C74 /* Home */ = {
			isa = PBXGroup;
			children = (
				BF2C9C1525DDCAA000396C74 /* HomeContentViewSpy.swift */,
				BFE8AE2525DF1620006ED5CA /* HomeRouterSpy.swift */,
			);
			path = Home;
			sourceTree = "<group>";
		};
		BF5F98D72593DFEB00E28356 = {
			isa = PBXGroup;
			children = (
				BF5F98E22593DFEB00E28356 /* VeryUsefulToolstoRemember */,
				BF5F98F92593DFF200E28356 /* VeryUsefulToolstoRememberTests */,
				BF5F98E12593DFEB00E28356 /* Products */,
				77EB9DF052DA9D318616A4AC /* Pods */,
				59E95096179420EDC1278C28 /* Frameworks */,
			);
			sourceTree = "<group>";
		};
		BF5F98E12593DFEB00E28356 /* Products */ = {
			isa = PBXGroup;
			children = (
				BF5F98E02593DFEB00E28356 /* VeryUsefulToolstoRemember.app */,
				BF5F98F62593DFF200E28356 /* VeryUsefulToolstoRememberTests.xctest */,
			);
			name = Products;
			sourceTree = "<group>";
		};
		BF5F98E22593DFEB00E28356 /* VeryUsefulToolstoRemember */ = {
			isa = PBXGroup;
			children = (
				BF5F993C2593F09E00E28356 /* Sources */,
				BF5F993B2593F07000E28356 /* Resources */,
				BF5F98E32593DFEB00E28356 /* AppDelegate.swift */,
				BF5F98EE2593DFF200E28356 /* LaunchScreen.storyboard */,
				BF5F98F12593DFF200E28356 /* Info.plist */,
			);
			path = VeryUsefulToolstoRemember;
			sourceTree = "<group>";
		};
		BF5F98F92593DFF200E28356 /* VeryUsefulToolstoRememberTests */ = {
			isa = PBXGroup;
			children = (
				BF2C9C0625DDCA5300396C74 /* Tests */,
				BF2C9C0925DDCA6A00396C74 /* Sources */,
				BF5F98FC2593DFF200E28356 /* Info.plist */,
			);
			path = VeryUsefulToolstoRememberTests;
			sourceTree = "<group>";
		};
		BF5F993B2593F07000E28356 /* Resources */ = {
			isa = PBXGroup;
			children = (
				BF145C412594059700BBAA52 /* Strings.swift */,
				BF5F99552593F79B00E28356 /* Fonts */,
				BF5F98EC2593DFF200E28356 /* Assets.xcassets */,
				BF9A60162594029600BBE399 /* Localizable.strings */,
			);
			path = Resources;
			sourceTree = "<group>";
		};
		BF5F993C2593F09E00E28356 /* Sources */ = {
			isa = PBXGroup;
			children = (
				BFAA918025E6C9B000C9936D /* UI */,
				BF5F994A2593F12800E28356 /* Extensions */,
				BF5F993D2593F0B300E28356 /* Scenes */,
			);
			path = Sources;
			sourceTree = "<group>";
		};
		BF5F993D2593F0B300E28356 /* Scenes */ = {
			isa = PBXGroup;
			children = (
				BFE8ADFD25DF048F006ED5CA /* AddNewTool */,
				BF5F993E2593F0C500E28356 /* Home */,
			);
			path = Scenes;
			sourceTree = "<group>";
		};
		BF5F993E2593F0C500E28356 /* Home */ = {
			isa = PBXGroup;
			children = (
				BF7EB24425ED85CE004EA9AD /* Domain */,
				BF5F99442593F0F200E28356 /* Views */,
				BF5F993F2593F0D600E28356 /* HomeViewController.swift */,
				BFA32535259A6652007BF348 /* HomeModels.swift */,
				BFE8AE0925DF10A0006ED5CA /* HomeRouter.swift */,
				BFE8AE0D25DF11DF006ED5CA /* HomeConfigurator.swift */,
				BF3140EA25E85EE500D5F766 /* HomeInteractor.swift */,
				BF3140EE25E85F5100D5F766 /* HomePresenter.swift */,
			);
			path = Home;
			sourceTree = "<group>";
		};
		BF5F99442593F0F200E28356 /* Views */ = {
			isa = PBXGroup;
			children = (
				BF5F99452593F0FF00E28356 /* HomeContentView.swift */,
				BFA3250E259A30CE007BF348 /* UsefulToolCell.swift */,
				BFAA918C25E6CDA300C9936D /* TagCell.swift */,
			);
			path = Views;
			sourceTree = "<group>";
		};
		BF5F994A2593F12800E28356 /* Extensions */ = {
			isa = PBXGroup;
			children = (
				BF5F994B2593F13C00E28356 /* ViewCode.swift */,
				BF5F99502593F5D400E28356 /* UIView+Autolayout.swift */,
				BF9A5FF02593F84000BBE399 /* UIFontExtensions.swift */,
				BF9A5FFE2593FC5700BBE399 /* UINavigationBarExtensions.swift */,
				BFA32526259A31A0007BF348 /* NSObjectExtensions.swift */,
				BFA3252B259A321D007BF348 /* UITableViewExtensions.swift */,
				BFA32530259A64AA007BF348 /* UIColorExtensions.swift */,
				BFA3253A259A6B12007BF348 /* UIViewExtensions.swift */,
				BFF5AF4D259BEEC400BA97A5 /* UIImageExtensions.swift */,
				BFAA919025E6CF7B00C9936D /* UICollectionViewExtensions.swift */,
			);
			path = Extensions;
			sourceTree = "<group>";
		};
		BF5F99552593F79B00E28356 /* Fonts */ = {
			isa = PBXGroup;
			children = (
				BF5F99562593F7AD00E28356 /* SourceSansPro-Regular.ttf */,
				BF5F99572593F7AD00E28356 /* SourceSansPro-SemiBold.ttf */,
			);
			path = Fonts;
			sourceTree = "<group>";
		};
		BF7EB24425ED85CE004EA9AD /* Domain */ = {
			isa = PBXGroup;
			children = (
				BF7EB24C25ED8909004EA9AD /* Models */,
				BF7EB24525ED85D6004EA9AD /* UseCases */,
			);
			path = Domain;
			sourceTree = "<group>";
		};
		BF7EB24525ED85D6004EA9AD /* UseCases */ = {
			isa = PBXGroup;
			children = (
				BF7EB24625ED861F004EA9AD /* GetUsefulToolsUseCase.swift */,
			);
			path = UseCases;
			sourceTree = "<group>";
		};
		BF7EB24C25ED8909004EA9AD /* Models */ = {
			isa = PBXGroup;
			children = (
				BF7EB24D25ED8911004EA9AD /* GetUsefulToolsUseCaseModels.swift */,
			);
			path = Models;
			sourceTree = "<group>";
		};
		BF8D067125E05B4B0045EAFE /* Components */ = {
			isa = PBXGroup;
			children = (
				BF2C9BF325DDB8C300396C74 /* CustomTextField.swift */,
				BF8D067225E05B5F0045EAFE /* UIButton+Layout.swift */,
				BF8D067625E05BDA0045EAFE /* ButtonLayoutStyles.swift */,
				BF8D067A25E0600E0045EAFE /* LayoutableButton.swift */,
				BF489FCE25E5A93600F901B8 /* CustomTextView.swift */,
			);
			path = Components;
			sourceTree = "<group>";
		};
		BF9A5FF52593F8A400BBE399 /* DesignSystem */ = {
			isa = PBXGroup;
			children = (
				BF9A5FF62593F8B100BBE399 /* Metrics.swift */,
			);
			path = DesignSystem;
			sourceTree = "<group>";
		};
		BFA32513259A3100007BF348 /* Views */ = {
			isa = PBXGroup;
			children = (
				BFA32514259A310D007BF348 /* CustomLoadingView.swift */,
				BFA32519259A3138007BF348 /* CustomLoadingTableViewCell.swift */,
			);
			path = Views;
			sourceTree = "<group>";
		};
		BFAA914525E5AF1900C9936D /* AddNewTool */ = {
			isa = PBXGroup;
			children = (
				BFAA914625E5AF2F00C9936D /* Views */,
				BFAA916325E5BB1300C9936D /* AddNewToolConfiguratorTests.swift */,
				BFAA916725E5BB6E00C9936D /* AddNewToolRouterTests.swift */,
				BFAA916B25E5BC2800C9936D /* AddNewToolViewControllerTests.swift */,
			);
			path = AddNewTool;
			sourceTree = "<group>";
		};
		BFAA914625E5AF2F00C9936D /* Views */ = {
			isa = PBXGroup;
			children = (
				BFAA914725E5AF3B00C9936D /* AddNewToolContentViewTests.swift */,
			);
			path = Views;
			sourceTree = "<group>";
		};
		BFAA916F25E5BD0500C9936D /* AddNewTool */ = {
			isa = PBXGroup;
			children = (
				BFAA917025E5BD0E00C9936D /* AddNewToolRouterDummy.swift */,
			);
			path = AddNewTool;
			sourceTree = "<group>";
		};
		BFAA917D25E5BE6000C9936D /* AddNewTool */ = {
			isa = PBXGroup;
			children = (
				BFAA917725E5BE3D00C9936D /* AddNewToolRouterSpy.swift */,
			);
			path = AddNewTool;
			sourceTree = "<group>";
		};
		BFAA918025E6C9B000C9936D /* UI */ = {
			isa = PBXGroup;
			children = (
				BFAA918525E6C9F200C9936D /* FlowLayouts */,
				BF8D067125E05B4B0045EAFE /* Components */,
				BFA32513259A3100007BF348 /* Views */,
				BF9A5FF52593F8A400BBE399 /* DesignSystem */,
			);
			path = UI;
			sourceTree = "<group>";
		};
		BFAA918525E6C9F200C9936D /* FlowLayouts */ = {
			isa = PBXGroup;
			children = (
				BFAA918625E6CA1200C9936D /* AlignedCollectionViewFlowLayout.swift */,
			);
			path = FlowLayouts;
			sourceTree = "<group>";
		};
		BFE8ADFD25DF048F006ED5CA /* AddNewTool */ = {
			isa = PBXGroup;
			children = (
				BFE8AE0425DF04B4006ED5CA /* Views */,
				BFE8ADFE25DF049F006ED5CA /* AddNewToolViewController.swift */,
				BFAA915325E5B45300C9936D /* AddNewToolRouter.swift */,
				BFAA915725E5B5D500C9936D /* AddNewToolConfigurator.swift */,
			);
			path = AddNewTool;
			sourceTree = "<group>";
		};
		BFE8AE0425DF04B4006ED5CA /* Views */ = {
			isa = PBXGroup;
			children = (
				BFE8AE0525DF04D2006ED5CA /* AddNewToolContentView.swift */,
			);
			path = Views;
			sourceTree = "<group>";
		};
		BFE8AE1125DF1353006ED5CA /* Dummies */ = {
			isa = PBXGroup;
			children = (
				BFE8AE1225DF1359006ED5CA /* Scenes */,
			);
			path = Dummies;
			sourceTree = "<group>";
		};
		BFE8AE1225DF1359006ED5CA /* Scenes */ = {
			isa = PBXGroup;
			children = (
				BFAA916F25E5BD0500C9936D /* AddNewTool */,
				BFE8AE1325DF135D006ED5CA /* Home */,
			);
			path = Scenes;
			sourceTree = "<group>";
		};
		BFE8AE1325DF135D006ED5CA /* Home */ = {
			isa = PBXGroup;
			children = (
				BFE8AE1425DF1366006ED5CA /* HomeRouterDummy.swift */,
				BF3140F825E8624800D5F766 /* HomeInteractorDummy.swift */,
			);
			path = Home;
			sourceTree = "<group>";
		};
		BFE8AE1E25DF14DE006ED5CA /* Extensions */ = {
			isa = PBXGroup;
			children = (
				BFE8AE1F25DF14EA006ED5CA /* MirrorExtensions.swift */,
			);
			path = Extensions;
			sourceTree = "<group>";
		};
/* End PBXGroup section */

/* Begin PBXNativeTarget section */
		BF5F98DF2593DFEB00E28356 /* VeryUsefulToolstoRemember */ = {
			isa = PBXNativeTarget;
			buildConfigurationList = BF5F990A2593DFF200E28356 /* Build configuration list for PBXNativeTarget "VeryUsefulToolstoRemember" */;
			buildPhases = (
				3CD6229783DBAE1715A19C9E /* [CP] Check Pods Manifest.lock */,
				BF5F98DC2593DFEB00E28356 /* Sources */,
				BF5F98DD2593DFEB00E28356 /* Frameworks */,
				BF5F98DE2593DFEB00E28356 /* Resources */,
			);
			buildRules = (
			);
			dependencies = (
			);
			name = VeryUsefulToolstoRemember;
			productName = VeryUsefulToolstoRemember;
			productReference = BF5F98E02593DFEB00E28356 /* VeryUsefulToolstoRemember.app */;
			productType = "com.apple.product-type.application";
		};
		BF5F98F52593DFF200E28356 /* VeryUsefulToolstoRememberTests */ = {
			isa = PBXNativeTarget;
			buildConfigurationList = BF5F990D2593DFF200E28356 /* Build configuration list for PBXNativeTarget "VeryUsefulToolstoRememberTests" */;
			buildPhases = (
				A4BC2995EABAAA0F43F814C9 /* [CP] Check Pods Manifest.lock */,
				BF5F98F22593DFF200E28356 /* Sources */,
				BF5F98F32593DFF200E28356 /* Frameworks */,
				BF5F98F42593DFF200E28356 /* Resources */,
				E0123E1085B29F7ACC0096CE /* [CP] Embed Pods Frameworks */,
			);
			buildRules = (
			);
			dependencies = (
				BF5F98F82593DFF200E28356 /* PBXTargetDependency */,
			);
			name = VeryUsefulToolstoRememberTests;
			productName = VeryUsefulToolstoRememberTests;
			productReference = BF5F98F62593DFF200E28356 /* VeryUsefulToolstoRememberTests.xctest */;
			productType = "com.apple.product-type.bundle.unit-test";
		};
/* End PBXNativeTarget section */

/* Begin PBXProject section */
		BF5F98D82593DFEB00E28356 /* Project object */ = {
			isa = PBXProject;
			attributes = {
				LastSwiftUpdateCheck = 1230;
				LastUpgradeCheck = 1230;
				ORGANIZATIONNAME = "Ana Letícia Camargos";
				TargetAttributes = {
					BF5F98DF2593DFEB00E28356 = {
						CreatedOnToolsVersion = 12.3;
					};
					BF5F98F52593DFF200E28356 = {
						CreatedOnToolsVersion = 12.3;
						TestTargetID = BF5F98DF2593DFEB00E28356;
					};
				};
			};
			buildConfigurationList = BF5F98DB2593DFEB00E28356 /* Build configuration list for PBXProject "VeryUsefulToolstoRemember" */;
			compatibilityVersion = "Xcode 9.3";
			developmentRegion = en;
			hasScannedForEncodings = 0;
			knownRegions = (
				en,
				Base,
				"pt-BR",
				es,
			);
			mainGroup = BF5F98D72593DFEB00E28356;
			productRefGroup = BF5F98E12593DFEB00E28356 /* Products */;
			projectDirPath = "";
			projectRoot = "";
			targets = (
				BF5F98DF2593DFEB00E28356 /* VeryUsefulToolstoRemember */,
				BF5F98F52593DFF200E28356 /* VeryUsefulToolstoRememberTests */,
			);
		};
/* End PBXProject section */

/* Begin PBXResourcesBuildPhase section */
		BF5F98DE2593DFEB00E28356 /* Resources */ = {
			isa = PBXResourcesBuildPhase;
			buildActionMask = 2147483647;
			files = (
				BF9A60142594029600BBE399 /* Localizable.strings in Resources */,
				BF5F98F02593DFF200E28356 /* LaunchScreen.storyboard in Resources */,
				BF5F99592593F7AD00E28356 /* SourceSansPro-SemiBold.ttf in Resources */,
				BF5F98ED2593DFF200E28356 /* Assets.xcassets in Resources */,
				BF5F99582593F7AD00E28356 /* SourceSansPro-Regular.ttf in Resources */,
			);
			runOnlyForDeploymentPostprocessing = 0;
		};
		BF5F98F42593DFF200E28356 /* Resources */ = {
			isa = PBXResourcesBuildPhase;
			buildActionMask = 2147483647;
			files = (
			);
			runOnlyForDeploymentPostprocessing = 0;
		};
/* End PBXResourcesBuildPhase section */

/* Begin PBXShellScriptBuildPhase section */
		3CD6229783DBAE1715A19C9E /* [CP] Check Pods Manifest.lock */ = {
			isa = PBXShellScriptBuildPhase;
			buildActionMask = 2147483647;
			files = (
			);
			inputFileListPaths = (
			);
			inputPaths = (
				"${PODS_PODFILE_DIR_PATH}/Podfile.lock",
				"${PODS_ROOT}/Manifest.lock",
			);
			name = "[CP] Check Pods Manifest.lock";
			outputFileListPaths = (
			);
			outputPaths = (
				"$(DERIVED_FILE_DIR)/Pods-VeryUsefulToolstoRemember-checkManifestLockResult.txt",
			);
			runOnlyForDeploymentPostprocessing = 0;
			shellPath = /bin/sh;
			shellScript = "diff \"${PODS_PODFILE_DIR_PATH}/Podfile.lock\" \"${PODS_ROOT}/Manifest.lock\" > /dev/null\nif [ $? != 0 ] ; then\n    # print error to STDERR\n    echo \"error: The sandbox is not in sync with the Podfile.lock. Run 'pod install' or update your CocoaPods installation.\" >&2\n    exit 1\nfi\n# This output is used by Xcode 'outputs' to avoid re-running this script phase.\necho \"SUCCESS\" > \"${SCRIPT_OUTPUT_FILE_0}\"\n";
			showEnvVarsInLog = 0;
		};
		A4BC2995EABAAA0F43F814C9 /* [CP] Check Pods Manifest.lock */ = {
			isa = PBXShellScriptBuildPhase;
			buildActionMask = 2147483647;
			files = (
			);
			inputFileListPaths = (
			);
			inputPaths = (
				"${PODS_PODFILE_DIR_PATH}/Podfile.lock",
				"${PODS_ROOT}/Manifest.lock",
			);
			name = "[CP] Check Pods Manifest.lock";
			outputFileListPaths = (
			);
			outputPaths = (
				"$(DERIVED_FILE_DIR)/Pods-VeryUsefulToolstoRememberTests-checkManifestLockResult.txt",
			);
			runOnlyForDeploymentPostprocessing = 0;
			shellPath = /bin/sh;
			shellScript = "diff \"${PODS_PODFILE_DIR_PATH}/Podfile.lock\" \"${PODS_ROOT}/Manifest.lock\" > /dev/null\nif [ $? != 0 ] ; then\n    # print error to STDERR\n    echo \"error: The sandbox is not in sync with the Podfile.lock. Run 'pod install' or update your CocoaPods installation.\" >&2\n    exit 1\nfi\n# This output is used by Xcode 'outputs' to avoid re-running this script phase.\necho \"SUCCESS\" > \"${SCRIPT_OUTPUT_FILE_0}\"\n";
			showEnvVarsInLog = 0;
		};
		E0123E1085B29F7ACC0096CE /* [CP] Embed Pods Frameworks */ = {
			isa = PBXShellScriptBuildPhase;
			buildActionMask = 2147483647;
			files = (
			);
			inputFileListPaths = (
				"${PODS_ROOT}/Target Support Files/Pods-VeryUsefulToolstoRememberTests/Pods-VeryUsefulToolstoRememberTests-frameworks-${CONFIGURATION}-input-files.xcfilelist",
			);
			name = "[CP] Embed Pods Frameworks";
			outputFileListPaths = (
				"${PODS_ROOT}/Target Support Files/Pods-VeryUsefulToolstoRememberTests/Pods-VeryUsefulToolstoRememberTests-frameworks-${CONFIGURATION}-output-files.xcfilelist",
			);
			runOnlyForDeploymentPostprocessing = 0;
			shellPath = /bin/sh;
			shellScript = "\"${PODS_ROOT}/Target Support Files/Pods-VeryUsefulToolstoRememberTests/Pods-VeryUsefulToolstoRememberTests-frameworks.sh\"\n";
			showEnvVarsInLog = 0;
		};
/* End PBXShellScriptBuildPhase section */

/* Begin PBXSourcesBuildPhase section */
		BF5F98DC2593DFEB00E28356 /* Sources */ = {
			isa = PBXSourcesBuildPhase;
			buildActionMask = 2147483647;
			files = (
				BFAA919125E6CF7B00C9936D /* UICollectionViewExtensions.swift in Sources */,
				BFAA918D25E6CDA300C9936D /* TagCell.swift in Sources */,
				BF5F99462593F0FF00E28356 /* HomeContentView.swift in Sources */,
				BF145C422594059700BBAA52 /* Strings.swift in Sources */,
				BF5F98E42593DFEB00E28356 /* AppDelegate.swift in Sources */,
				BFAA918725E6CA1200C9936D /* AlignedCollectionViewFlowLayout.swift in Sources */,
				BFA32515259A310D007BF348 /* CustomLoadingView.swift in Sources */,
				BF9A5FF12593F84000BBE399 /* UIFontExtensions.swift in Sources */,
				BF7EB24725ED861F004EA9AD /* GetUsefulToolsUseCase.swift in Sources */,
				BFE8ADFF25DF049F006ED5CA /* AddNewToolViewController.swift in Sources */,
				BF2C9BF425DDB8C300396C74 /* CustomTextField.swift in Sources */,
				BF5F99512593F5D400E28356 /* UIView+Autolayout.swift in Sources */,
				BF3140EF25E85F5100D5F766 /* HomePresenter.swift in Sources */,
				BFAA915825E5B5D500C9936D /* AddNewToolConfigurator.swift in Sources */,
				BF7EB24E25ED8911004EA9AD /* GetUsefulToolsUseCaseModels.swift in Sources */,
				BF3140EB25E85EE500D5F766 /* HomeInteractor.swift in Sources */,
				BFE8AE0625DF04D2006ED5CA /* AddNewToolContentView.swift in Sources */,
				BF8D067B25E0600E0045EAFE /* LayoutableButton.swift in Sources */,
				BFE8AE0E25DF11DF006ED5CA /* HomeConfigurator.swift in Sources */,
				BF489FCF25E5A93600F901B8 /* CustomTextView.swift in Sources */,
				BF9A5FF72593F8B100BBE399 /* Metrics.swift in Sources */,
				BFA3252C259A321D007BF348 /* UITableViewExtensions.swift in Sources */,
				BFA32536259A6652007BF348 /* HomeModels.swift in Sources */,
				BFF5AF4E259BEEC400BA97A5 /* UIImageExtensions.swift in Sources */,
				BF9A5FFF2593FC5700BBE399 /* UINavigationBarExtensions.swift in Sources */,
				BFA32531259A64AA007BF348 /* UIColorExtensions.swift in Sources */,
				BFA3250F259A30CE007BF348 /* UsefulToolCell.swift in Sources */,
				BFAA915425E5B45300C9936D /* AddNewToolRouter.swift in Sources */,
				BFA32527259A31A0007BF348 /* NSObjectExtensions.swift in Sources */,
				BF5F99402593F0D600E28356 /* HomeViewController.swift in Sources */,
				BF8D067725E05BDA0045EAFE /* ButtonLayoutStyles.swift in Sources */,
				BF8D067325E05B5F0045EAFE /* UIButton+Layout.swift in Sources */,
				BFA3253B259A6B12007BF348 /* UIViewExtensions.swift in Sources */,
				BFA3251A259A3138007BF348 /* CustomLoadingTableViewCell.swift in Sources */,
				BF5F994C2593F13C00E28356 /* ViewCode.swift in Sources */,
				BFE8AE0A25DF10A0006ED5CA /* HomeRouter.swift in Sources */,
			);
			runOnlyForDeploymentPostprocessing = 0;
		};
		BF5F98F22593DFF200E28356 /* Sources */ = {
			isa = PBXSourcesBuildPhase;
			buildActionMask = 2147483647;
			files = (
				BFAA916025E5B83100C9936D /* UIViewControllerSpy.swift in Sources */,
				BFAA917125E5BD0E00C9936D /* AddNewToolRouterDummy.swift in Sources */,
				BFAA916425E5BB1300C9936D /* AddNewToolConfiguratorTests.swift in Sources */,
				BF03B7B1259B6C9A00DF170A /* HomeContentViewTests.swift in Sources */,
				BFAA915C25E5B74F00C9936D /* HomeRouterTests.swift in Sources */,
				BF03B7B9259B6E8200DF170A /* UsefulToolCellTests.swift in Sources */,
				BFAA915025E5B37400C9936D /* CustomTextViewTests.swift in Sources */,
				BF2C9C1625DDCAA000396C74 /* HomeContentViewSpy.swift in Sources */,
				BF2C9BFD25DDC09500396C74 /* CustomTextFieldTests.swift in Sources */,
				BFE8AE2025DF14EA006ED5CA /* MirrorExtensions.swift in Sources */,
				BFAA916C25E5BC2800C9936D /* AddNewToolViewControllerTests.swift in Sources */,
				BFE8AE2625DF1620006ED5CA /* HomeRouterSpy.swift in Sources */,
				BFAA914825E5AF3B00C9936D /* AddNewToolContentViewTests.swift in Sources */,
				BF3140F925E8624800D5F766 /* HomeInteractorDummy.swift in Sources */,
				BFAA916825E5BB6E00C9936D /* AddNewToolRouterTests.swift in Sources */,
				BFAA917825E5BE3D00C9936D /* AddNewToolRouterSpy.swift in Sources */,
				BFE8AE1525DF1366006ED5CA /* HomeRouterDummy.swift in Sources */,
				BF2C9C0325DDC8D300396C74 /* HomeViewControllerTests.swift in Sources */,
				BFE8AE1B25DF143C006ED5CA /* HomeConfiguratorTests.swift in Sources */,
			);
			runOnlyForDeploymentPostprocessing = 0;
		};
/* End PBXSourcesBuildPhase section */

/* Begin PBXTargetDependency section */
		BF5F98F82593DFF200E28356 /* PBXTargetDependency */ = {
			isa = PBXTargetDependency;
			target = BF5F98DF2593DFEB00E28356 /* VeryUsefulToolstoRemember */;
			targetProxy = BF5F98F72593DFF200E28356 /* PBXContainerItemProxy */;
		};
/* End PBXTargetDependency section */

/* Begin PBXVariantGroup section */
		BF5F98EE2593DFF200E28356 /* LaunchScreen.storyboard */ = {
			isa = PBXVariantGroup;
			children = (
				BF5F98EF2593DFF200E28356 /* Base */,
				BF9A60032594022200BBE399 /* pt-BR */,
				BF9A601B259402C500BBE399 /* es */,
			);
			name = LaunchScreen.storyboard;
			sourceTree = "<group>";
		};
		BF9A60162594029600BBE399 /* Localizable.strings */ = {
			isa = PBXVariantGroup;
			children = (
				BF9A60152594029600BBE399 /* en */,
				BF9A601A2594029A00BBE399 /* pt-BR */,
				BF9A601C259402C500BBE399 /* es */,
			);
			name = Localizable.strings;
			sourceTree = "<group>";
		};
/* End PBXVariantGroup section */

/* Begin XCBuildConfiguration section */
		BF5F99082593DFF200E28356 /* Debug */ = {
			isa = XCBuildConfiguration;
			buildSettings = {
				ALWAYS_SEARCH_USER_PATHS = NO;
				CLANG_ANALYZER_LOCALIZABILITY_NONLOCALIZED = YES;
				CLANG_ANALYZER_NONNULL = YES;
				CLANG_ANALYZER_NUMBER_OBJECT_CONVERSION = YES_AGGRESSIVE;
				CLANG_CXX_LANGUAGE_STANDARD = "gnu++14";
				CLANG_CXX_LIBRARY = "libc++";
				CLANG_ENABLE_MODULES = YES;
				CLANG_ENABLE_OBJC_ARC = YES;
				CLANG_ENABLE_OBJC_WEAK = YES;
				CLANG_WARN_BLOCK_CAPTURE_AUTORELEASING = YES;
				CLANG_WARN_BOOL_CONVERSION = YES;
				CLANG_WARN_COMMA = YES;
				CLANG_WARN_CONSTANT_CONVERSION = YES;
				CLANG_WARN_DEPRECATED_OBJC_IMPLEMENTATIONS = YES;
				CLANG_WARN_DIRECT_OBJC_ISA_USAGE = YES_ERROR;
				CLANG_WARN_DOCUMENTATION_COMMENTS = YES;
				CLANG_WARN_EMPTY_BODY = YES;
				CLANG_WARN_ENUM_CONVERSION = YES;
				CLANG_WARN_INFINITE_RECURSION = YES;
				CLANG_WARN_INT_CONVERSION = YES;
				CLANG_WARN_NON_LITERAL_NULL_CONVERSION = YES;
				CLANG_WARN_OBJC_IMPLICIT_RETAIN_SELF = YES;
				CLANG_WARN_OBJC_LITERAL_CONVERSION = YES;
				CLANG_WARN_OBJC_ROOT_CLASS = YES_ERROR;
				CLANG_WARN_QUOTED_INCLUDE_IN_FRAMEWORK_HEADER = YES;
				CLANG_WARN_RANGE_LOOP_ANALYSIS = YES;
				CLANG_WARN_STRICT_PROTOTYPES = YES;
				CLANG_WARN_SUSPICIOUS_MOVE = YES;
				CLANG_WARN_UNGUARDED_AVAILABILITY = YES_AGGRESSIVE;
				CLANG_WARN_UNREACHABLE_CODE = YES;
				CLANG_WARN__DUPLICATE_METHOD_MATCH = YES;
				COPY_PHASE_STRIP = NO;
				DEBUG_INFORMATION_FORMAT = dwarf;
				ENABLE_STRICT_OBJC_MSGSEND = YES;
				ENABLE_TESTABILITY = YES;
				GCC_C_LANGUAGE_STANDARD = gnu11;
				GCC_DYNAMIC_NO_PIC = NO;
				GCC_NO_COMMON_BLOCKS = YES;
				GCC_OPTIMIZATION_LEVEL = 0;
				GCC_PREPROCESSOR_DEFINITIONS = (
					"DEBUG=1",
					"$(inherited)",
				);
				GCC_WARN_64_TO_32_BIT_CONVERSION = YES;
				GCC_WARN_ABOUT_RETURN_TYPE = YES_ERROR;
				GCC_WARN_UNDECLARED_SELECTOR = YES;
				GCC_WARN_UNINITIALIZED_AUTOS = YES_AGGRESSIVE;
				GCC_WARN_UNUSED_FUNCTION = YES;
				GCC_WARN_UNUSED_VARIABLE = YES;
				IPHONEOS_DEPLOYMENT_TARGET = 11.0;
				MTL_ENABLE_DEBUG_INFO = INCLUDE_SOURCE;
				MTL_FAST_MATH = YES;
				ONLY_ACTIVE_ARCH = YES;
				SDKROOT = iphoneos;
				SWIFT_ACTIVE_COMPILATION_CONDITIONS = DEBUG;
				SWIFT_OPTIMIZATION_LEVEL = "-Onone";
				SWIFT_VERSION = 5.0;
			};
			name = Debug;
		};
		BF5F99092593DFF200E28356 /* Release */ = {
			isa = XCBuildConfiguration;
			buildSettings = {
				ALWAYS_SEARCH_USER_PATHS = NO;
				CLANG_ANALYZER_LOCALIZABILITY_NONLOCALIZED = YES;
				CLANG_ANALYZER_NONNULL = YES;
				CLANG_ANALYZER_NUMBER_OBJECT_CONVERSION = YES_AGGRESSIVE;
				CLANG_CXX_LANGUAGE_STANDARD = "gnu++14";
				CLANG_CXX_LIBRARY = "libc++";
				CLANG_ENABLE_MODULES = YES;
				CLANG_ENABLE_OBJC_ARC = YES;
				CLANG_ENABLE_OBJC_WEAK = YES;
				CLANG_WARN_BLOCK_CAPTURE_AUTORELEASING = YES;
				CLANG_WARN_BOOL_CONVERSION = YES;
				CLANG_WARN_COMMA = YES;
				CLANG_WARN_CONSTANT_CONVERSION = YES;
				CLANG_WARN_DEPRECATED_OBJC_IMPLEMENTATIONS = YES;
				CLANG_WARN_DIRECT_OBJC_ISA_USAGE = YES_ERROR;
				CLANG_WARN_DOCUMENTATION_COMMENTS = YES;
				CLANG_WARN_EMPTY_BODY = YES;
				CLANG_WARN_ENUM_CONVERSION = YES;
				CLANG_WARN_INFINITE_RECURSION = YES;
				CLANG_WARN_INT_CONVERSION = YES;
				CLANG_WARN_NON_LITERAL_NULL_CONVERSION = YES;
				CLANG_WARN_OBJC_IMPLICIT_RETAIN_SELF = YES;
				CLANG_WARN_OBJC_LITERAL_CONVERSION = YES;
				CLANG_WARN_OBJC_ROOT_CLASS = YES_ERROR;
				CLANG_WARN_QUOTED_INCLUDE_IN_FRAMEWORK_HEADER = YES;
				CLANG_WARN_RANGE_LOOP_ANALYSIS = YES;
				CLANG_WARN_STRICT_PROTOTYPES = YES;
				CLANG_WARN_SUSPICIOUS_MOVE = YES;
				CLANG_WARN_UNGUARDED_AVAILABILITY = YES_AGGRESSIVE;
				CLANG_WARN_UNREACHABLE_CODE = YES;
				CLANG_WARN__DUPLICATE_METHOD_MATCH = YES;
				COPY_PHASE_STRIP = NO;
				DEBUG_INFORMATION_FORMAT = "dwarf-with-dsym";
				ENABLE_NS_ASSERTIONS = NO;
				ENABLE_STRICT_OBJC_MSGSEND = YES;
				GCC_C_LANGUAGE_STANDARD = gnu11;
				GCC_NO_COMMON_BLOCKS = YES;
				GCC_WARN_64_TO_32_BIT_CONVERSION = YES;
				GCC_WARN_ABOUT_RETURN_TYPE = YES_ERROR;
				GCC_WARN_UNDECLARED_SELECTOR = YES;
				GCC_WARN_UNINITIALIZED_AUTOS = YES_AGGRESSIVE;
				GCC_WARN_UNUSED_FUNCTION = YES;
				GCC_WARN_UNUSED_VARIABLE = YES;
				IPHONEOS_DEPLOYMENT_TARGET = 11.0;
				MTL_ENABLE_DEBUG_INFO = NO;
				MTL_FAST_MATH = YES;
				SDKROOT = iphoneos;
				SWIFT_COMPILATION_MODE = wholemodule;
				SWIFT_OPTIMIZATION_LEVEL = "-O";
				SWIFT_VERSION = 5.0;
				VALIDATE_PRODUCT = YES;
			};
			name = Release;
		};
		BF5F990B2593DFF200E28356 /* Debug */ = {
			isa = XCBuildConfiguration;
			baseConfigurationReference = 8B7A3B9CE9E37CFBA77BE35D /* Pods-VeryUsefulToolstoRemember.debug.xcconfig */;
			buildSettings = {
				ASSETCATALOG_COMPILER_APPICON_NAME = AppIcon;
				ASSETCATALOG_COMPILER_GLOBAL_ACCENT_COLOR_NAME = AccentColor;
				CODE_SIGN_STYLE = Automatic;
				DEVELOPMENT_TEAM = ZR4HDJL2Y8;
				INFOPLIST_FILE = VeryUsefulToolstoRemember/Info.plist;
				IPHONEOS_DEPLOYMENT_TARGET = 11.0;
				LD_RUNPATH_SEARCH_PATHS = (
					"$(inherited)",
					"@executable_path/Frameworks",
				);
				PRODUCT_BUNDLE_IDENTIFIER = com.ana.VeryUsefulToolstoRemember;
				PRODUCT_NAME = "$(TARGET_NAME)";
				SWIFT_VERSION = 5.0;
				TARGETED_DEVICE_FAMILY = 1;
			};
			name = Debug;
		};
		BF5F990C2593DFF200E28356 /* Release */ = {
			isa = XCBuildConfiguration;
			baseConfigurationReference = C399281D9994363B194483F3 /* Pods-VeryUsefulToolstoRemember.release.xcconfig */;
			buildSettings = {
				ASSETCATALOG_COMPILER_APPICON_NAME = AppIcon;
				ASSETCATALOG_COMPILER_GLOBAL_ACCENT_COLOR_NAME = AccentColor;
				CODE_SIGN_STYLE = Automatic;
				DEVELOPMENT_TEAM = ZR4HDJL2Y8;
				INFOPLIST_FILE = VeryUsefulToolstoRemember/Info.plist;
				IPHONEOS_DEPLOYMENT_TARGET = 11.0;
				LD_RUNPATH_SEARCH_PATHS = (
					"$(inherited)",
					"@executable_path/Frameworks",
				);
				PRODUCT_BUNDLE_IDENTIFIER = com.ana.VeryUsefulToolstoRemember;
				PRODUCT_NAME = "$(TARGET_NAME)";
				SWIFT_VERSION = 5.0;
				TARGETED_DEVICE_FAMILY = 1;
			};
			name = Release;
		};
		BF5F990E2593DFF200E28356 /* Debug */ = {
			isa = XCBuildConfiguration;
			baseConfigurationReference = ECAF33C5A296DCBBC19DE99D /* Pods-VeryUsefulToolstoRememberTests.debug.xcconfig */;
			buildSettings = {
				ALWAYS_EMBED_SWIFT_STANDARD_LIBRARIES = YES;
				BUNDLE_LOADER = "$(TEST_HOST)";
				CODE_SIGN_STYLE = Automatic;
				DEVELOPMENT_TEAM = ZR4HDJL2Y8;
				INFOPLIST_FILE = VeryUsefulToolstoRememberTests/Info.plist;
				IPHONEOS_DEPLOYMENT_TARGET = 11.0;
				LD_RUNPATH_SEARCH_PATHS = (
					"$(inherited)",
					"@executable_path/Frameworks",
					"@loader_path/Frameworks",
				);
				PRODUCT_BUNDLE_IDENTIFIER = com.ana.VeryUsefulToolstoRememberTests;
				PRODUCT_NAME = "$(TARGET_NAME)";
				SWIFT_VERSION = 5.0;
				TARGETED_DEVICE_FAMILY = "1,2";
				TEST_HOST = "$(BUILT_PRODUCTS_DIR)/VeryUsefulToolstoRemember.app/VeryUsefulToolstoRemember";
			};
			name = Debug;
		};
		BF5F990F2593DFF200E28356 /* Release */ = {
			isa = XCBuildConfiguration;
			baseConfigurationReference = 15C4DB8D4EC186AF794EB4F3 /* Pods-VeryUsefulToolstoRememberTests.release.xcconfig */;
			buildSettings = {
				ALWAYS_EMBED_SWIFT_STANDARD_LIBRARIES = YES;
				BUNDLE_LOADER = "$(TEST_HOST)";
				CODE_SIGN_STYLE = Automatic;
				DEVELOPMENT_TEAM = ZR4HDJL2Y8;
				INFOPLIST_FILE = VeryUsefulToolstoRememberTests/Info.plist;
				IPHONEOS_DEPLOYMENT_TARGET = 11.0;
				LD_RUNPATH_SEARCH_PATHS = (
					"$(inherited)",
					"@executable_path/Frameworks",
					"@loader_path/Frameworks",
				);
				PRODUCT_BUNDLE_IDENTIFIER = com.ana.VeryUsefulToolstoRememberTests;
				PRODUCT_NAME = "$(TARGET_NAME)";
				SWIFT_VERSION = 5.0;
				TARGETED_DEVICE_FAMILY = "1,2";
				TEST_HOST = "$(BUILT_PRODUCTS_DIR)/VeryUsefulToolstoRemember.app/VeryUsefulToolstoRemember";
			};
			name = Release;
		};
/* End XCBuildConfiguration section */

/* Begin XCConfigurationList section */
		BF5F98DB2593DFEB00E28356 /* Build configuration list for PBXProject "VeryUsefulToolstoRemember" */ = {
			isa = XCConfigurationList;
			buildConfigurations = (
				BF5F99082593DFF200E28356 /* Debug */,
				BF5F99092593DFF200E28356 /* Release */,
			);
			defaultConfigurationIsVisible = 0;
			defaultConfigurationName = Release;
		};
		BF5F990A2593DFF200E28356 /* Build configuration list for PBXNativeTarget "VeryUsefulToolstoRemember" */ = {
			isa = XCConfigurationList;
			buildConfigurations = (
				BF5F990B2593DFF200E28356 /* Debug */,
				BF5F990C2593DFF200E28356 /* Release */,
			);
			defaultConfigurationIsVisible = 0;
			defaultConfigurationName = Release;
		};
		BF5F990D2593DFF200E28356 /* Build configuration list for PBXNativeTarget "VeryUsefulToolstoRememberTests" */ = {
			isa = XCConfigurationList;
			buildConfigurations = (
				BF5F990E2593DFF200E28356 /* Debug */,
				BF5F990F2593DFF200E28356 /* Release */,
			);
			defaultConfigurationIsVisible = 0;
			defaultConfigurationName = Release;
		};
/* End XCConfigurationList section */
	};
	rootObject = BF5F98D82593DFEB00E28356 /* Project object */;
}
